{
  "version": 4,
  "terraform_version": "1.0.0",
  "serial": 132,
  "lineage": "a0a4c81f-7370-ea8f-9d54-9c4db01da889",
  "outputs": {
    "cluster_name": {
      "value": "kubernetes.dusanstojnic.com",
      "type": "string"
    },
    "master_autoscaling_group_ids": {
      "value": [
        "master-us-east-1a.masters.kubernetes.dusanstojnic.com"
      ],
      "type": [
        "tuple",
        [
          "string"
        ]
      ]
    },
    "master_security_group_ids": {
      "value": [
        "sg-0278482a11ff7410e"
      ],
      "type": [
        "tuple",
        [
          "string"
        ]
      ]
    },
    "masters_role_arn": {
      "value": "arn:aws:iam::601397153077:role/masters.kubernetes.dusanstojnic.com",
      "type": "string"
    },
    "masters_role_name": {
      "value": "masters.kubernetes.dusanstojnic.com",
      "type": "string"
    },
    "node_autoscaling_group_ids": {
      "value": [
        "nodes-us-east-1a.kubernetes.dusanstojnic.com",
        "nodes-us-east-1b.kubernetes.dusanstojnic.com",
        "nodes-us-east-1c.kubernetes.dusanstojnic.com"
      ],
      "type": [
        "tuple",
        [
          "string",
          "string",
          "string"
        ]
      ]
    },
    "node_security_group_ids": {
      "value": [
        "sg-08708a787e2b38a6a"
      ],
      "type": [
        "tuple",
        [
          "string"
        ]
      ]
    },
    "node_subnet_ids": {
      "value": [
        "subnet-0cdcb864a6b2975fc",
        "subnet-047eaeb1690731820",
        "subnet-05a68e55683c787e6"
      ],
      "type": [
        "tuple",
        [
          "string",
          "string",
          "string"
        ]
      ]
    },
    "nodes_role_arn": {
      "value": "arn:aws:iam::601397153077:role/nodes.kubernetes.dusanstojnic.com",
      "type": "string"
    },
    "nodes_role_name": {
      "value": "nodes.kubernetes.dusanstojnic.com",
      "type": "string"
    },
    "region": {
      "value": "us-east-1",
      "type": "string"
    },
    "route_table_public_id": {
      "value": "rtb-05910204f86c91f8e",
      "type": "string"
    },
    "subnet_us-east-1a_id": {
      "value": "subnet-0cdcb864a6b2975fc",
      "type": "string"
    },
    "subnet_us-east-1b_id": {
      "value": "subnet-047eaeb1690731820",
      "type": "string"
    },
    "subnet_us-east-1c_id": {
      "value": "subnet-05a68e55683c787e6",
      "type": "string"
    },
    "vpc_cidr_block": {
      "value": "172.20.0.0/16",
      "type": "string"
    },
    "vpc_id": {
      "value": "vpc-08e523136a07399e1",
      "type": "string"
    }
  },
  "resources": [
    {
      "mode": "managed",
      "type": "aws_autoscaling_group",
      "name": "master-us-east-1a-masters-kubernetes-dusanstojnic-com",
      "provider": "provider[\"registry.terraform.io/hashicorp/aws\"]",
      "instances": [
        {
          "schema_version": 0,
          "attributes": {
            "arn": "arn:aws:autoscaling:us-east-1:601397153077:autoScalingGroup:defc0365-9885-434e-a4f6-54813c0ed67f:autoScalingGroupName/master-us-east-1a.masters.kubernetes.dusanstojnic.com",
            "availability_zones": [
              "us-east-1a"
            ],
            "capacity_rebalance": false,
            "default_cooldown": 300,
            "desired_capacity": 1,
            "enabled_metrics": [
              "GroupDesiredCapacity",
              "GroupInServiceInstances",
              "GroupMaxSize",
              "GroupMinSize",
              "GroupPendingInstances",
              "GroupStandbyInstances",
              "GroupTerminatingInstances",
              "GroupTotalInstances"
            ],
            "force_delete": false,
            "force_delete_warm_pool": false,
            "health_check_grace_period": 300,
            "health_check_type": "EC2",
            "id": "master-us-east-1a.masters.kubernetes.dusanstojnic.com",
            "initial_lifecycle_hook": [],
            "instance_refresh": [],
            "launch_configuration": "",
            "launch_template": [
              {
                "id": "lt-05ac3b4f1d2a12c7f",
                "name": "master-us-east-1a.masters.kubernetes.dusanstojnic.com",
                "version": "1"
              }
            ],
            "load_balancers": null,
            "max_instance_lifetime": 0,
            "max_size": 1,
            "metrics_granularity": "1Minute",
            "min_elb_capacity": null,
            "min_size": 1,
            "mixed_instances_policy": [],
            "name": "master-us-east-1a.masters.kubernetes.dusanstojnic.com",
            "name_prefix": "",
            "placement_group": "",
            "protect_from_scale_in": false,
            "service_linked_role_arn": "arn:aws:iam::601397153077:role/aws-service-role/autoscaling.amazonaws.com/AWSServiceRoleForAutoScaling",
            "suspended_processes": null,
            "tag": [
              {
                "key": "KubernetesCluster",
                "propagate_at_launch": true,
                "value": "kubernetes.dusanstojnic.com"
              },
              {
                "key": "Name",
                "propagate_at_launch": true,
                "value": "master-us-east-1a.masters.kubernetes.dusanstojnic.com"
              },
              {
                "key": "k8s.io/cluster-autoscaler/node-template/label/kops.k8s.io/instancegroup",
                "propagate_at_launch": true,
                "value": "master-us-east-1a"
              },
              {
                "key": "k8s.io/cluster-autoscaler/node-template/label/kubernetes.io/role",
                "propagate_at_launch": true,
                "value": "master"
              },
              {
                "key": "k8s.io/cluster-autoscaler/node-template/label/node-role.kubernetes.io/control-plane",
                "propagate_at_launch": true,
                "value": ""
              },
              {
                "key": "k8s.io/cluster-autoscaler/node-template/label/node-role.kubernetes.io/master",
                "propagate_at_launch": true,
                "value": ""
              },
              {
                "key": "k8s.io/role/master",
                "propagate_at_launch": true,
                "value": "1"
              },
              {
                "key": "kops.k8s.io/instancegroup",
                "propagate_at_launch": true,
                "value": "master-us-east-1a"
              },
              {
                "key": "kubernetes.io/cluster/kubernetes.dusanstojnic.com",
                "propagate_at_launch": true,
                "value": "owned"
              }
            ],
            "tags": null,
            "target_group_arns": null,
            "termination_policies": null,
            "timeouts": null,
            "vpc_zone_identifier": [
              "subnet-0cdcb864a6b2975fc"
            ],
            "wait_for_capacity_timeout": "10m",
            "wait_for_elb_capacity": null,
            "warm_pool": []
          },
          "sensitive_attributes": [],
          "private": "eyJlMmJmYjczMC1lY2FhLTExZTYtOGY4OC0zNDM2M2JjN2M0YzAiOnsiZGVsZXRlIjo2MDAwMDAwMDAwMDB9fQ==",
          "dependencies": [
            "aws_iam_instance_profile.masters-kubernetes-dusanstojnic-com",
            "aws_iam_role.masters-kubernetes-dusanstojnic-com",
            "aws_key_pair.kubernetes-kubernetes-dusanstojnic-com-96381a26fc28ca2580d55acd7537021c",
            "aws_launch_template.master-us-east-1a-masters-kubernetes-dusanstojnic-com",
            "aws_security_group.masters-kubernetes-dusanstojnic-com",
            "aws_subnet.us-east-1a-kubernetes-dusanstojnic-com",
            "aws_vpc.kubernetes-dusanstojnic-com"
          ]
        }
      ]
    },
    {
      "mode": "managed",
      "type": "aws_autoscaling_group",
      "name": "nodes-us-east-1a-kubernetes-dusanstojnic-com",
      "provider": "provider[\"registry.terraform.io/hashicorp/aws\"]",
      "instances": [
        {
          "schema_version": 0,
          "attributes": {
            "arn": "arn:aws:autoscaling:us-east-1:601397153077:autoScalingGroup:c47c5b28-c2de-416b-b028-5c25d6b208c7:autoScalingGroupName/nodes-us-east-1a.kubernetes.dusanstojnic.com",
            "availability_zones": [
              "us-east-1a"
            ],
            "capacity_rebalance": false,
            "default_cooldown": 300,
            "desired_capacity": 1,
            "enabled_metrics": [
              "GroupDesiredCapacity",
              "GroupInServiceInstances",
              "GroupMaxSize",
              "GroupMinSize",
              "GroupPendingInstances",
              "GroupStandbyInstances",
              "GroupTerminatingInstances",
              "GroupTotalInstances"
            ],
            "force_delete": false,
            "force_delete_warm_pool": false,
            "health_check_grace_period": 300,
            "health_check_type": "EC2",
            "id": "nodes-us-east-1a.kubernetes.dusanstojnic.com",
            "initial_lifecycle_hook": [],
            "instance_refresh": [],
            "launch_configuration": "",
            "launch_template": [
              {
                "id": "lt-04047b4ccbbc1366b",
                "name": "nodes-us-east-1a.kubernetes.dusanstojnic.com",
                "version": "1"
              }
            ],
            "load_balancers": null,
            "max_instance_lifetime": 0,
            "max_size": 1,
            "metrics_granularity": "1Minute",
            "min_elb_capacity": null,
            "min_size": 1,
            "mixed_instances_policy": [],
            "name": "nodes-us-east-1a.kubernetes.dusanstojnic.com",
            "name_prefix": "",
            "placement_group": "",
            "protect_from_scale_in": false,
            "service_linked_role_arn": "arn:aws:iam::601397153077:role/aws-service-role/autoscaling.amazonaws.com/AWSServiceRoleForAutoScaling",
            "suspended_processes": null,
            "tag": [
              {
                "key": "KubernetesCluster",
                "propagate_at_launch": true,
                "value": "kubernetes.dusanstojnic.com"
              },
              {
                "key": "Name",
                "propagate_at_launch": true,
                "value": "nodes-us-east-1a.kubernetes.dusanstojnic.com"
              },
              {
                "key": "k8s.io/cluster-autoscaler/node-template/label/kops.k8s.io/instancegroup",
                "propagate_at_launch": true,
                "value": "nodes-us-east-1a"
              },
              {
                "key": "k8s.io/cluster-autoscaler/node-template/label/kubernetes.io/role",
                "propagate_at_launch": true,
                "value": "node"
              },
              {
                "key": "k8s.io/cluster-autoscaler/node-template/label/node-role.kubernetes.io/node",
                "propagate_at_launch": true,
                "value": ""
              },
              {
                "key": "k8s.io/role/node",
                "propagate_at_launch": true,
                "value": "1"
              },
              {
                "key": "kops.k8s.io/instancegroup",
                "propagate_at_launch": true,
                "value": "nodes-us-east-1a"
              },
              {
                "key": "kubernetes.io/cluster/kubernetes.dusanstojnic.com",
                "propagate_at_launch": true,
                "value": "owned"
              }
            ],
            "tags": null,
            "target_group_arns": null,
            "termination_policies": null,
            "timeouts": null,
            "vpc_zone_identifier": [
              "subnet-0cdcb864a6b2975fc"
            ],
            "wait_for_capacity_timeout": "10m",
            "wait_for_elb_capacity": null,
            "warm_pool": []
          },
          "sensitive_attributes": [],
          "private": "eyJlMmJmYjczMC1lY2FhLTExZTYtOGY4OC0zNDM2M2JjN2M0YzAiOnsiZGVsZXRlIjo2MDAwMDAwMDAwMDB9fQ==",
          "dependencies": [
            "aws_iam_instance_profile.nodes-kubernetes-dusanstojnic-com",
            "aws_iam_role.nodes-kubernetes-dusanstojnic-com",
            "aws_key_pair.kubernetes-kubernetes-dusanstojnic-com-96381a26fc28ca2580d55acd7537021c",
            "aws_launch_template.nodes-us-east-1a-kubernetes-dusanstojnic-com",
            "aws_security_group.nodes-kubernetes-dusanstojnic-com",
            "aws_subnet.us-east-1a-kubernetes-dusanstojnic-com",
            "aws_vpc.kubernetes-dusanstojnic-com"
          ]
        }
      ]
    },
    {
      "mode": "managed",
      "type": "aws_autoscaling_group",
      "name": "nodes-us-east-1b-kubernetes-dusanstojnic-com",
      "provider": "provider[\"registry.terraform.io/hashicorp/aws\"]",
      "instances": [
        {
          "schema_version": 0,
          "attributes": {
            "arn": "arn:aws:autoscaling:us-east-1:601397153077:autoScalingGroup:33ff1afc-4546-4cc8-9469-a1eee510245a:autoScalingGroupName/nodes-us-east-1b.kubernetes.dusanstojnic.com",
            "availability_zones": [
              "us-east-1b"
            ],
            "capacity_rebalance": false,
            "default_cooldown": 300,
            "desired_capacity": 0,
            "enabled_metrics": [
              "GroupDesiredCapacity",
              "GroupInServiceInstances",
              "GroupMaxSize",
              "GroupMinSize",
              "GroupPendingInstances",
              "GroupStandbyInstances",
              "GroupTerminatingInstances",
              "GroupTotalInstances"
            ],
            "force_delete": false,
            "force_delete_warm_pool": false,
            "health_check_grace_period": 300,
            "health_check_type": "EC2",
            "id": "nodes-us-east-1b.kubernetes.dusanstojnic.com",
            "initial_lifecycle_hook": [],
            "instance_refresh": [],
            "launch_configuration": "",
            "launch_template": [
              {
                "id": "lt-0713c5edc8b0c3136",
                "name": "nodes-us-east-1b.kubernetes.dusanstojnic.com",
                "version": "1"
              }
            ],
            "load_balancers": null,
            "max_instance_lifetime": 0,
            "max_size": 0,
            "metrics_granularity": "1Minute",
            "min_elb_capacity": null,
            "min_size": 0,
            "mixed_instances_policy": [],
            "name": "nodes-us-east-1b.kubernetes.dusanstojnic.com",
            "name_prefix": "",
            "placement_group": "",
            "protect_from_scale_in": false,
            "service_linked_role_arn": "arn:aws:iam::601397153077:role/aws-service-role/autoscaling.amazonaws.com/AWSServiceRoleForAutoScaling",
            "suspended_processes": null,
            "tag": [
              {
                "key": "KubernetesCluster",
                "propagate_at_launch": true,
                "value": "kubernetes.dusanstojnic.com"
              },
              {
                "key": "Name",
                "propagate_at_launch": true,
                "value": "nodes-us-east-1b.kubernetes.dusanstojnic.com"
              },
              {
                "key": "k8s.io/cluster-autoscaler/node-template/label/kops.k8s.io/instancegroup",
                "propagate_at_launch": true,
                "value": "nodes-us-east-1b"
              },
              {
                "key": "k8s.io/cluster-autoscaler/node-template/label/kubernetes.io/role",
                "propagate_at_launch": true,
                "value": "node"
              },
              {
                "key": "k8s.io/cluster-autoscaler/node-template/label/node-role.kubernetes.io/node",
                "propagate_at_launch": true,
                "value": ""
              },
              {
                "key": "k8s.io/role/node",
                "propagate_at_launch": true,
                "value": "1"
              },
              {
                "key": "kops.k8s.io/instancegroup",
                "propagate_at_launch": true,
                "value": "nodes-us-east-1b"
              },
              {
                "key": "kubernetes.io/cluster/kubernetes.dusanstojnic.com",
                "propagate_at_launch": true,
                "value": "owned"
              }
            ],
            "tags": null,
            "target_group_arns": null,
            "termination_policies": null,
            "timeouts": null,
            "vpc_zone_identifier": [
              "subnet-047eaeb1690731820"
            ],
            "wait_for_capacity_timeout": "10m",
            "wait_for_elb_capacity": null,
            "warm_pool": []
          },
          "sensitive_attributes": [],
          "private": "eyJlMmJmYjczMC1lY2FhLTExZTYtOGY4OC0zNDM2M2JjN2M0YzAiOnsiZGVsZXRlIjo2MDAwMDAwMDAwMDB9fQ==",
          "dependencies": [
            "aws_iam_instance_profile.nodes-kubernetes-dusanstojnic-com",
            "aws_iam_role.nodes-kubernetes-dusanstojnic-com",
            "aws_key_pair.kubernetes-kubernetes-dusanstojnic-com-96381a26fc28ca2580d55acd7537021c",
            "aws_launch_template.nodes-us-east-1b-kubernetes-dusanstojnic-com",
            "aws_security_group.nodes-kubernetes-dusanstojnic-com",
            "aws_subnet.us-east-1b-kubernetes-dusanstojnic-com",
            "aws_vpc.kubernetes-dusanstojnic-com"
          ]
        }
      ]
    },
    {
      "mode": "managed",
      "type": "aws_autoscaling_group",
      "name": "nodes-us-east-1c-kubernetes-dusanstojnic-com",
      "provider": "provider[\"registry.terraform.io/hashicorp/aws\"]",
      "instances": [
        {
          "schema_version": 0,
          "attributes": {
            "arn": "arn:aws:autoscaling:us-east-1:601397153077:autoScalingGroup:8a1a0f51-d3bf-439b-8a20-a62e4adc1a1b:autoScalingGroupName/nodes-us-east-1c.kubernetes.dusanstojnic.com",
            "availability_zones": [
              "us-east-1c"
            ],
            "capacity_rebalance": false,
            "default_cooldown": 300,
            "desired_capacity": 0,
            "enabled_metrics": [
              "GroupDesiredCapacity",
              "GroupInServiceInstances",
              "GroupMaxSize",
              "GroupMinSize",
              "GroupPendingInstances",
              "GroupStandbyInstances",
              "GroupTerminatingInstances",
              "GroupTotalInstances"
            ],
            "force_delete": false,
            "force_delete_warm_pool": false,
            "health_check_grace_period": 300,
            "health_check_type": "EC2",
            "id": "nodes-us-east-1c.kubernetes.dusanstojnic.com",
            "initial_lifecycle_hook": [],
            "instance_refresh": [],
            "launch_configuration": "",
            "launch_template": [
              {
                "id": "lt-06082647e3501f90a",
                "name": "nodes-us-east-1c.kubernetes.dusanstojnic.com",
                "version": "1"
              }
            ],
            "load_balancers": null,
            "max_instance_lifetime": 0,
            "max_size": 0,
            "metrics_granularity": "1Minute",
            "min_elb_capacity": null,
            "min_size": 0,
            "mixed_instances_policy": [],
            "name": "nodes-us-east-1c.kubernetes.dusanstojnic.com",
            "name_prefix": "",
            "placement_group": "",
            "protect_from_scale_in": false,
            "service_linked_role_arn": "arn:aws:iam::601397153077:role/aws-service-role/autoscaling.amazonaws.com/AWSServiceRoleForAutoScaling",
            "suspended_processes": null,
            "tag": [
              {
                "key": "KubernetesCluster",
                "propagate_at_launch": true,
                "value": "kubernetes.dusanstojnic.com"
              },
              {
                "key": "Name",
                "propagate_at_launch": true,
                "value": "nodes-us-east-1c.kubernetes.dusanstojnic.com"
              },
              {
                "key": "k8s.io/cluster-autoscaler/node-template/label/kops.k8s.io/instancegroup",
                "propagate_at_launch": true,
                "value": "nodes-us-east-1c"
              },
              {
                "key": "k8s.io/cluster-autoscaler/node-template/label/kubernetes.io/role",
                "propagate_at_launch": true,
                "value": "node"
              },
              {
                "key": "k8s.io/cluster-autoscaler/node-template/label/node-role.kubernetes.io/node",
                "propagate_at_launch": true,
                "value": ""
              },
              {
                "key": "k8s.io/role/node",
                "propagate_at_launch": true,
                "value": "1"
              },
              {
                "key": "kops.k8s.io/instancegroup",
                "propagate_at_launch": true,
                "value": "nodes-us-east-1c"
              },
              {
                "key": "kubernetes.io/cluster/kubernetes.dusanstojnic.com",
                "propagate_at_launch": true,
                "value": "owned"
              }
            ],
            "tags": null,
            "target_group_arns": null,
            "termination_policies": null,
            "timeouts": null,
            "vpc_zone_identifier": [
              "subnet-05a68e55683c787e6"
            ],
            "wait_for_capacity_timeout": "10m",
            "wait_for_elb_capacity": null,
            "warm_pool": []
          },
          "sensitive_attributes": [],
          "private": "eyJlMmJmYjczMC1lY2FhLTExZTYtOGY4OC0zNDM2M2JjN2M0YzAiOnsiZGVsZXRlIjo2MDAwMDAwMDAwMDB9fQ==",
          "dependencies": [
            "aws_iam_instance_profile.nodes-kubernetes-dusanstojnic-com",
            "aws_iam_role.nodes-kubernetes-dusanstojnic-com",
            "aws_key_pair.kubernetes-kubernetes-dusanstojnic-com-96381a26fc28ca2580d55acd7537021c",
            "aws_launch_template.nodes-us-east-1c-kubernetes-dusanstojnic-com",
            "aws_security_group.nodes-kubernetes-dusanstojnic-com",
            "aws_subnet.us-east-1c-kubernetes-dusanstojnic-com",
            "aws_vpc.kubernetes-dusanstojnic-com"
          ]
        }
      ]
    },
    {
      "mode": "managed",
      "type": "aws_ebs_volume",
      "name": "a-etcd-events-kubernetes-dusanstojnic-com",
      "provider": "provider[\"registry.terraform.io/hashicorp/aws\"]",
      "instances": [
        {
          "schema_version": 0,
          "attributes": {
            "arn": "arn:aws:ec2:us-east-1:601397153077:volume/vol-0341007e90950d153",
            "availability_zone": "us-east-1a",
            "encrypted": true,
            "id": "vol-0341007e90950d153",
            "iops": 3000,
            "kms_key_id": "arn:aws:kms:us-east-1:601397153077:key/c38636c4-971b-47d1-a122-72dfe00043d2",
            "multi_attach_enabled": false,
            "outpost_arn": "",
            "size": 20,
            "snapshot_id": "",
            "tags": {
              "KubernetesCluster": "kubernetes.dusanstojnic.com",
              "Name": "a.etcd-events.kubernetes.dusanstojnic.com",
              "k8s.io/etcd/events": "a/a",
              "k8s.io/role/master": "1",
              "kubernetes.io/cluster/kubernetes.dusanstojnic.com": "owned"
            },
            "tags_all": {
              "KubernetesCluster": "kubernetes.dusanstojnic.com",
              "Name": "a.etcd-events.kubernetes.dusanstojnic.com",
              "k8s.io/etcd/events": "a/a",
              "k8s.io/role/master": "1",
              "kubernetes.io/cluster/kubernetes.dusanstojnic.com": "owned"
            },
            "throughput": 125,
            "type": "gp3"
          },
          "sensitive_attributes": [],
          "private": "bnVsbA=="
        }
      ]
    },
    {
      "mode": "managed",
      "type": "aws_ebs_volume",
      "name": "a-etcd-main-kubernetes-dusanstojnic-com",
      "provider": "provider[\"registry.terraform.io/hashicorp/aws\"]",
      "instances": [
        {
          "schema_version": 0,
          "attributes": {
            "arn": "arn:aws:ec2:us-east-1:601397153077:volume/vol-01f5286c7204972ab",
            "availability_zone": "us-east-1a",
            "encrypted": true,
            "id": "vol-01f5286c7204972ab",
            "iops": 3000,
            "kms_key_id": "arn:aws:kms:us-east-1:601397153077:key/c38636c4-971b-47d1-a122-72dfe00043d2",
            "multi_attach_enabled": false,
            "outpost_arn": "",
            "size": 20,
            "snapshot_id": "",
            "tags": {
              "KubernetesCluster": "kubernetes.dusanstojnic.com",
              "Name": "a.etcd-main.kubernetes.dusanstojnic.com",
              "k8s.io/etcd/main": "a/a",
              "k8s.io/role/master": "1",
              "kubernetes.io/cluster/kubernetes.dusanstojnic.com": "owned"
            },
            "tags_all": {
              "KubernetesCluster": "kubernetes.dusanstojnic.com",
              "Name": "a.etcd-main.kubernetes.dusanstojnic.com",
              "k8s.io/etcd/main": "a/a",
              "k8s.io/role/master": "1",
              "kubernetes.io/cluster/kubernetes.dusanstojnic.com": "owned"
            },
            "throughput": 125,
            "type": "gp3"
          },
          "sensitive_attributes": [],
          "private": "bnVsbA=="
        }
      ]
    },
    {
      "mode": "managed",
      "type": "aws_iam_instance_profile",
      "name": "masters-kubernetes-dusanstojnic-com",
      "provider": "provider[\"registry.terraform.io/hashicorp/aws\"]",
      "instances": [
        {
          "schema_version": 0,
          "attributes": {
            "arn": "arn:aws:iam::601397153077:instance-profile/masters.kubernetes.dusanstojnic.com",
            "create_date": "2021-06-20T18:04:21Z",
            "id": "masters.kubernetes.dusanstojnic.com",
            "name": "masters.kubernetes.dusanstojnic.com",
            "name_prefix": null,
            "path": "/",
            "role": "masters.kubernetes.dusanstojnic.com",
            "tags": null,
            "tags_all": {},
            "unique_id": "AIPAYYBQQJU2XX22TJJ2M"
          },
          "sensitive_attributes": [],
          "private": "bnVsbA==",
          "dependencies": [
            "aws_iam_role.masters-kubernetes-dusanstojnic-com"
          ],
          "create_before_destroy": true
        }
      ]
    },
    {
      "mode": "managed",
      "type": "aws_iam_instance_profile",
      "name": "nodes-kubernetes-dusanstojnic-com",
      "provider": "provider[\"registry.terraform.io/hashicorp/aws\"]",
      "instances": [
        {
          "schema_version": 0,
          "attributes": {
            "arn": "arn:aws:iam::601397153077:instance-profile/nodes.kubernetes.dusanstojnic.com",
            "create_date": "2021-06-20T18:04:21Z",
            "id": "nodes.kubernetes.dusanstojnic.com",
            "name": "nodes.kubernetes.dusanstojnic.com",
            "name_prefix": null,
            "path": "/",
            "role": "nodes.kubernetes.dusanstojnic.com",
            "tags": null,
            "tags_all": {},
            "unique_id": "AIPAYYBQQJU24VEFRCIWO"
          },
          "sensitive_attributes": [],
          "private": "bnVsbA==",
          "dependencies": [
            "aws_iam_role.nodes-kubernetes-dusanstojnic-com"
          ],
          "create_before_destroy": true
        }
      ]
    },
    {
      "mode": "managed",
      "type": "aws_iam_role",
      "name": "masters-kubernetes-dusanstojnic-com",
      "provider": "provider[\"registry.terraform.io/hashicorp/aws\"]",
      "instances": [
        {
          "schema_version": 0,
          "attributes": {
            "arn": "arn:aws:iam::601397153077:role/masters.kubernetes.dusanstojnic.com",
            "assume_role_policy": "{\"Version\":\"2012-10-17\",\"Statement\":[{\"Effect\":\"Allow\",\"Principal\":{\"Service\":\"ec2.amazonaws.com\"},\"Action\":\"sts:AssumeRole\"}]}",
            "create_date": "2021-06-20T18:04:21Z",
            "description": "",
            "force_detach_policies": false,
            "id": "masters.kubernetes.dusanstojnic.com",
            "inline_policy": [
              {
                "name": "",
                "policy": ""
              }
            ],
            "managed_policy_arns": [],
            "max_session_duration": 3600,
            "name": "masters.kubernetes.dusanstojnic.com",
            "name_prefix": null,
            "path": "/",
            "permissions_boundary": null,
            "tags": {
              "KubernetesCluster": "kubernetes.dusanstojnic.com",
              "Name": "masters.kubernetes.dusanstojnic.com",
              "kubernetes.io/cluster/kubernetes.dusanstojnic.com": "owned"
            },
            "tags_all": {
              "KubernetesCluster": "kubernetes.dusanstojnic.com",
              "Name": "masters.kubernetes.dusanstojnic.com",
              "kubernetes.io/cluster/kubernetes.dusanstojnic.com": "owned"
            },
            "unique_id": "AROAYYBQQJU2V6CJ3AUYI"
          },
          "sensitive_attributes": [],
          "private": "bnVsbA==",
          "create_before_destroy": true
        }
      ]
    },
    {
      "mode": "managed",
      "type": "aws_iam_role",
      "name": "nodes-kubernetes-dusanstojnic-com",
      "provider": "provider[\"registry.terraform.io/hashicorp/aws\"]",
      "instances": [
        {
          "schema_version": 0,
          "attributes": {
            "arn": "arn:aws:iam::601397153077:role/nodes.kubernetes.dusanstojnic.com",
            "assume_role_policy": "{\"Version\":\"2012-10-17\",\"Statement\":[{\"Effect\":\"Allow\",\"Principal\":{\"Service\":\"ec2.amazonaws.com\"},\"Action\":\"sts:AssumeRole\"}]}",
            "create_date": "2021-06-20T18:04:21Z",
            "description": "",
            "force_detach_policies": false,
            "id": "nodes.kubernetes.dusanstojnic.com",
            "inline_policy": [
              {
                "name": "",
                "policy": ""
              }
            ],
            "managed_policy_arns": [],
            "max_session_duration": 3600,
            "name": "nodes.kubernetes.dusanstojnic.com",
            "name_prefix": null,
            "path": "/",
            "permissions_boundary": null,
            "tags": {
              "KubernetesCluster": "kubernetes.dusanstojnic.com",
              "Name": "nodes.kubernetes.dusanstojnic.com",
              "kubernetes.io/cluster/kubernetes.dusanstojnic.com": "owned"
            },
            "tags_all": {
              "KubernetesCluster": "kubernetes.dusanstojnic.com",
              "Name": "nodes.kubernetes.dusanstojnic.com",
              "kubernetes.io/cluster/kubernetes.dusanstojnic.com": "owned"
            },
            "unique_id": "AROAYYBQQJU2YGBZCAE3J"
          },
          "sensitive_attributes": [],
          "private": "bnVsbA==",
          "create_before_destroy": true
        }
      ]
    },
    {
      "mode": "managed",
      "type": "aws_iam_role_policy",
      "name": "masters-kubernetes-dusanstojnic-com",
      "provider": "provider[\"registry.terraform.io/hashicorp/aws\"]",
      "instances": [
        {
          "schema_version": 0,
          "attributes": {
            "id": "masters.kubernetes.dusanstojnic.com:masters.kubernetes.dusanstojnic.com",
            "name": "masters.kubernetes.dusanstojnic.com",
            "name_prefix": null,
            "policy": "{\n  \"Statement\": [\n    {\n      \"Action\": [\n        \"ec2:DescribeAccountAttributes\",\n        \"ec2:DescribeInstances\",\n        \"ec2:DescribeInternetGateways\",\n        \"ec2:DescribeRegions\",\n        \"ec2:DescribeRouteTables\",\n        \"ec2:DescribeSecurityGroups\",\n        \"ec2:DescribeSubnets\",\n        \"ec2:DescribeVolumes\"\n      ],\n      \"Effect\": \"Allow\",\n      \"Resource\": [\n        \"*\"\n      ]\n    },\n    {\n      \"Action\": [\n        \"ec2:CreateSecurityGroup\",\n        \"ec2:CreateTags\",\n        \"ec2:CreateVolume\",\n        \"ec2:DescribeVolumesModifications\",\n        \"ec2:ModifyInstanceAttribute\",\n        \"ec2:ModifyVolume\"\n      ],\n      \"Effect\": \"Allow\",\n      \"Resource\": [\n        \"*\"\n      ]\n    },\n    {\n      \"Action\": [\n        \"ec2:AttachVolume\",\n        \"ec2:AuthorizeSecurityGroupIngress\",\n        \"ec2:CreateRoute\",\n        \"ec2:DeleteRoute\",\n        \"ec2:DeleteSecurityGroup\",\n        \"ec2:DeleteVolume\",\n        \"ec2:DetachVolume\",\n        \"ec2:RevokeSecurityGroupIngress\"\n      ],\n      \"Condition\": {\n        \"StringEquals\": {\n          \"ec2:ResourceTag/KubernetesCluster\": \"kubernetes.dusanstojnic.com\"\n        }\n      },\n      \"Effect\": \"Allow\",\n      \"Resource\": [\n        \"*\"\n      ]\n    },\n    {\n      \"Action\": [\n        \"autoscaling:DescribeAutoScalingGroups\",\n        \"autoscaling:DescribeLaunchConfigurations\",\n        \"autoscaling:DescribeTags\",\n        \"ec2:DescribeLaunchTemplateVersions\"\n      ],\n      \"Effect\": \"Allow\",\n      \"Resource\": [\n        \"*\"\n      ]\n    },\n    {\n      \"Action\": [\n        \"autoscaling:SetDesiredCapacity\",\n        \"autoscaling:TerminateInstanceInAutoScalingGroup\",\n        \"autoscaling:UpdateAutoScalingGroup\"\n      ],\n      \"Condition\": {\n        \"StringEquals\": {\n          \"autoscaling:ResourceTag/KubernetesCluster\": \"kubernetes.dusanstojnic.com\"\n        }\n      },\n      \"Effect\": \"Allow\",\n      \"Resource\": [\n        \"*\"\n      ]\n    },\n    {\n      \"Action\": [\n        \"elasticloadbalancing:AddTags\",\n        \"elasticloadbalancing:AttachLoadBalancerToSubnets\",\n        \"elasticloadbalancing:ApplySecurityGroupsToLoadBalancer\",\n        \"elasticloadbalancing:CreateLoadBalancer\",\n        \"elasticloadbalancing:CreateLoadBalancerPolicy\",\n        \"elasticloadbalancing:CreateLoadBalancerListeners\",\n        \"elasticloadbalancing:ConfigureHealthCheck\",\n        \"elasticloadbalancing:DeleteLoadBalancer\",\n        \"elasticloadbalancing:DeleteLoadBalancerListeners\",\n        \"elasticloadbalancing:DescribeLoadBalancers\",\n        \"elasticloadbalancing:DescribeLoadBalancerAttributes\",\n        \"elasticloadbalancing:DetachLoadBalancerFromSubnets\",\n        \"elasticloadbalancing:DeregisterInstancesFromLoadBalancer\",\n        \"elasticloadbalancing:ModifyLoadBalancerAttributes\",\n        \"elasticloadbalancing:RegisterInstancesWithLoadBalancer\",\n        \"elasticloadbalancing:SetLoadBalancerPoliciesForBackendServer\"\n      ],\n      \"Effect\": \"Allow\",\n      \"Resource\": [\n        \"*\"\n      ]\n    },\n    {\n      \"Action\": [\n        \"ec2:DescribeVpcs\",\n        \"elasticloadbalancing:AddTags\",\n        \"elasticloadbalancing:CreateListener\",\n        \"elasticloadbalancing:CreateTargetGroup\",\n        \"elasticloadbalancing:DeleteListener\",\n        \"elasticloadbalancing:DeleteTargetGroup\",\n        \"elasticloadbalancing:DeregisterTargets\",\n        \"elasticloadbalancing:DescribeListeners\",\n        \"elasticloadbalancing:DescribeLoadBalancerPolicies\",\n        \"elasticloadbalancing:DescribeTargetGroups\",\n        \"elasticloadbalancing:DescribeTargetHealth\",\n        \"elasticloadbalancing:ModifyListener\",\n        \"elasticloadbalancing:ModifyTargetGroup\",\n        \"elasticloadbalancing:RegisterTargets\",\n        \"elasticloadbalancing:SetLoadBalancerPoliciesOfListener\"\n      ],\n      \"Effect\": \"Allow\",\n      \"Resource\": [\n        \"*\"\n      ]\n    },\n    {\n      \"Action\": [\n        \"iam:ListServerCertificates\",\n        \"iam:GetServerCertificate\"\n      ],\n      \"Effect\": \"Allow\",\n      \"Resource\": [\n        \"*\"\n      ]\n    },\n    {\n      \"Action\": [\n        \"s3:Get*\"\n      ],\n      \"Effect\": \"Allow\",\n      \"Resource\": \"arn:aws:s3:::k8s-cluster-terraform-state-store/kubernetes.dusanstojnic.com/*\"\n    },\n    {\n      \"Action\": [\n        \"s3:GetObject\",\n        \"s3:DeleteObject\",\n        \"s3:DeleteObjectVersion\",\n        \"s3:PutObject\"\n      ],\n      \"Effect\": \"Allow\",\n      \"Resource\": \"arn:aws:s3:::k8s-cluster-terraform-state-store/kubernetes.dusanstojnic.com/backups/etcd/main/*\"\n    },\n    {\n      \"Action\": [\n        \"s3:GetObject\",\n        \"s3:DeleteObject\",\n        \"s3:DeleteObjectVersion\",\n        \"s3:PutObject\"\n      ],\n      \"Effect\": \"Allow\",\n      \"Resource\": \"arn:aws:s3:::k8s-cluster-terraform-state-store/kubernetes.dusanstojnic.com/backups/etcd/events/*\"\n    },\n    {\n      \"Action\": [\n        \"s3:GetBucketLocation\",\n        \"s3:GetEncryptionConfiguration\",\n        \"s3:ListBucket\",\n        \"s3:ListBucketVersions\"\n      ],\n      \"Effect\": \"Allow\",\n      \"Resource\": [\n        \"arn:aws:s3:::k8s-cluster-terraform-state-store\"\n      ]\n    },\n    {\n      \"Action\": [\n        \"route53:ChangeResourceRecordSets\",\n        \"route53:ListResourceRecordSets\",\n        \"route53:GetHostedZone\"\n      ],\n      \"Effect\": \"Allow\",\n      \"Resource\": [\n        \"arn:aws:route53:::hostedzone/ZVF01WKLI5TC0\"\n      ]\n    },\n    {\n      \"Action\": [\n        \"route53:GetChange\"\n      ],\n      \"Effect\": \"Allow\",\n      \"Resource\": [\n        \"arn:aws:route53:::change/*\"\n      ]\n    },\n    {\n      \"Action\": [\n        \"route53:ListHostedZones\"\n      ],\n      \"Effect\": \"Allow\",\n      \"Resource\": [\n        \"*\"\n      ]\n    },\n    {\n      \"Action\": [\n        \"ecr:GetAuthorizationToken\",\n        \"ecr:BatchCheckLayerAvailability\",\n        \"ecr:GetDownloadUrlForLayer\",\n        \"ecr:GetRepositoryPolicy\",\n        \"ecr:DescribeRepositories\",\n        \"ecr:ListImages\",\n        \"ecr:BatchGetImage\"\n      ],\n      \"Effect\": \"Allow\",\n      \"Resource\": [\n        \"*\"\n      ]\n    }\n  ],\n  \"Version\": \"2012-10-17\"\n}",
            "role": "masters.kubernetes.dusanstojnic.com"
          },
          "sensitive_attributes": [],
          "private": "bnVsbA==",
          "dependencies": [
            "aws_iam_role.masters-kubernetes-dusanstojnic-com"
          ]
        }
      ]
    },
    {
      "mode": "managed",
      "type": "aws_iam_role_policy",
      "name": "nodes-kubernetes-dusanstojnic-com",
      "provider": "provider[\"registry.terraform.io/hashicorp/aws\"]",
      "instances": [
        {
          "schema_version": 0,
          "attributes": {
            "id": "nodes.kubernetes.dusanstojnic.com:nodes.kubernetes.dusanstojnic.com",
            "name": "nodes.kubernetes.dusanstojnic.com",
            "name_prefix": null,
            "policy": "{\n  \"Statement\": [\n    {\n      \"Action\": [\n        \"ec2:DescribeInstances\",\n        \"ec2:DescribeRegions\"\n      ],\n      \"Effect\": \"Allow\",\n      \"Resource\": [\n        \"*\"\n      ]\n    },\n    {\n      \"Action\": [\n        \"s3:Get*\"\n      ],\n      \"Effect\": \"Allow\",\n      \"Resource\": [\n        \"arn:aws:s3:::k8s-cluster-terraform-state-store/kubernetes.dusanstojnic.com/addons/*\",\n        \"arn:aws:s3:::k8s-cluster-terraform-state-store/kubernetes.dusanstojnic.com/cluster.spec\",\n        \"arn:aws:s3:::k8s-cluster-terraform-state-store/kubernetes.dusanstojnic.com/config\",\n        \"arn:aws:s3:::k8s-cluster-terraform-state-store/kubernetes.dusanstojnic.com/instancegroup/*\",\n        \"arn:aws:s3:::k8s-cluster-terraform-state-store/kubernetes.dusanstojnic.com/pki/issued/*\",\n        \"arn:aws:s3:::k8s-cluster-terraform-state-store/kubernetes.dusanstojnic.com/pki/ssh/*\",\n        \"arn:aws:s3:::k8s-cluster-terraform-state-store/kubernetes.dusanstojnic.com/secrets/dockerconfig\"\n      ]\n    },\n    {\n      \"Action\": [\n        \"s3:GetBucketLocation\",\n        \"s3:GetEncryptionConfiguration\",\n        \"s3:ListBucket\",\n        \"s3:ListBucketVersions\"\n      ],\n      \"Effect\": \"Allow\",\n      \"Resource\": [\n        \"arn:aws:s3:::k8s-cluster-terraform-state-store\"\n      ]\n    },\n    {\n      \"Action\": [\n        \"ecr:GetAuthorizationToken\",\n        \"ecr:BatchCheckLayerAvailability\",\n        \"ecr:GetDownloadUrlForLayer\",\n        \"ecr:GetRepositoryPolicy\",\n        \"ecr:DescribeRepositories\",\n        \"ecr:ListImages\",\n        \"ecr:BatchGetImage\"\n      ],\n      \"Effect\": \"Allow\",\n      \"Resource\": [\n        \"*\"\n      ]\n    }\n  ],\n  \"Version\": \"2012-10-17\"\n}",
            "role": "nodes.kubernetes.dusanstojnic.com"
          },
          "sensitive_attributes": [],
          "private": "bnVsbA==",
          "dependencies": [
            "aws_iam_role.nodes-kubernetes-dusanstojnic-com"
          ]
        }
      ]
    },
    {
      "mode": "managed",
      "type": "aws_internet_gateway",
      "name": "kubernetes-dusanstojnic-com",
      "provider": "provider[\"registry.terraform.io/hashicorp/aws\"]",
      "instances": [
        {
          "schema_version": 0,
          "attributes": {
            "arn": "arn:aws:ec2:us-east-1:601397153077:internet-gateway/igw-02f517395d79951a3",
            "id": "igw-02f517395d79951a3",
            "owner_id": "601397153077",
            "tags": {
              "KubernetesCluster": "kubernetes.dusanstojnic.com",
              "Name": "kubernetes.dusanstojnic.com",
              "kubernetes.io/cluster/kubernetes.dusanstojnic.com": "owned"
            },
            "tags_all": {
              "KubernetesCluster": "kubernetes.dusanstojnic.com",
              "Name": "kubernetes.dusanstojnic.com",
              "kubernetes.io/cluster/kubernetes.dusanstojnic.com": "owned"
            },
            "vpc_id": "vpc-08e523136a07399e1"
          },
          "sensitive_attributes": [],
          "private": "bnVsbA==",
          "dependencies": [
            "aws_vpc.kubernetes-dusanstojnic-com"
          ]
        }
      ]
    },
    {
      "mode": "managed",
      "type": "aws_key_pair",
      "name": "kubernetes-kubernetes-dusanstojnic-com-96381a26fc28ca2580d55acd7537021c",
      "provider": "provider[\"registry.terraform.io/hashicorp/aws\"]",
      "instances": [
        {
          "schema_version": 1,
          "attributes": {
            "arn": "arn:aws:ec2:us-east-1:601397153077:key-pair/kubernetes.kubernetes.dusanstojnic.com-96:38:1a:26:fc:28:ca:25:80:d5:5a:cd:75:37:02:1c",
            "fingerprint": "17:a7:e1:1f:b0:dd:cb:d8:ff:05:b2:ca:87:c4:54:4d",
            "id": "kubernetes.kubernetes.dusanstojnic.com-96:38:1a:26:fc:28:ca:25:80:d5:5a:cd:75:37:02:1c",
            "key_name": "kubernetes.kubernetes.dusanstojnic.com-96:38:1a:26:fc:28:ca:25:80:d5:5a:cd:75:37:02:1c",
            "key_name_prefix": null,
            "key_pair_id": "key-06b41d8bb178658e0",
            "public_key": "ssh-rsa AAAAB3NzaC1yc2EAAAADAQABAAACAQDl3WIjusZom0OY1zZo1fBowFMU1Rf6fArEx2iAreHySp1rQrvq1GIyZuw9X93dCCDrVUGHWRhLqJXJvgoh23vRGKcnqSeWh/IOV4IW1EP5fOr/jJWcGsxX4+xB5madoKT1Vg/eaA+aZw58KmKcmNC0y0XKKygKXmAT93KcIvkeZgENe3sKhGM1IvrbuFsMwxGhiazBSfkNAn/KN8h9h9KOEVKBHbPeQ0zF5xDNBQCIUxvqvoDBPCmtpyyYu8g5WtP+ixi8IPBtJqFY9yy1cznHhqPhUcrfT0tKqAhed0jUMaSF6ckQUd/f3zVoeEyVHHAlOXE+p3u8u3WT+32CjrcALHcshf5xmCq8ze/l7gQamNH4o77nND1E3otMPYdV5Fc1P5LhNgARUjfW21eCbHNjN75PWZ9mn2uOFQiHqHDZm11pv2izNsLb3HyNw6EfrO0x5wsQpIcPNda572nD2STB5byd8MoaVJ9n/aVewbZTiEAegc/IHpmSu53/8K6PcmXbg68bLVVY+t8mpBdcNT+fLWIST70+3GHYPk4h4wrF7q1gYGUdW3OMMKXb53yvS8np73zx55weEPF6Yy4uL/Ye/mY2zEsoZs6bymESJ+LxwonhqOW/hMLLJB+d4YjjxYD1mxQNWYS6KEUx+RrgkpwSrkc7HbTmU8offWU/8sGdGQ== dusan.stojnic.1996@gmail.com",
            "tags": {
              "KubernetesCluster": "kubernetes.dusanstojnic.com",
              "Name": "kubernetes.dusanstojnic.com",
              "kubernetes.io/cluster/kubernetes.dusanstojnic.com": "owned"
            },
            "tags_all": {
              "KubernetesCluster": "kubernetes.dusanstojnic.com",
              "Name": "kubernetes.dusanstojnic.com",
              "kubernetes.io/cluster/kubernetes.dusanstojnic.com": "owned"
            }
          },
          "sensitive_attributes": [],
          "private": "eyJzY2hlbWFfdmVyc2lvbiI6IjEifQ==",
          "create_before_destroy": true
        }
      ]
    },
    {
      "mode": "managed",
      "type": "aws_launch_template",
      "name": "master-us-east-1a-masters-kubernetes-dusanstojnic-com",
      "provider": "provider[\"registry.terraform.io/hashicorp/aws\"]",
      "instances": [
        {
          "schema_version": 0,
          "attributes": {
            "arn": "arn:aws:ec2:us-east-1:601397153077:launch-template/lt-05ac3b4f1d2a12c7f",
            "block_device_mappings": [
              {
                "device_name": "/dev/sda1",
                "ebs": [
                  {
                    "delete_on_termination": "true",
                    "encrypted": "true",
                    "iops": 3000,
                    "kms_key_id": "",
                    "snapshot_id": "",
                    "throughput": 125,
                    "volume_size": 64,
                    "volume_type": "gp3"
                  }
                ],
                "no_device": "",
                "virtual_name": ""
              }
            ],
            "capacity_reservation_specification": [],
            "cpu_options": [],
            "credit_specification": [],
            "default_version": 1,
            "description": "",
            "disable_api_termination": false,
            "ebs_optimized": "",
            "elastic_gpu_specifications": [],
            "elastic_inference_accelerator": [],
            "enclave_options": [],
            "hibernation_options": [],
            "iam_instance_profile": [
              {
                "arn": "",
                "name": "masters.kubernetes.dusanstojnic.com"
              }
            ],
            "id": "lt-05ac3b4f1d2a12c7f",
            "image_id": "ami-0ddbdea833a8d2f0d",
            "instance_initiated_shutdown_behavior": "",
            "instance_market_options": [],
            "instance_type": "t2.medium",
            "kernel_id": "",
            "key_name": "kubernetes.kubernetes.dusanstojnic.com-96:38:1a:26:fc:28:ca:25:80:d5:5a:cd:75:37:02:1c",
            "latest_version": 1,
            "license_specification": [],
            "metadata_options": [
              {
                "http_endpoint": "enabled",
                "http_put_response_hop_limit": 1,
                "http_tokens": "optional"
              }
            ],
            "monitoring": [],
            "name": "master-us-east-1a.masters.kubernetes.dusanstojnic.com",
            "name_prefix": "",
            "network_interfaces": [
              {
                "associate_carrier_ip_address": "",
                "associate_public_ip_address": "true",
                "delete_on_termination": "true",
                "description": "",
                "device_index": 0,
                "interface_type": "",
                "ipv4_address_count": 0,
                "ipv4_addresses": null,
                "ipv6_address_count": 0,
                "ipv6_addresses": null,
                "network_interface_id": "",
                "private_ip_address": "",
                "security_groups": [
                  "sg-0278482a11ff7410e"
                ],
                "subnet_id": ""
              }
            ],
            "placement": [],
            "ram_disk_id": "",
            "security_group_names": null,
            "tag_specifications": [
              {
                "resource_type": "instance",
                "tags": {
                  "KubernetesCluster": "kubernetes.dusanstojnic.com",
                  "Name": "master-us-east-1a.masters.kubernetes.dusanstojnic.com",
                  "k8s.io/cluster-autoscaler/node-template/label/kops.k8s.io/instancegroup": "master-us-east-1a",
                  "k8s.io/cluster-autoscaler/node-template/label/kubernetes.io/role": "master",
                  "k8s.io/cluster-autoscaler/node-template/label/node-role.kubernetes.io/control-plane": "",
                  "k8s.io/cluster-autoscaler/node-template/label/node-role.kubernetes.io/master": "",
                  "k8s.io/role/master": "1",
                  "kops.k8s.io/instancegroup": "master-us-east-1a",
                  "kubernetes.io/cluster/kubernetes.dusanstojnic.com": "owned"
                }
              },
              {
                "resource_type": "volume",
                "tags": {
                  "KubernetesCluster": "kubernetes.dusanstojnic.com",
                  "Name": "master-us-east-1a.masters.kubernetes.dusanstojnic.com",
                  "k8s.io/cluster-autoscaler/node-template/label/kops.k8s.io/instancegroup": "master-us-east-1a",
                  "k8s.io/cluster-autoscaler/node-template/label/kubernetes.io/role": "master",
                  "k8s.io/cluster-autoscaler/node-template/label/node-role.kubernetes.io/control-plane": "",
                  "k8s.io/cluster-autoscaler/node-template/label/node-role.kubernetes.io/master": "",
                  "k8s.io/role/master": "1",
                  "kops.k8s.io/instancegroup": "master-us-east-1a",
                  "kubernetes.io/cluster/kubernetes.dusanstojnic.com": "owned"
                }
              }
            ],
            "tags": {
              "KubernetesCluster": "kubernetes.dusanstojnic.com",
              "Name": "master-us-east-1a.masters.kubernetes.dusanstojnic.com",
              "k8s.io/cluster-autoscaler/node-template/label/kops.k8s.io/instancegroup": "master-us-east-1a",
              "k8s.io/cluster-autoscaler/node-template/label/kubernetes.io/role": "master",
              "k8s.io/cluster-autoscaler/node-template/label/node-role.kubernetes.io/control-plane": "",
              "k8s.io/cluster-autoscaler/node-template/label/node-role.kubernetes.io/master": "",
              "k8s.io/role/master": "1",
              "kops.k8s.io/instancegroup": "master-us-east-1a",
              "kubernetes.io/cluster/kubernetes.dusanstojnic.com": "owned"
            },
            "tags_all": {
              "KubernetesCluster": "kubernetes.dusanstojnic.com",
              "Name": "master-us-east-1a.masters.kubernetes.dusanstojnic.com",
              "k8s.io/cluster-autoscaler/node-template/label/kops.k8s.io/instancegroup": "master-us-east-1a",
              "k8s.io/cluster-autoscaler/node-template/label/kubernetes.io/role": "master",
              "k8s.io/cluster-autoscaler/node-template/label/node-role.kubernetes.io/control-plane": "",
              "k8s.io/cluster-autoscaler/node-template/label/node-role.kubernetes.io/master": "",
              "k8s.io/role/master": "1",
              "kops.k8s.io/instancegroup": "master-us-east-1a",
              "kubernetes.io/cluster/kubernetes.dusanstojnic.com": "owned"
            },
            "update_default_version": null,
            "user_data": "IyEvYmluL2Jhc2gKc2V0IC1vIGVycmV4aXQKc2V0IC1vIG5vdW5zZXQKc2V0IC1vIHBpcGVmYWlsCgpOT0RFVVBfVVJMX0FNRDY0PWh0dHBzOi8vYXJ0aWZhY3RzLms4cy5pby9iaW5hcmllcy9rb3BzLzEuMjAuMi9saW51eC9hbWQ2NC9ub2RldXAsaHR0cHM6Ly9naXRodWIuY29tL2t1YmVybmV0ZXMva29wcy9yZWxlYXNlcy9kb3dubG9hZC92MS4yMC4yL25vZGV1cC1saW51eC1hbWQ2NCxodHRwczovL2t1YmV1cHYyLnMzLmFtYXpvbmF3cy5jb20va29wcy8xLjIwLjIvbGludXgvYW1kNjQvbm9kZXVwCk5PREVVUF9IQVNIX0FNRDY0PTdlODMwN2YwOTcxNGNjYzFmYmU4ZjUxNTA0OTJiMDgxZjAxOTYyMmI1YTEwYmI0YmI1NjcyZjkyMTg1MTI1MTkKTk9ERVVQX1VSTF9BUk02ND1odHRwczovL2FydGlmYWN0cy5rOHMuaW8vYmluYXJpZXMva29wcy8xLjIwLjIvbGludXgvYXJtNjQvbm9kZXVwLGh0dHBzOi8vZ2l0aHViLmNvbS9rdWJlcm5ldGVzL2tvcHMvcmVsZWFzZXMvZG93bmxvYWQvdjEuMjAuMi9ub2RldXAtbGludXgtYXJtNjQsaHR0cHM6Ly9rdWJldXB2Mi5zMy5hbWF6b25hd3MuY29tL2tvcHMvMS4yMC4yL2xpbnV4L2FybTY0L25vZGV1cApOT0RFVVBfSEFTSF9BUk02ND0wOTg2NTRmNjg4ODUxY2U4MDc4NTY1NzQ4ZjBhZjI0YjZkZWMzY2FmZjk2N2E5YzI4ODgzMTJhYzcyMDdjODhhCgpleHBvcnQgQVdTX1JFR0lPTj11cy1lYXN0LTEKCgoKCnN5c2N0bCAtdyBuZXQuaXB2NC50Y3Bfcm1lbT0nNDA5NiAxMjU4MjkxMiAxNjc3NzIxNicgfHwgdHJ1ZQoKCmZ1bmN0aW9uIGVuc3VyZS1pbnN0YWxsLWRpcigpIHsKICBJTlNUQUxMX0RJUj0iL29wdC9rb3BzIgogICMgT24gQ29udGFpbmVyT1MsIHdlIGluc3RhbGwgdW5kZXIgL3Zhci9saWIvdG9vbGJveDsgL29wdCBpcyBybyBhbmQgbm9leGVjCiAgaWYgW1sgLWQgL3Zhci9saWIvdG9vbGJveCBdXTsgdGhlbgogICAgSU5TVEFMTF9ESVI9Ii92YXIvbGliL3Rvb2xib3gva29wcyIKICBmaQogIG1rZGlyIC1wICR7SU5TVEFMTF9ESVJ9L2JpbgogIG1rZGlyIC1wICR7SU5TVEFMTF9ESVJ9L2NvbmYKICBjZCAke0lOU1RBTExfRElSfQp9CgojIFJldHJ5IGEgZG93bmxvYWQgdW50aWwgd2UgZ2V0IGl0LiBhcmdzOiBuYW1lLCBzaGEsIHVybDEsIHVybDIuLi4KZG93bmxvYWQtb3ItYnVzdCgpIHsKICBsb2NhbCAtciBmaWxlPSIkMSIKICBsb2NhbCAtciBoYXNoPSIkMiIKICBzaGlmdCAyCgogIHVybHM9KCAkKiApCiAgd2hpbGUgdHJ1ZTsgZG8KICAgIGZvciB1cmwgaW4gIiR7dXJsc1tAXX0iOyBkbwogICAgICBjb21tYW5kcz0oCiAgICAgICAgImN1cmwgLWYgLS1pcHY0IC0tY29tcHJlc3NlZCAtTG8gIiR7ZmlsZX0iIC0tY29ubmVjdC10aW1lb3V0IDIwIC0tcmV0cnkgNiAtLXJldHJ5LWRlbGF5IDEwIgogICAgICAgICJ3Z2V0IC0taW5ldDQtb25seSAtLWNvbXByZXNzaW9uPWF1dG8gLU8gIiR7ZmlsZX0iIC0tY29ubmVjdC10aW1lb3V0PTIwIC0tdHJpZXM9NiAtLXdhaXQ9MTAiCiAgICAgICAgImN1cmwgLWYgLS1pcHY0IC1MbyAiJHtmaWxlfSIgLS1jb25uZWN0LXRpbWVvdXQgMjAgLS1yZXRyeSA2IC0tcmV0cnktZGVsYXkgMTAiCiAgICAgICAgIndnZXQgLS1pbmV0NC1vbmx5IC1PICIke2ZpbGV9IiAtLWNvbm5lY3QtdGltZW91dD0yMCAtLXRyaWVzPTYgLS13YWl0PTEwIgogICAgICApCiAgICAgIGZvciBjbWQgaW4gIiR7Y29tbWFuZHNbQF19IjsgZG8KICAgICAgICBlY2hvICJBdHRlbXB0aW5nIGRvd25sb2FkIHdpdGg6ICR7Y21kfSB7dXJsfSIKICAgICAgICBpZiAhICgke2NtZH0gIiR7dXJsfSIpOyB0aGVuCiAgICAgICAgICBlY2hvICI9PSBEb3dubG9hZCBmYWlsZWQgd2l0aCAke2NtZH0gPT0iCiAgICAgICAgICBjb250aW51ZQogICAgICAgIGZpCiAgICAgICAgaWYgW1sgLW4gIiR7aGFzaH0iIF1dICYmICEgdmFsaWRhdGUtaGFzaCAiJHtmaWxlfSIgIiR7aGFzaH0iOyB0aGVuCiAgICAgICAgICBlY2hvICI9PSBIYXNoIHZhbGlkYXRpb24gb2YgJHt1cmx9IGZhaWxlZC4gUmV0cnlpbmcuID09IgogICAgICAgICAgcm0gLWYgIiR7ZmlsZX0iCiAgICAgICAgZWxzZQogICAgICAgICAgaWYgW1sgLW4gIiR7aGFzaH0iIF1dOyB0aGVuCiAgICAgICAgICAgIGVjaG8gIj09IERvd25sb2FkZWQgJHt1cmx9IChTSEExID0gJHtoYXNofSkgPT0iCiAgICAgICAgICBlbHNlCiAgICAgICAgICAgIGVjaG8gIj09IERvd25sb2FkZWQgJHt1cmx9ID09IgogICAgICAgICAgZmkKICAgICAgICAgIHJldHVybgogICAgICAgIGZpCiAgICAgIGRvbmUKICAgIGRvbmUKCiAgICBlY2hvICJBbGwgZG93bmxvYWRzIGZhaWxlZDsgc2xlZXBpbmcgYmVmb3JlIHJldHJ5aW5nIgogICAgc2xlZXAgNjAKICBkb25lCn0KCnZhbGlkYXRlLWhhc2goKSB7CiAgbG9jYWwgLXIgZmlsZT0iJDEiCiAgbG9jYWwgLXIgZXhwZWN0ZWQ9IiQyIgogIGxvY2FsIGFjdHVhbAoKICBhY3R1YWw9JChzaGEyNTZzdW0gJHtmaWxlfSB8IGF3ayAneyBwcmludCAkMSB9JykgfHwgdHJ1ZQogIGlmIFtbICIke2FjdHVhbH0iICE9ICIke2V4cGVjdGVkfSIgXV07IHRoZW4KICAgIGVjaG8gIj09ICR7ZmlsZX0gY29ycnVwdGVkLCBoYXNoICR7YWN0dWFsfSBkb2Vzbid0IG1hdGNoIGV4cGVjdGVkICR7ZXhwZWN0ZWR9ID09IgogICAgcmV0dXJuIDEKICBmaQp9CgpmdW5jdGlvbiBzcGxpdC1jb21tYXMoKSB7CiAgZWNobyAkMSB8IHRyICIsIiAiXG4iCn0KCmZ1bmN0aW9uIHRyeS1kb3dubG9hZC1yZWxlYXNlKCkgewogIGxvY2FsIC1yIG5vZGV1cF91cmxzPSggJChzcGxpdC1jb21tYXMgIiR7Tk9ERVVQX1VSTH0iKSApCiAgaWYgW1sgLW4gIiR7Tk9ERVVQX0hBU0g6LX0iIF1dOyB0aGVuCiAgICBsb2NhbCAtciBub2RldXBfaGFzaD0iJHtOT0RFVVBfSEFTSH0iCiAgZWxzZQogICMgVE9ETzogUmVtb3ZlPwogICAgZWNobyAiRG93bmxvYWRpbmcgc2hhMjU2IChub3QgZm91bmQgaW4gZW52KSIKICAgIGRvd25sb2FkLW9yLWJ1c3Qgbm9kZXVwLnNoYTI1NiAiIiAiJHtub2RldXBfdXJsc1tAXS8lLy5zaGEyNTZ9IgogICAgbG9jYWwgLXIgbm9kZXVwX2hhc2g9JChjYXQgbm9kZXVwLnNoYTI1NikKICBmaQoKICBlY2hvICJEb3dubG9hZGluZyBub2RldXAgKCR7bm9kZXVwX3VybHNbQF19KSIKICBkb3dubG9hZC1vci1idXN0IG5vZGV1cCAiJHtub2RldXBfaGFzaH0iICIke25vZGV1cF91cmxzW0BdfSIKCiAgY2htb2QgK3ggbm9kZXVwCn0KCmZ1bmN0aW9uIGRvd25sb2FkLXJlbGVhc2UoKSB7CiAgY2FzZSAiJCh1bmFtZSAtbSkiIGluCiAgeDg2XzY0KnxpPzg2XzY0KnxhbWQ2NCopCiAgICBOT0RFVVBfVVJMPSIke05PREVVUF9VUkxfQU1ENjR9IgogICAgTk9ERVVQX0hBU0g9IiR7Tk9ERVVQX0hBU0hfQU1ENjR9IgogICAgOzsKICBhYXJjaDY0Knxhcm02NCopCiAgICBOT0RFVVBfVVJMPSIke05PREVVUF9VUkxfQVJNNjR9IgogICAgTk9ERVVQX0hBU0g9IiR7Tk9ERVVQX0hBU0hfQVJNNjR9IgogICAgOzsKICAqKQogICAgZWNobyAiVW5zdXBwb3J0ZWQgaG9zdCBhcmNoOiAkKHVuYW1lIC1tKSIgPiYyCiAgICBleGl0IDEKICAgIDs7CiAgZXNhYwoKICAjIEluIGNhc2Ugb2YgZmFpbHVyZSBjaGVja2luZyBpbnRlZ3JpdHkgb2YgcmVsZWFzZSwgcmV0cnkuCiAgY2QgJHtJTlNUQUxMX0RJUn0vYmluCiAgdW50aWwgdHJ5LWRvd25sb2FkLXJlbGVhc2U7IGRvCiAgICBzbGVlcCAxNQogICAgZWNobyAiQ291bGRuJ3QgZG93bmxvYWQgcmVsZWFzZS4gUmV0cnlpbmcuLi4iCiAgZG9uZQoKICBlY2hvICJSdW5uaW5nIG5vZGV1cCIKICAjIFdlIGNhbid0IHJ1biBpbiB0aGUgZm9yZWdyb3VuZCBiZWNhdXNlIG9mIGh0dHBzOi8vZ2l0aHViLmNvbS9kb2NrZXIvZG9ja2VyL2lzc3Vlcy8yMzc5MwogICggY2QgJHtJTlNUQUxMX0RJUn0vYmluOyAuL25vZGV1cCAtLWluc3RhbGwtc3lzdGVtZC11bml0IC0tY29uZj0ke0lOU1RBTExfRElSfS9jb25mL2t1YmVfZW52LnlhbWwgLS12PTggICkKfQoKIyMjIyMjIyMjIyMjIyMjIyMjIyMjIyMjIyMjIyMjIyMjIyMjIyMjIyMjIyMjIyMjIyMjIyMjIyMjIyMjIyMjIyMjIyMjIyMjIyMjIyMjIyMjIyMjCgovYmluL3N5c3RlbWQtbWFjaGluZS1pZC1zZXR1cCB8fCBlY2hvICJmYWlsZWQgdG8gc2V0IHVwIGVuc3VyZSBtYWNoaW5lLWlkIGNvbmZpZ3VyZWQiCgplY2hvICI9PSBub2RldXAgbm9kZSBjb25maWcgc3RhcnRpbmcgPT0iCmVuc3VyZS1pbnN0YWxsLWRpcgoKY2F0ID4gY29uZi9jbHVzdGVyX3NwZWMueWFtbCA8PCAnX19FT0ZfQ0xVU1RFUl9TUEVDJwpjbG91ZENvbmZpZzoKICBtYW5hZ2VTdG9yYWdlQ2xhc3NlczogdHJ1ZQpjb250YWluZXJSdW50aW1lOiBjb250YWluZXJkCmNvbnRhaW5lcmQ6CiAgY29uZmlnT3ZlcnJpZGU6IHwKICAgIHZlcnNpb24gPSAyCgogICAgW3BsdWdpbnNdCgogICAgICBbcGx1Z2lucy4iaW8uY29udGFpbmVyZC5ncnBjLnYxLmNyaSJdCgogICAgICAgIFtwbHVnaW5zLiJpby5jb250YWluZXJkLmdycGMudjEuY3JpIi5jbmldCiAgICAgICAgICBjb25mX3RlbXBsYXRlID0gIi9ldGMvY29udGFpbmVyZC9jb25maWctY25pLnRlbXBsYXRlIgoKICAgICAgICBbcGx1Z2lucy4iaW8uY29udGFpbmVyZC5ncnBjLnYxLmNyaSIuY29udGFpbmVyZF0KCiAgICAgICAgICBbcGx1Z2lucy4iaW8uY29udGFpbmVyZC5ncnBjLnYxLmNyaSIuY29udGFpbmVyZC5ydW50aW1lc10KCiAgICAgICAgICAgIFtwbHVnaW5zLiJpby5jb250YWluZXJkLmdycGMudjEuY3JpIi5jb250YWluZXJkLnJ1bnRpbWVzLnJ1bmNdCiAgICAgICAgICAgICAgcnVudGltZV90eXBlID0gImlvLmNvbnRhaW5lcmQucnVuYy52MiIKCiAgICAgICAgICAgICAgW3BsdWdpbnMuImlvLmNvbnRhaW5lcmQuZ3JwYy52MS5jcmkiLmNvbnRhaW5lcmQucnVudGltZXMucnVuYy5vcHRpb25zXQogICAgICAgICAgICAgICAgU3lzdGVtZENncm91cCA9IHRydWUKICBsb2dMZXZlbDogaW5mbwogIHZlcnNpb246IDEuNC42CmRvY2tlcjoKICBza2lwSW5zdGFsbDogdHJ1ZQplbmNyeXB0aW9uQ29uZmlnOiBudWxsCmV0Y2RDbHVzdGVyczoKICBldmVudHM6CiAgICBjcHVSZXF1ZXN0OiAxMDBtCiAgICBtZW1vcnlSZXF1ZXN0OiAxMDBNaQogICAgdmVyc2lvbjogMy40LjEzCiAgbWFpbjoKICAgIGNwdVJlcXVlc3Q6IDIwMG0KICAgIG1lbW9yeVJlcXVlc3Q6IDEwME1pCiAgICB2ZXJzaW9uOiAzLjQuMTMKa3ViZUFQSVNlcnZlcjoKICBhbGxvd1ByaXZpbGVnZWQ6IHRydWUKICBhbm9ueW1vdXNBdXRoOiBmYWxzZQogIGFwaUF1ZGllbmNlczoKICAtIGt1YmVybmV0ZXMuc3ZjLmRlZmF1bHQKICBhcGlTZXJ2ZXJDb3VudDogMQogIGF1dGhvcml6YXRpb25Nb2RlOiBOb2RlLFJCQUMKICBiaW5kQWRkcmVzczogMC4wLjAuMAogIGNsb3VkUHJvdmlkZXI6IGF3cwogIGVuYWJsZUFkbWlzc2lvblBsdWdpbnM6CiAgLSBOYW1lc3BhY2VMaWZlY3ljbGUKICAtIExpbWl0UmFuZ2VyCiAgLSBTZXJ2aWNlQWNjb3VudAogIC0gUGVyc2lzdGVudFZvbHVtZUxhYmVsCiAgLSBEZWZhdWx0U3RvcmFnZUNsYXNzCiAgLSBEZWZhdWx0VG9sZXJhdGlvblNlY29uZHMKICAtIE11dGF0aW5nQWRtaXNzaW9uV2ViaG9vawogIC0gVmFsaWRhdGluZ0FkbWlzc2lvbldlYmhvb2sKICAtIE5vZGVSZXN0cmljdGlvbgogIC0gUmVzb3VyY2VRdW90YQogIGV0Y2RTZXJ2ZXJzOgogIC0gaHR0cDovLzEyNy4wLjAuMTo0MDAxCiAgZXRjZFNlcnZlcnNPdmVycmlkZXM6CiAgLSAvZXZlbnRzI2h0dHA6Ly8xMjcuMC4wLjE6NDAwMgogIGltYWdlOiBrOHMuZ2NyLmlvL2t1YmUtYXBpc2VydmVyOnYxLjIwLjcKICBrdWJlbGV0UHJlZmVycmVkQWRkcmVzc1R5cGVzOgogIC0gSW50ZXJuYWxJUAogIC0gSG9zdG5hbWUKICAtIEV4dGVybmFsSVAKICBsb2dMZXZlbDogMgogIHJlcXVlc3RoZWFkZXJBbGxvd2VkTmFtZXM6CiAgLSBhZ2dyZWdhdG9yCiAgcmVxdWVzdGhlYWRlckV4dHJhSGVhZGVyUHJlZml4ZXM6CiAgLSBYLVJlbW90ZS1FeHRyYS0KICByZXF1ZXN0aGVhZGVyR3JvdXBIZWFkZXJzOgogIC0gWC1SZW1vdGUtR3JvdXAKICByZXF1ZXN0aGVhZGVyVXNlcm5hbWVIZWFkZXJzOgogIC0gWC1SZW1vdGUtVXNlcgogIHNlY3VyZVBvcnQ6IDQ0MwogIHNlcnZpY2VBY2NvdW50SXNzdWVyOiBodHRwczovL2FwaS5pbnRlcm5hbC5rdWJlcm5ldGVzLmR1c2Fuc3Rvam5pYy5jb20KICBzZXJ2aWNlQWNjb3VudEpXS1NVUkk6IGh0dHBzOi8vYXBpLmludGVybmFsLmt1YmVybmV0ZXMuZHVzYW5zdG9qbmljLmNvbS9vcGVuaWQvdjEvandrcwogIHNlcnZpY2VDbHVzdGVySVBSYW5nZTogMTAwLjY0LjAuMC8xMwogIHN0b3JhZ2VCYWNrZW5kOiBldGNkMwprdWJlQ29udHJvbGxlck1hbmFnZXI6CiAgYWxsb2NhdGVOb2RlQ0lEUnM6IHRydWUKICBhdHRhY2hEZXRhY2hSZWNvbmNpbGVTeW5jUGVyaW9kOiAxbTBzCiAgY2xvdWRQcm92aWRlcjogYXdzCiAgY2x1c3RlckNJRFI6IDEwMC45Ni4wLjAvMTEKICBjbHVzdGVyTmFtZToga3ViZXJuZXRlcy5kdXNhbnN0b2puaWMuY29tCiAgY29uZmlndXJlQ2xvdWRSb3V0ZXM6IHRydWUKICBpbWFnZTogazhzLmdjci5pby9rdWJlLWNvbnRyb2xsZXItbWFuYWdlcjp2MS4yMC43CiAgbGVhZGVyRWxlY3Rpb246CiAgICBsZWFkZXJFbGVjdDogdHJ1ZQogIGxvZ0xldmVsOiAyCiAgdXNlU2VydmljZUFjY291bnRDcmVkZW50aWFsczogdHJ1ZQprdWJlUHJveHk6CiAgY2x1c3RlckNJRFI6IDEwMC45Ni4wLjAvMTEKICBjcHVSZXF1ZXN0OiAxMDBtCiAgaG9zdG5hbWVPdmVycmlkZTogJ0Bhd3MnCiAgaW1hZ2U6IGs4cy5nY3IuaW8va3ViZS1wcm94eTp2MS4yMC43CiAgbG9nTGV2ZWw6IDIKa3ViZVNjaGVkdWxlcjoKICBpbWFnZTogazhzLmdjci5pby9rdWJlLXNjaGVkdWxlcjp2MS4yMC43CiAgbGVhZGVyRWxlY3Rpb246CiAgICBsZWFkZXJFbGVjdDogdHJ1ZQogIGxvZ0xldmVsOiAyCmt1YmVsZXQ6CiAgYW5vbnltb3VzQXV0aDogZmFsc2UKICBjZ3JvdXBEcml2ZXI6IHN5c3RlbWQKICBjZ3JvdXBSb290OiAvCiAgY2xvdWRQcm92aWRlcjogYXdzCiAgY2x1c3RlckROUzogMTAwLjY0LjAuMTAKICBjbHVzdGVyRG9tYWluOiBjbHVzdGVyLmxvY2FsCiAgZW5hYmxlRGVidWdnaW5nSGFuZGxlcnM6IHRydWUKICBldmljdGlvbkhhcmQ6IG1lbW9yeS5hdmFpbGFibGU8MTAwTWksbm9kZWZzLmF2YWlsYWJsZTwxMCUsbm9kZWZzLmlub2Rlc0ZyZWU8NSUsaW1hZ2Vmcy5hdmFpbGFibGU8MTAlLGltYWdlZnMuaW5vZGVzRnJlZTw1JQogIGhvc3RuYW1lT3ZlcnJpZGU6ICdAYXdzJwogIGt1YmVjb25maWdQYXRoOiAvdmFyL2xpYi9rdWJlbGV0L2t1YmVjb25maWcKICBsb2dMZXZlbDogMgogIG5vbk1hc3F1ZXJhZGVDSURSOiAxMDAuNjQuMC4wLzEwCiAgcG9kTWFuaWZlc3RQYXRoOiAvZXRjL2t1YmVybmV0ZXMvbWFuaWZlc3RzCm1hc3Rlckt1YmVsZXQ6CiAgYW5vbnltb3VzQXV0aDogZmFsc2UKICBjZ3JvdXBEcml2ZXI6IHN5c3RlbWQKICBjZ3JvdXBSb290OiAvCiAgY2xvdWRQcm92aWRlcjogYXdzCiAgY2x1c3RlckROUzogMTAwLjY0LjAuMTAKICBjbHVzdGVyRG9tYWluOiBjbHVzdGVyLmxvY2FsCiAgZW5hYmxlRGVidWdnaW5nSGFuZGxlcnM6IHRydWUKICBldmljdGlvbkhhcmQ6IG1lbW9yeS5hdmFpbGFibGU8MTAwTWksbm9kZWZzLmF2YWlsYWJsZTwxMCUsbm9kZWZzLmlub2Rlc0ZyZWU8NSUsaW1hZ2Vmcy5hdmFpbGFibGU8MTAlLGltYWdlZnMuaW5vZGVzRnJlZTw1JQogIGhvc3RuYW1lT3ZlcnJpZGU6ICdAYXdzJwogIGt1YmVjb25maWdQYXRoOiAvdmFyL2xpYi9rdWJlbGV0L2t1YmVjb25maWcKICBsb2dMZXZlbDogMgogIG5vbk1hc3F1ZXJhZGVDSURSOiAxMDAuNjQuMC4wLzEwCiAgcG9kTWFuaWZlc3RQYXRoOiAvZXRjL2t1YmVybmV0ZXMvbWFuaWZlc3RzCiAgcmVnaXN0ZXJTY2hlZHVsYWJsZTogZmFsc2UKCl9fRU9GX0NMVVNURVJfU1BFQwoKY2F0ID4gY29uZi9pZ19zcGVjLnlhbWwgPDwgJ19fRU9GX0lHX1NQRUMnCnt9CgpfX0VPRl9JR19TUEVDCgpjYXQgPiBjb25mL2t1YmVfZW52LnlhbWwgPDwgJ19fRU9GX0tVQkVfRU5WJwpBc3NldHM6CiAgYW1kNjQ6CiAgLSBmOTZlZGE4MTBlYzRjOGY0MGY2NDU1ZWFhYjliZTQ2YThkMDk1OGQ3MmY4NDMyYjQ4YThhMGQ3YzUyODY3YzVmQGh0dHBzOi8vc3RvcmFnZS5nb29nbGVhcGlzLmNvbS9rdWJlcm5ldGVzLXJlbGVhc2UvcmVsZWFzZS92MS4yMC43L2Jpbi9saW51eC9hbWQ2NC9rdWJlbGV0CiAgLSAyZWEzMDA2YTY0ZDQ4NjU3YWM3MjIyM2EwMWM2ZGYwZTViODI3NzAzMjYzZjI1ODZkYTI4MDQ0ZWE5ZTk3ZGFmQGh0dHBzOi8vc3RvcmFnZS5nb29nbGVhcGlzLmNvbS9rdWJlcm5ldGVzLXJlbGVhc2UvcmVsZWFzZS92MS4yMC43L2Jpbi9saW51eC9hbWQ2NC9rdWJlY3RsCiAgLSA5Nzc4MjQ5MzJkNTY2N2M3YTM3YWE2YTNjYmJhNDAxMDBhNjg3M2U3YmQ5N2U4M2U4YmU4MzdlM2U3YWZkMGE4QGh0dHBzOi8vc3RvcmFnZS5nb29nbGVhcGlzLmNvbS9rOHMtYXJ0aWZhY3RzLWNuaS9yZWxlYXNlL3YwLjguNy9jbmktcGx1Z2lucy1saW51eC1hbWQ2NC12MC44LjcudGd6CiAgLSA2YWU0NzYzNTk4Yzk1ODNmOGI1MDYwNWYxOWQ2YzdlOWVmOTNjMjE2NzA2NDY1ZTczZGZjODRlZTZiNjNhMjM4QGh0dHBzOi8vZ2l0aHViLmNvbS9jb250YWluZXJkL2NvbnRhaW5lcmQvcmVsZWFzZXMvZG93bmxvYWQvdjEuNC42L2NyaS1jb250YWluZXJkLWNuaS0xLjQuNi1saW51eC1hbWQ2NC50YXIuZ3oKICBhcm02NDoKICAtIDc5YTFkYjAwMWI1MTk3MzI5NzU3OGI5Y2MyYmE1YThkNjg2ZWVhMjE2ZGZiZDEyNjQ5YzdmMDQxYzYyNDY3NWVAaHR0cHM6Ly9zdG9yYWdlLmdvb2dsZWFwaXMuY29tL2t1YmVybmV0ZXMtcmVsZWFzZS9yZWxlYXNlL3YxLjIwLjcvYmluL2xpbnV4L2FybTY0L2t1YmVsZXQKICAtIGEzYzhjNjQ4ODE0NWJhM2JjOGIyZDhhOGQ0NmQ2NTk5ZTlkNmMyZDMzOWEwM2QyNTgyMmI2ZDhiMDZkNjE2NDZAaHR0cHM6Ly9zdG9yYWdlLmdvb2dsZWFwaXMuY29tL2t1YmVybmV0ZXMtcmVsZWFzZS9yZWxlYXNlL3YxLjIwLjcvYmluL2xpbnV4L2FybTY0L2t1YmVjdGwKICAtIGFlMTNkN2I1YzA1YmQxODBlYTliNWI2OGY0NGJkYWE3YmZiNDEwMzRhMmVmMWQ2OGZkOGUxMjU5Nzk3ZDY0MmZAaHR0cHM6Ly9zdG9yYWdlLmdvb2dsZWFwaXMuY29tL2s4cy1hcnRpZmFjdHMtY25pL3JlbGVhc2UvdjAuOC43L2NuaS1wbHVnaW5zLWxpbnV4LWFybTY0LXYwLjguNy50Z3oKICAtIGJlOGM5YTVhMDZlYmVjOGZiMWQzNmU4NjdjZDAwZmI1Nzc3NzQ2YTk4MTJhMGNhZTI5NjY3NzhmZjg5OWM1MjVAaHR0cHM6Ly9kb3dubG9hZC5kb2NrZXIuY29tL2xpbnV4L3N0YXRpYy9zdGFibGUvYWFyY2g2NC9kb2NrZXItMjAuMTAuNy50Z3oKQ2x1c3Rlck5hbWU6IGt1YmVybmV0ZXMuZHVzYW5zdG9qbmljLmNvbQpDb25maWdCYXNlOiBzMzovL2s4cy1jbHVzdGVyLXRlcnJhZm9ybS1zdGF0ZS1zdG9yZS9rdWJlcm5ldGVzLmR1c2Fuc3Rvam5pYy5jb20KSW5zdGFuY2VHcm91cE5hbWU6IG1hc3Rlci11cy1lYXN0LTFhCkluc3RhbmNlR3JvdXBSb2xlOiBNYXN0ZXIKS3ViZWxldENvbmZpZzoKICBhbm9ueW1vdXNBdXRoOiBmYWxzZQogIGNncm91cERyaXZlcjogc3lzdGVtZAogIGNncm91cFJvb3Q6IC8KICBjbG91ZFByb3ZpZGVyOiBhd3MKICBjbHVzdGVyRE5TOiAxMDAuNjQuMC4xMAogIGNsdXN0ZXJEb21haW46IGNsdXN0ZXIubG9jYWwKICBlbmFibGVEZWJ1Z2dpbmdIYW5kbGVyczogdHJ1ZQogIGV2aWN0aW9uSGFyZDogbWVtb3J5LmF2YWlsYWJsZTwxMDBNaSxub2RlZnMuYXZhaWxhYmxlPDEwJSxub2RlZnMuaW5vZGVzRnJlZTw1JSxpbWFnZWZzLmF2YWlsYWJsZTwxMCUsaW1hZ2Vmcy5pbm9kZXNGcmVlPDUlCiAgaG9zdG5hbWVPdmVycmlkZTogJ0Bhd3MnCiAga3ViZWNvbmZpZ1BhdGg6IC92YXIvbGliL2t1YmVsZXQva3ViZWNvbmZpZwogIGxvZ0xldmVsOiAyCiAgbm9kZUxhYmVsczoKICAgIGtvcHMuazhzLmlvL2luc3RhbmNlZ3JvdXA6IG1hc3Rlci11cy1lYXN0LTFhCiAgICBrdWJlcm5ldGVzLmlvL3JvbGU6IG1hc3RlcgogICAgbm9kZS1yb2xlLmt1YmVybmV0ZXMuaW8vY29udHJvbC1wbGFuZTogIiIKICAgIG5vZGUtcm9sZS5rdWJlcm5ldGVzLmlvL21hc3RlcjogIiIKICBub25NYXNxdWVyYWRlQ0lEUjogMTAwLjY0LjAuMC8xMAogIHBvZE1hbmlmZXN0UGF0aDogL2V0Yy9rdWJlcm5ldGVzL21hbmlmZXN0cwogIHJlZ2lzdGVyU2NoZWR1bGFibGU6IGZhbHNlCmNoYW5uZWxzOgotIHMzOi8vazhzLWNsdXN0ZXItdGVycmFmb3JtLXN0YXRlLXN0b3JlL2t1YmVybmV0ZXMuZHVzYW5zdG9qbmljLmNvbS9hZGRvbnMvYm9vdHN0cmFwLWNoYW5uZWwueWFtbApldGNkTWFuaWZlc3RzOgotIHMzOi8vazhzLWNsdXN0ZXItdGVycmFmb3JtLXN0YXRlLXN0b3JlL2t1YmVybmV0ZXMuZHVzYW5zdG9qbmljLmNvbS9tYW5pZmVzdHMvZXRjZC9tYWluLnlhbWwKLSBzMzovL2s4cy1jbHVzdGVyLXRlcnJhZm9ybS1zdGF0ZS1zdG9yZS9rdWJlcm5ldGVzLmR1c2Fuc3Rvam5pYy5jb20vbWFuaWZlc3RzL2V0Y2QvZXZlbnRzLnlhbWwKcHJvdG9rdWJlSW1hZ2U6CiAgYW1kNjQ6CiAgICBoYXNoOiA2MjhlOTc4Y2M3MDA3ZDkwNzJhYzg2OTQ1NmJmOGJkNGFhZDZmNzE3NjkzMGRiZGM5M2I1YjljYjM3NTVlYjEwCiAgICBuYW1lOiBwcm90b2t1YmU6MS4yMC4yCiAgICBzb3VyY2VzOgogICAgLSBodHRwczovL2FydGlmYWN0cy5rOHMuaW8vYmluYXJpZXMva29wcy8xLjIwLjIvaW1hZ2VzL3Byb3Rva3ViZS1hbWQ2NC50YXIuZ3oKICAgIC0gaHR0cHM6Ly9naXRodWIuY29tL2t1YmVybmV0ZXMva29wcy9yZWxlYXNlcy9kb3dubG9hZC92MS4yMC4yL2ltYWdlcy1wcm90b2t1YmUtYW1kNjQudGFyLmd6CiAgICAtIGh0dHBzOi8va3ViZXVwdjIuczMuYW1hem9uYXdzLmNvbS9rb3BzLzEuMjAuMi9pbWFnZXMvcHJvdG9rdWJlLWFtZDY0LnRhci5negogIGFybTY0OgogICAgaGFzaDogYmQzZjc3NmQ3N2JjY2QzMzg4MWJlZWVlZmZmNzQzMWMxYWVhOGE3MjY4ZmM5ZWU4YjAxYzJiNWE1ZTc2NjkxYgogICAgbmFtZTogcHJvdG9rdWJlOjEuMjAuMgogICAgc291cmNlczoKICAgIC0gaHR0cHM6Ly9hcnRpZmFjdHMuazhzLmlvL2JpbmFyaWVzL2tvcHMvMS4yMC4yL2ltYWdlcy9wcm90b2t1YmUtYXJtNjQudGFyLmd6CiAgICAtIGh0dHBzOi8vZ2l0aHViLmNvbS9rdWJlcm5ldGVzL2tvcHMvcmVsZWFzZXMvZG93bmxvYWQvdjEuMjAuMi9pbWFnZXMtcHJvdG9rdWJlLWFybTY0LnRhci5negogICAgLSBodHRwczovL2t1YmV1cHYyLnMzLmFtYXpvbmF3cy5jb20va29wcy8xLjIwLjIvaW1hZ2VzL3Byb3Rva3ViZS1hcm02NC50YXIuZ3oKc3RhdGljTWFuaWZlc3RzOgotIGtleToga3ViZS1hcGlzZXJ2ZXItaGVhbHRoY2hlY2sKICBwYXRoOiBtYW5pZmVzdHMvc3RhdGljL2t1YmUtYXBpc2VydmVyLWhlYWx0aGNoZWNrLnlhbWwKCl9fRU9GX0tVQkVfRU5WCgpkb3dubG9hZC1yZWxlYXNlCmVjaG8gIj09IG5vZGV1cCBub2RlIGNvbmZpZyBkb25lID09Igo=",
            "vpc_security_group_ids": null
          },
          "sensitive_attributes": [],
          "private": "bnVsbA==",
          "dependencies": [
            "aws_iam_instance_profile.masters-kubernetes-dusanstojnic-com",
            "aws_iam_role.masters-kubernetes-dusanstojnic-com",
            "aws_key_pair.kubernetes-kubernetes-dusanstojnic-com-96381a26fc28ca2580d55acd7537021c",
            "aws_security_group.masters-kubernetes-dusanstojnic-com",
            "aws_vpc.kubernetes-dusanstojnic-com"
          ],
          "create_before_destroy": true
        }
      ]
    },
    {
      "mode": "managed",
      "type": "aws_launch_template",
      "name": "nodes-us-east-1a-kubernetes-dusanstojnic-com",
      "provider": "provider[\"registry.terraform.io/hashicorp/aws\"]",
      "instances": [
        {
          "schema_version": 0,
          "attributes": {
            "arn": "arn:aws:ec2:us-east-1:601397153077:launch-template/lt-04047b4ccbbc1366b",
            "block_device_mappings": [
              {
                "device_name": "/dev/sda1",
                "ebs": [
                  {
                    "delete_on_termination": "true",
                    "encrypted": "true",
                    "iops": 3000,
                    "kms_key_id": "",
                    "snapshot_id": "",
                    "throughput": 125,
                    "volume_size": 128,
                    "volume_type": "gp3"
                  }
                ],
                "no_device": "",
                "virtual_name": ""
              }
            ],
            "capacity_reservation_specification": [],
            "cpu_options": [],
            "credit_specification": [],
            "default_version": 1,
            "description": "",
            "disable_api_termination": false,
            "ebs_optimized": "",
            "elastic_gpu_specifications": [],
            "elastic_inference_accelerator": [],
            "enclave_options": [],
            "hibernation_options": [],
            "iam_instance_profile": [
              {
                "arn": "",
                "name": "nodes.kubernetes.dusanstojnic.com"
              }
            ],
            "id": "lt-04047b4ccbbc1366b",
            "image_id": "ami-0ddbdea833a8d2f0d",
            "instance_initiated_shutdown_behavior": "",
            "instance_market_options": [],
            "instance_type": "t2.medium",
            "kernel_id": "",
            "key_name": "kubernetes.kubernetes.dusanstojnic.com-96:38:1a:26:fc:28:ca:25:80:d5:5a:cd:75:37:02:1c",
            "latest_version": 1,
            "license_specification": [],
            "metadata_options": [
              {
                "http_endpoint": "enabled",
                "http_put_response_hop_limit": 1,
                "http_tokens": "optional"
              }
            ],
            "monitoring": [],
            "name": "nodes-us-east-1a.kubernetes.dusanstojnic.com",
            "name_prefix": "",
            "network_interfaces": [
              {
                "associate_carrier_ip_address": "",
                "associate_public_ip_address": "true",
                "delete_on_termination": "true",
                "description": "",
                "device_index": 0,
                "interface_type": "",
                "ipv4_address_count": 0,
                "ipv4_addresses": null,
                "ipv6_address_count": 0,
                "ipv6_addresses": null,
                "network_interface_id": "",
                "private_ip_address": "",
                "security_groups": [
                  "sg-08708a787e2b38a6a"
                ],
                "subnet_id": ""
              }
            ],
            "placement": [],
            "ram_disk_id": "",
            "security_group_names": null,
            "tag_specifications": [
              {
                "resource_type": "instance",
                "tags": {
                  "KubernetesCluster": "kubernetes.dusanstojnic.com",
                  "Name": "nodes-us-east-1a.kubernetes.dusanstojnic.com",
                  "k8s.io/cluster-autoscaler/node-template/label/kops.k8s.io/instancegroup": "nodes-us-east-1a",
                  "k8s.io/cluster-autoscaler/node-template/label/kubernetes.io/role": "node",
                  "k8s.io/cluster-autoscaler/node-template/label/node-role.kubernetes.io/node": "",
                  "k8s.io/role/node": "1",
                  "kops.k8s.io/instancegroup": "nodes-us-east-1a",
                  "kubernetes.io/cluster/kubernetes.dusanstojnic.com": "owned"
                }
              },
              {
                "resource_type": "volume",
                "tags": {
                  "KubernetesCluster": "kubernetes.dusanstojnic.com",
                  "Name": "nodes-us-east-1a.kubernetes.dusanstojnic.com",
                  "k8s.io/cluster-autoscaler/node-template/label/kops.k8s.io/instancegroup": "nodes-us-east-1a",
                  "k8s.io/cluster-autoscaler/node-template/label/kubernetes.io/role": "node",
                  "k8s.io/cluster-autoscaler/node-template/label/node-role.kubernetes.io/node": "",
                  "k8s.io/role/node": "1",
                  "kops.k8s.io/instancegroup": "nodes-us-east-1a",
                  "kubernetes.io/cluster/kubernetes.dusanstojnic.com": "owned"
                }
              }
            ],
            "tags": {
              "KubernetesCluster": "kubernetes.dusanstojnic.com",
              "Name": "nodes-us-east-1a.kubernetes.dusanstojnic.com",
              "k8s.io/cluster-autoscaler/node-template/label/kops.k8s.io/instancegroup": "nodes-us-east-1a",
              "k8s.io/cluster-autoscaler/node-template/label/kubernetes.io/role": "node",
              "k8s.io/cluster-autoscaler/node-template/label/node-role.kubernetes.io/node": "",
              "k8s.io/role/node": "1",
              "kops.k8s.io/instancegroup": "nodes-us-east-1a",
              "kubernetes.io/cluster/kubernetes.dusanstojnic.com": "owned"
            },
            "tags_all": {
              "KubernetesCluster": "kubernetes.dusanstojnic.com",
              "Name": "nodes-us-east-1a.kubernetes.dusanstojnic.com",
              "k8s.io/cluster-autoscaler/node-template/label/kops.k8s.io/instancegroup": "nodes-us-east-1a",
              "k8s.io/cluster-autoscaler/node-template/label/kubernetes.io/role": "node",
              "k8s.io/cluster-autoscaler/node-template/label/node-role.kubernetes.io/node": "",
              "k8s.io/role/node": "1",
              "kops.k8s.io/instancegroup": "nodes-us-east-1a",
              "kubernetes.io/cluster/kubernetes.dusanstojnic.com": "owned"
            },
            "update_default_version": null,
            "user_data": "IyEvYmluL2Jhc2gKc2V0IC1vIGVycmV4aXQKc2V0IC1vIG5vdW5zZXQKc2V0IC1vIHBpcGVmYWlsCgpOT0RFVVBfVVJMX0FNRDY0PWh0dHBzOi8vYXJ0aWZhY3RzLms4cy5pby9iaW5hcmllcy9rb3BzLzEuMjAuMi9saW51eC9hbWQ2NC9ub2RldXAsaHR0cHM6Ly9naXRodWIuY29tL2t1YmVybmV0ZXMva29wcy9yZWxlYXNlcy9kb3dubG9hZC92MS4yMC4yL25vZGV1cC1saW51eC1hbWQ2NCxodHRwczovL2t1YmV1cHYyLnMzLmFtYXpvbmF3cy5jb20va29wcy8xLjIwLjIvbGludXgvYW1kNjQvbm9kZXVwCk5PREVVUF9IQVNIX0FNRDY0PTdlODMwN2YwOTcxNGNjYzFmYmU4ZjUxNTA0OTJiMDgxZjAxOTYyMmI1YTEwYmI0YmI1NjcyZjkyMTg1MTI1MTkKTk9ERVVQX1VSTF9BUk02ND1odHRwczovL2FydGlmYWN0cy5rOHMuaW8vYmluYXJpZXMva29wcy8xLjIwLjIvbGludXgvYXJtNjQvbm9kZXVwLGh0dHBzOi8vZ2l0aHViLmNvbS9rdWJlcm5ldGVzL2tvcHMvcmVsZWFzZXMvZG93bmxvYWQvdjEuMjAuMi9ub2RldXAtbGludXgtYXJtNjQsaHR0cHM6Ly9rdWJldXB2Mi5zMy5hbWF6b25hd3MuY29tL2tvcHMvMS4yMC4yL2xpbnV4L2FybTY0L25vZGV1cApOT0RFVVBfSEFTSF9BUk02ND0wOTg2NTRmNjg4ODUxY2U4MDc4NTY1NzQ4ZjBhZjI0YjZkZWMzY2FmZjk2N2E5YzI4ODgzMTJhYzcyMDdjODhhCgpleHBvcnQgQVdTX1JFR0lPTj11cy1lYXN0LTEKCgoKCnN5c2N0bCAtdyBuZXQuaXB2NC50Y3Bfcm1lbT0nNDA5NiAxMjU4MjkxMiAxNjc3NzIxNicgfHwgdHJ1ZQoKCmZ1bmN0aW9uIGVuc3VyZS1pbnN0YWxsLWRpcigpIHsKICBJTlNUQUxMX0RJUj0iL29wdC9rb3BzIgogICMgT24gQ29udGFpbmVyT1MsIHdlIGluc3RhbGwgdW5kZXIgL3Zhci9saWIvdG9vbGJveDsgL29wdCBpcyBybyBhbmQgbm9leGVjCiAgaWYgW1sgLWQgL3Zhci9saWIvdG9vbGJveCBdXTsgdGhlbgogICAgSU5TVEFMTF9ESVI9Ii92YXIvbGliL3Rvb2xib3gva29wcyIKICBmaQogIG1rZGlyIC1wICR7SU5TVEFMTF9ESVJ9L2JpbgogIG1rZGlyIC1wICR7SU5TVEFMTF9ESVJ9L2NvbmYKICBjZCAke0lOU1RBTExfRElSfQp9CgojIFJldHJ5IGEgZG93bmxvYWQgdW50aWwgd2UgZ2V0IGl0LiBhcmdzOiBuYW1lLCBzaGEsIHVybDEsIHVybDIuLi4KZG93bmxvYWQtb3ItYnVzdCgpIHsKICBsb2NhbCAtciBmaWxlPSIkMSIKICBsb2NhbCAtciBoYXNoPSIkMiIKICBzaGlmdCAyCgogIHVybHM9KCAkKiApCiAgd2hpbGUgdHJ1ZTsgZG8KICAgIGZvciB1cmwgaW4gIiR7dXJsc1tAXX0iOyBkbwogICAgICBjb21tYW5kcz0oCiAgICAgICAgImN1cmwgLWYgLS1pcHY0IC0tY29tcHJlc3NlZCAtTG8gIiR7ZmlsZX0iIC0tY29ubmVjdC10aW1lb3V0IDIwIC0tcmV0cnkgNiAtLXJldHJ5LWRlbGF5IDEwIgogICAgICAgICJ3Z2V0IC0taW5ldDQtb25seSAtLWNvbXByZXNzaW9uPWF1dG8gLU8gIiR7ZmlsZX0iIC0tY29ubmVjdC10aW1lb3V0PTIwIC0tdHJpZXM9NiAtLXdhaXQ9MTAiCiAgICAgICAgImN1cmwgLWYgLS1pcHY0IC1MbyAiJHtmaWxlfSIgLS1jb25uZWN0LXRpbWVvdXQgMjAgLS1yZXRyeSA2IC0tcmV0cnktZGVsYXkgMTAiCiAgICAgICAgIndnZXQgLS1pbmV0NC1vbmx5IC1PICIke2ZpbGV9IiAtLWNvbm5lY3QtdGltZW91dD0yMCAtLXRyaWVzPTYgLS13YWl0PTEwIgogICAgICApCiAgICAgIGZvciBjbWQgaW4gIiR7Y29tbWFuZHNbQF19IjsgZG8KICAgICAgICBlY2hvICJBdHRlbXB0aW5nIGRvd25sb2FkIHdpdGg6ICR7Y21kfSB7dXJsfSIKICAgICAgICBpZiAhICgke2NtZH0gIiR7dXJsfSIpOyB0aGVuCiAgICAgICAgICBlY2hvICI9PSBEb3dubG9hZCBmYWlsZWQgd2l0aCAke2NtZH0gPT0iCiAgICAgICAgICBjb250aW51ZQogICAgICAgIGZpCiAgICAgICAgaWYgW1sgLW4gIiR7aGFzaH0iIF1dICYmICEgdmFsaWRhdGUtaGFzaCAiJHtmaWxlfSIgIiR7aGFzaH0iOyB0aGVuCiAgICAgICAgICBlY2hvICI9PSBIYXNoIHZhbGlkYXRpb24gb2YgJHt1cmx9IGZhaWxlZC4gUmV0cnlpbmcuID09IgogICAgICAgICAgcm0gLWYgIiR7ZmlsZX0iCiAgICAgICAgZWxzZQogICAgICAgICAgaWYgW1sgLW4gIiR7aGFzaH0iIF1dOyB0aGVuCiAgICAgICAgICAgIGVjaG8gIj09IERvd25sb2FkZWQgJHt1cmx9IChTSEExID0gJHtoYXNofSkgPT0iCiAgICAgICAgICBlbHNlCiAgICAgICAgICAgIGVjaG8gIj09IERvd25sb2FkZWQgJHt1cmx9ID09IgogICAgICAgICAgZmkKICAgICAgICAgIHJldHVybgogICAgICAgIGZpCiAgICAgIGRvbmUKICAgIGRvbmUKCiAgICBlY2hvICJBbGwgZG93bmxvYWRzIGZhaWxlZDsgc2xlZXBpbmcgYmVmb3JlIHJldHJ5aW5nIgogICAgc2xlZXAgNjAKICBkb25lCn0KCnZhbGlkYXRlLWhhc2goKSB7CiAgbG9jYWwgLXIgZmlsZT0iJDEiCiAgbG9jYWwgLXIgZXhwZWN0ZWQ9IiQyIgogIGxvY2FsIGFjdHVhbAoKICBhY3R1YWw9JChzaGEyNTZzdW0gJHtmaWxlfSB8IGF3ayAneyBwcmludCAkMSB9JykgfHwgdHJ1ZQogIGlmIFtbICIke2FjdHVhbH0iICE9ICIke2V4cGVjdGVkfSIgXV07IHRoZW4KICAgIGVjaG8gIj09ICR7ZmlsZX0gY29ycnVwdGVkLCBoYXNoICR7YWN0dWFsfSBkb2Vzbid0IG1hdGNoIGV4cGVjdGVkICR7ZXhwZWN0ZWR9ID09IgogICAgcmV0dXJuIDEKICBmaQp9CgpmdW5jdGlvbiBzcGxpdC1jb21tYXMoKSB7CiAgZWNobyAkMSB8IHRyICIsIiAiXG4iCn0KCmZ1bmN0aW9uIHRyeS1kb3dubG9hZC1yZWxlYXNlKCkgewogIGxvY2FsIC1yIG5vZGV1cF91cmxzPSggJChzcGxpdC1jb21tYXMgIiR7Tk9ERVVQX1VSTH0iKSApCiAgaWYgW1sgLW4gIiR7Tk9ERVVQX0hBU0g6LX0iIF1dOyB0aGVuCiAgICBsb2NhbCAtciBub2RldXBfaGFzaD0iJHtOT0RFVVBfSEFTSH0iCiAgZWxzZQogICMgVE9ETzogUmVtb3ZlPwogICAgZWNobyAiRG93bmxvYWRpbmcgc2hhMjU2IChub3QgZm91bmQgaW4gZW52KSIKICAgIGRvd25sb2FkLW9yLWJ1c3Qgbm9kZXVwLnNoYTI1NiAiIiAiJHtub2RldXBfdXJsc1tAXS8lLy5zaGEyNTZ9IgogICAgbG9jYWwgLXIgbm9kZXVwX2hhc2g9JChjYXQgbm9kZXVwLnNoYTI1NikKICBmaQoKICBlY2hvICJEb3dubG9hZGluZyBub2RldXAgKCR7bm9kZXVwX3VybHNbQF19KSIKICBkb3dubG9hZC1vci1idXN0IG5vZGV1cCAiJHtub2RldXBfaGFzaH0iICIke25vZGV1cF91cmxzW0BdfSIKCiAgY2htb2QgK3ggbm9kZXVwCn0KCmZ1bmN0aW9uIGRvd25sb2FkLXJlbGVhc2UoKSB7CiAgY2FzZSAiJCh1bmFtZSAtbSkiIGluCiAgeDg2XzY0KnxpPzg2XzY0KnxhbWQ2NCopCiAgICBOT0RFVVBfVVJMPSIke05PREVVUF9VUkxfQU1ENjR9IgogICAgTk9ERVVQX0hBU0g9IiR7Tk9ERVVQX0hBU0hfQU1ENjR9IgogICAgOzsKICBhYXJjaDY0Knxhcm02NCopCiAgICBOT0RFVVBfVVJMPSIke05PREVVUF9VUkxfQVJNNjR9IgogICAgTk9ERVVQX0hBU0g9IiR7Tk9ERVVQX0hBU0hfQVJNNjR9IgogICAgOzsKICAqKQogICAgZWNobyAiVW5zdXBwb3J0ZWQgaG9zdCBhcmNoOiAkKHVuYW1lIC1tKSIgPiYyCiAgICBleGl0IDEKICAgIDs7CiAgZXNhYwoKICAjIEluIGNhc2Ugb2YgZmFpbHVyZSBjaGVja2luZyBpbnRlZ3JpdHkgb2YgcmVsZWFzZSwgcmV0cnkuCiAgY2QgJHtJTlNUQUxMX0RJUn0vYmluCiAgdW50aWwgdHJ5LWRvd25sb2FkLXJlbGVhc2U7IGRvCiAgICBzbGVlcCAxNQogICAgZWNobyAiQ291bGRuJ3QgZG93bmxvYWQgcmVsZWFzZS4gUmV0cnlpbmcuLi4iCiAgZG9uZQoKICBlY2hvICJSdW5uaW5nIG5vZGV1cCIKICAjIFdlIGNhbid0IHJ1biBpbiB0aGUgZm9yZWdyb3VuZCBiZWNhdXNlIG9mIGh0dHBzOi8vZ2l0aHViLmNvbS9kb2NrZXIvZG9ja2VyL2lzc3Vlcy8yMzc5MwogICggY2QgJHtJTlNUQUxMX0RJUn0vYmluOyAuL25vZGV1cCAtLWluc3RhbGwtc3lzdGVtZC11bml0IC0tY29uZj0ke0lOU1RBTExfRElSfS9jb25mL2t1YmVfZW52LnlhbWwgLS12PTggICkKfQoKIyMjIyMjIyMjIyMjIyMjIyMjIyMjIyMjIyMjIyMjIyMjIyMjIyMjIyMjIyMjIyMjIyMjIyMjIyMjIyMjIyMjIyMjIyMjIyMjIyMjIyMjIyMjIyMjCgovYmluL3N5c3RlbWQtbWFjaGluZS1pZC1zZXR1cCB8fCBlY2hvICJmYWlsZWQgdG8gc2V0IHVwIGVuc3VyZSBtYWNoaW5lLWlkIGNvbmZpZ3VyZWQiCgplY2hvICI9PSBub2RldXAgbm9kZSBjb25maWcgc3RhcnRpbmcgPT0iCmVuc3VyZS1pbnN0YWxsLWRpcgoKY2F0ID4gY29uZi9jbHVzdGVyX3NwZWMueWFtbCA8PCAnX19FT0ZfQ0xVU1RFUl9TUEVDJwpjbG91ZENvbmZpZzoKICBtYW5hZ2VTdG9yYWdlQ2xhc3NlczogdHJ1ZQpjb250YWluZXJSdW50aW1lOiBjb250YWluZXJkCmNvbnRhaW5lcmQ6CiAgY29uZmlnT3ZlcnJpZGU6IHwKICAgIHZlcnNpb24gPSAyCgogICAgW3BsdWdpbnNdCgogICAgICBbcGx1Z2lucy4iaW8uY29udGFpbmVyZC5ncnBjLnYxLmNyaSJdCgogICAgICAgIFtwbHVnaW5zLiJpby5jb250YWluZXJkLmdycGMudjEuY3JpIi5jbmldCiAgICAgICAgICBjb25mX3RlbXBsYXRlID0gIi9ldGMvY29udGFpbmVyZC9jb25maWctY25pLnRlbXBsYXRlIgoKICAgICAgICBbcGx1Z2lucy4iaW8uY29udGFpbmVyZC5ncnBjLnYxLmNyaSIuY29udGFpbmVyZF0KCiAgICAgICAgICBbcGx1Z2lucy4iaW8uY29udGFpbmVyZC5ncnBjLnYxLmNyaSIuY29udGFpbmVyZC5ydW50aW1lc10KCiAgICAgICAgICAgIFtwbHVnaW5zLiJpby5jb250YWluZXJkLmdycGMudjEuY3JpIi5jb250YWluZXJkLnJ1bnRpbWVzLnJ1bmNdCiAgICAgICAgICAgICAgcnVudGltZV90eXBlID0gImlvLmNvbnRhaW5lcmQucnVuYy52MiIKCiAgICAgICAgICAgICAgW3BsdWdpbnMuImlvLmNvbnRhaW5lcmQuZ3JwYy52MS5jcmkiLmNvbnRhaW5lcmQucnVudGltZXMucnVuYy5vcHRpb25zXQogICAgICAgICAgICAgICAgU3lzdGVtZENncm91cCA9IHRydWUKICBsb2dMZXZlbDogaW5mbwogIHZlcnNpb246IDEuNC42CmRvY2tlcjoKICBza2lwSW5zdGFsbDogdHJ1ZQprdWJlUHJveHk6CiAgY2x1c3RlckNJRFI6IDEwMC45Ni4wLjAvMTEKICBjcHVSZXF1ZXN0OiAxMDBtCiAgaG9zdG5hbWVPdmVycmlkZTogJ0Bhd3MnCiAgaW1hZ2U6IGs4cy5nY3IuaW8va3ViZS1wcm94eTp2MS4yMC43CiAgbG9nTGV2ZWw6IDIKa3ViZWxldDoKICBhbm9ueW1vdXNBdXRoOiBmYWxzZQogIGNncm91cERyaXZlcjogc3lzdGVtZAogIGNncm91cFJvb3Q6IC8KICBjbG91ZFByb3ZpZGVyOiBhd3MKICBjbHVzdGVyRE5TOiAxMDAuNjQuMC4xMAogIGNsdXN0ZXJEb21haW46IGNsdXN0ZXIubG9jYWwKICBlbmFibGVEZWJ1Z2dpbmdIYW5kbGVyczogdHJ1ZQogIGV2aWN0aW9uSGFyZDogbWVtb3J5LmF2YWlsYWJsZTwxMDBNaSxub2RlZnMuYXZhaWxhYmxlPDEwJSxub2RlZnMuaW5vZGVzRnJlZTw1JSxpbWFnZWZzLmF2YWlsYWJsZTwxMCUsaW1hZ2Vmcy5pbm9kZXNGcmVlPDUlCiAgaG9zdG5hbWVPdmVycmlkZTogJ0Bhd3MnCiAga3ViZWNvbmZpZ1BhdGg6IC92YXIvbGliL2t1YmVsZXQva3ViZWNvbmZpZwogIGxvZ0xldmVsOiAyCiAgbm9uTWFzcXVlcmFkZUNJRFI6IDEwMC42NC4wLjAvMTAKICBwb2RNYW5pZmVzdFBhdGg6IC9ldGMva3ViZXJuZXRlcy9tYW5pZmVzdHMKCl9fRU9GX0NMVVNURVJfU1BFQwoKY2F0ID4gY29uZi9pZ19zcGVjLnlhbWwgPDwgJ19fRU9GX0lHX1NQRUMnCnt9CgpfX0VPRl9JR19TUEVDCgpjYXQgPiBjb25mL2t1YmVfZW52LnlhbWwgPDwgJ19fRU9GX0tVQkVfRU5WJwpBc3NldHM6CiAgYW1kNjQ6CiAgLSBmOTZlZGE4MTBlYzRjOGY0MGY2NDU1ZWFhYjliZTQ2YThkMDk1OGQ3MmY4NDMyYjQ4YThhMGQ3YzUyODY3YzVmQGh0dHBzOi8vc3RvcmFnZS5nb29nbGVhcGlzLmNvbS9rdWJlcm5ldGVzLXJlbGVhc2UvcmVsZWFzZS92MS4yMC43L2Jpbi9saW51eC9hbWQ2NC9rdWJlbGV0CiAgLSAyZWEzMDA2YTY0ZDQ4NjU3YWM3MjIyM2EwMWM2ZGYwZTViODI3NzAzMjYzZjI1ODZkYTI4MDQ0ZWE5ZTk3ZGFmQGh0dHBzOi8vc3RvcmFnZS5nb29nbGVhcGlzLmNvbS9rdWJlcm5ldGVzLXJlbGVhc2UvcmVsZWFzZS92MS4yMC43L2Jpbi9saW51eC9hbWQ2NC9rdWJlY3RsCiAgLSA5Nzc4MjQ5MzJkNTY2N2M3YTM3YWE2YTNjYmJhNDAxMDBhNjg3M2U3YmQ5N2U4M2U4YmU4MzdlM2U3YWZkMGE4QGh0dHBzOi8vc3RvcmFnZS5nb29nbGVhcGlzLmNvbS9rOHMtYXJ0aWZhY3RzLWNuaS9yZWxlYXNlL3YwLjguNy9jbmktcGx1Z2lucy1saW51eC1hbWQ2NC12MC44LjcudGd6CiAgLSA2YWU0NzYzNTk4Yzk1ODNmOGI1MDYwNWYxOWQ2YzdlOWVmOTNjMjE2NzA2NDY1ZTczZGZjODRlZTZiNjNhMjM4QGh0dHBzOi8vZ2l0aHViLmNvbS9jb250YWluZXJkL2NvbnRhaW5lcmQvcmVsZWFzZXMvZG93bmxvYWQvdjEuNC42L2NyaS1jb250YWluZXJkLWNuaS0xLjQuNi1saW51eC1hbWQ2NC50YXIuZ3oKICBhcm02NDoKICAtIDc5YTFkYjAwMWI1MTk3MzI5NzU3OGI5Y2MyYmE1YThkNjg2ZWVhMjE2ZGZiZDEyNjQ5YzdmMDQxYzYyNDY3NWVAaHR0cHM6Ly9zdG9yYWdlLmdvb2dsZWFwaXMuY29tL2t1YmVybmV0ZXMtcmVsZWFzZS9yZWxlYXNlL3YxLjIwLjcvYmluL2xpbnV4L2FybTY0L2t1YmVsZXQKICAtIGEzYzhjNjQ4ODE0NWJhM2JjOGIyZDhhOGQ0NmQ2NTk5ZTlkNmMyZDMzOWEwM2QyNTgyMmI2ZDhiMDZkNjE2NDZAaHR0cHM6Ly9zdG9yYWdlLmdvb2dsZWFwaXMuY29tL2t1YmVybmV0ZXMtcmVsZWFzZS9yZWxlYXNlL3YxLjIwLjcvYmluL2xpbnV4L2FybTY0L2t1YmVjdGwKICAtIGFlMTNkN2I1YzA1YmQxODBlYTliNWI2OGY0NGJkYWE3YmZiNDEwMzRhMmVmMWQ2OGZkOGUxMjU5Nzk3ZDY0MmZAaHR0cHM6Ly9zdG9yYWdlLmdvb2dsZWFwaXMuY29tL2s4cy1hcnRpZmFjdHMtY25pL3JlbGVhc2UvdjAuOC43L2NuaS1wbHVnaW5zLWxpbnV4LWFybTY0LXYwLjguNy50Z3oKICAtIGJlOGM5YTVhMDZlYmVjOGZiMWQzNmU4NjdjZDAwZmI1Nzc3NzQ2YTk4MTJhMGNhZTI5NjY3NzhmZjg5OWM1MjVAaHR0cHM6Ly9kb3dubG9hZC5kb2NrZXIuY29tL2xpbnV4L3N0YXRpYy9zdGFibGUvYWFyY2g2NC9kb2NrZXItMjAuMTAuNy50Z3oKQ2x1c3Rlck5hbWU6IGt1YmVybmV0ZXMuZHVzYW5zdG9qbmljLmNvbQpDb25maWdCYXNlOiBzMzovL2s4cy1jbHVzdGVyLXRlcnJhZm9ybS1zdGF0ZS1zdG9yZS9rdWJlcm5ldGVzLmR1c2Fuc3Rvam5pYy5jb20KSW5zdGFuY2VHcm91cE5hbWU6IG5vZGVzLXVzLWVhc3QtMWEKSW5zdGFuY2VHcm91cFJvbGU6IE5vZGUKS3ViZWxldENvbmZpZzoKICBhbm9ueW1vdXNBdXRoOiBmYWxzZQogIGNncm91cERyaXZlcjogc3lzdGVtZAogIGNncm91cFJvb3Q6IC8KICBjbG91ZFByb3ZpZGVyOiBhd3MKICBjbHVzdGVyRE5TOiAxMDAuNjQuMC4xMAogIGNsdXN0ZXJEb21haW46IGNsdXN0ZXIubG9jYWwKICBlbmFibGVEZWJ1Z2dpbmdIYW5kbGVyczogdHJ1ZQogIGV2aWN0aW9uSGFyZDogbWVtb3J5LmF2YWlsYWJsZTwxMDBNaSxub2RlZnMuYXZhaWxhYmxlPDEwJSxub2RlZnMuaW5vZGVzRnJlZTw1JSxpbWFnZWZzLmF2YWlsYWJsZTwxMCUsaW1hZ2Vmcy5pbm9kZXNGcmVlPDUlCiAgaG9zdG5hbWVPdmVycmlkZTogJ0Bhd3MnCiAga3ViZWNvbmZpZ1BhdGg6IC92YXIvbGliL2t1YmVsZXQva3ViZWNvbmZpZwogIGxvZ0xldmVsOiAyCiAgbm9kZUxhYmVsczoKICAgIGtvcHMuazhzLmlvL2luc3RhbmNlZ3JvdXA6IG5vZGVzLXVzLWVhc3QtMWEKICAgIGt1YmVybmV0ZXMuaW8vcm9sZTogbm9kZQogICAgbm9kZS1yb2xlLmt1YmVybmV0ZXMuaW8vbm9kZTogIiIKICBub25NYXNxdWVyYWRlQ0lEUjogMTAwLjY0LjAuMC8xMAogIHBvZE1hbmlmZXN0UGF0aDogL2V0Yy9rdWJlcm5ldGVzL21hbmlmZXN0cwpjaGFubmVsczoKLSBzMzovL2s4cy1jbHVzdGVyLXRlcnJhZm9ybS1zdGF0ZS1zdG9yZS9rdWJlcm5ldGVzLmR1c2Fuc3Rvam5pYy5jb20vYWRkb25zL2Jvb3RzdHJhcC1jaGFubmVsLnlhbWwKCl9fRU9GX0tVQkVfRU5WCgpkb3dubG9hZC1yZWxlYXNlCmVjaG8gIj09IG5vZGV1cCBub2RlIGNvbmZpZyBkb25lID09Igo=",
            "vpc_security_group_ids": null
          },
          "sensitive_attributes": [],
          "private": "bnVsbA==",
          "dependencies": [
            "aws_iam_instance_profile.nodes-kubernetes-dusanstojnic-com",
            "aws_iam_role.nodes-kubernetes-dusanstojnic-com",
            "aws_key_pair.kubernetes-kubernetes-dusanstojnic-com-96381a26fc28ca2580d55acd7537021c",
            "aws_security_group.nodes-kubernetes-dusanstojnic-com",
            "aws_vpc.kubernetes-dusanstojnic-com"
          ],
          "create_before_destroy": true
        }
      ]
    },
    {
      "mode": "managed",
      "type": "aws_launch_template",
      "name": "nodes-us-east-1b-kubernetes-dusanstojnic-com",
      "provider": "provider[\"registry.terraform.io/hashicorp/aws\"]",
      "instances": [
        {
          "schema_version": 0,
          "attributes": {
            "arn": "arn:aws:ec2:us-east-1:601397153077:launch-template/lt-0713c5edc8b0c3136",
            "block_device_mappings": [
              {
                "device_name": "/dev/sda1",
                "ebs": [
                  {
                    "delete_on_termination": "true",
                    "encrypted": "true",
                    "iops": 3000,
                    "kms_key_id": "",
                    "snapshot_id": "",
                    "throughput": 125,
                    "volume_size": 128,
                    "volume_type": "gp3"
                  }
                ],
                "no_device": "",
                "virtual_name": ""
              }
            ],
            "capacity_reservation_specification": [],
            "cpu_options": [],
            "credit_specification": [],
            "default_version": 1,
            "description": "",
            "disable_api_termination": false,
            "ebs_optimized": "",
            "elastic_gpu_specifications": [],
            "elastic_inference_accelerator": [],
            "enclave_options": [],
            "hibernation_options": [],
            "iam_instance_profile": [
              {
                "arn": "",
                "name": "nodes.kubernetes.dusanstojnic.com"
              }
            ],
            "id": "lt-0713c5edc8b0c3136",
            "image_id": "ami-0ddbdea833a8d2f0d",
            "instance_initiated_shutdown_behavior": "",
            "instance_market_options": [],
            "instance_type": "t2.medium",
            "kernel_id": "",
            "key_name": "kubernetes.kubernetes.dusanstojnic.com-96:38:1a:26:fc:28:ca:25:80:d5:5a:cd:75:37:02:1c",
            "latest_version": 1,
            "license_specification": [],
            "metadata_options": [
              {
                "http_endpoint": "enabled",
                "http_put_response_hop_limit": 1,
                "http_tokens": "optional"
              }
            ],
            "monitoring": [],
            "name": "nodes-us-east-1b.kubernetes.dusanstojnic.com",
            "name_prefix": "",
            "network_interfaces": [
              {
                "associate_carrier_ip_address": "",
                "associate_public_ip_address": "true",
                "delete_on_termination": "true",
                "description": "",
                "device_index": 0,
                "interface_type": "",
                "ipv4_address_count": 0,
                "ipv4_addresses": null,
                "ipv6_address_count": 0,
                "ipv6_addresses": null,
                "network_interface_id": "",
                "private_ip_address": "",
                "security_groups": [
                  "sg-08708a787e2b38a6a"
                ],
                "subnet_id": ""
              }
            ],
            "placement": [],
            "ram_disk_id": "",
            "security_group_names": null,
            "tag_specifications": [
              {
                "resource_type": "instance",
                "tags": {
                  "KubernetesCluster": "kubernetes.dusanstojnic.com",
                  "Name": "nodes-us-east-1b.kubernetes.dusanstojnic.com",
                  "k8s.io/cluster-autoscaler/node-template/label/kops.k8s.io/instancegroup": "nodes-us-east-1b",
                  "k8s.io/cluster-autoscaler/node-template/label/kubernetes.io/role": "node",
                  "k8s.io/cluster-autoscaler/node-template/label/node-role.kubernetes.io/node": "",
                  "k8s.io/role/node": "1",
                  "kops.k8s.io/instancegroup": "nodes-us-east-1b",
                  "kubernetes.io/cluster/kubernetes.dusanstojnic.com": "owned"
                }
              },
              {
                "resource_type": "volume",
                "tags": {
                  "KubernetesCluster": "kubernetes.dusanstojnic.com",
                  "Name": "nodes-us-east-1b.kubernetes.dusanstojnic.com",
                  "k8s.io/cluster-autoscaler/node-template/label/kops.k8s.io/instancegroup": "nodes-us-east-1b",
                  "k8s.io/cluster-autoscaler/node-template/label/kubernetes.io/role": "node",
                  "k8s.io/cluster-autoscaler/node-template/label/node-role.kubernetes.io/node": "",
                  "k8s.io/role/node": "1",
                  "kops.k8s.io/instancegroup": "nodes-us-east-1b",
                  "kubernetes.io/cluster/kubernetes.dusanstojnic.com": "owned"
                }
              }
            ],
            "tags": {
              "KubernetesCluster": "kubernetes.dusanstojnic.com",
              "Name": "nodes-us-east-1b.kubernetes.dusanstojnic.com",
              "k8s.io/cluster-autoscaler/node-template/label/kops.k8s.io/instancegroup": "nodes-us-east-1b",
              "k8s.io/cluster-autoscaler/node-template/label/kubernetes.io/role": "node",
              "k8s.io/cluster-autoscaler/node-template/label/node-role.kubernetes.io/node": "",
              "k8s.io/role/node": "1",
              "kops.k8s.io/instancegroup": "nodes-us-east-1b",
              "kubernetes.io/cluster/kubernetes.dusanstojnic.com": "owned"
            },
            "tags_all": {
              "KubernetesCluster": "kubernetes.dusanstojnic.com",
              "Name": "nodes-us-east-1b.kubernetes.dusanstojnic.com",
              "k8s.io/cluster-autoscaler/node-template/label/kops.k8s.io/instancegroup": "nodes-us-east-1b",
              "k8s.io/cluster-autoscaler/node-template/label/kubernetes.io/role": "node",
              "k8s.io/cluster-autoscaler/node-template/label/node-role.kubernetes.io/node": "",
              "k8s.io/role/node": "1",
              "kops.k8s.io/instancegroup": "nodes-us-east-1b",
              "kubernetes.io/cluster/kubernetes.dusanstojnic.com": "owned"
            },
            "update_default_version": null,
            "user_data": "IyEvYmluL2Jhc2gKc2V0IC1vIGVycmV4aXQKc2V0IC1vIG5vdW5zZXQKc2V0IC1vIHBpcGVmYWlsCgpOT0RFVVBfVVJMX0FNRDY0PWh0dHBzOi8vYXJ0aWZhY3RzLms4cy5pby9iaW5hcmllcy9rb3BzLzEuMjAuMi9saW51eC9hbWQ2NC9ub2RldXAsaHR0cHM6Ly9naXRodWIuY29tL2t1YmVybmV0ZXMva29wcy9yZWxlYXNlcy9kb3dubG9hZC92MS4yMC4yL25vZGV1cC1saW51eC1hbWQ2NCxodHRwczovL2t1YmV1cHYyLnMzLmFtYXpvbmF3cy5jb20va29wcy8xLjIwLjIvbGludXgvYW1kNjQvbm9kZXVwCk5PREVVUF9IQVNIX0FNRDY0PTdlODMwN2YwOTcxNGNjYzFmYmU4ZjUxNTA0OTJiMDgxZjAxOTYyMmI1YTEwYmI0YmI1NjcyZjkyMTg1MTI1MTkKTk9ERVVQX1VSTF9BUk02ND1odHRwczovL2FydGlmYWN0cy5rOHMuaW8vYmluYXJpZXMva29wcy8xLjIwLjIvbGludXgvYXJtNjQvbm9kZXVwLGh0dHBzOi8vZ2l0aHViLmNvbS9rdWJlcm5ldGVzL2tvcHMvcmVsZWFzZXMvZG93bmxvYWQvdjEuMjAuMi9ub2RldXAtbGludXgtYXJtNjQsaHR0cHM6Ly9rdWJldXB2Mi5zMy5hbWF6b25hd3MuY29tL2tvcHMvMS4yMC4yL2xpbnV4L2FybTY0L25vZGV1cApOT0RFVVBfSEFTSF9BUk02ND0wOTg2NTRmNjg4ODUxY2U4MDc4NTY1NzQ4ZjBhZjI0YjZkZWMzY2FmZjk2N2E5YzI4ODgzMTJhYzcyMDdjODhhCgpleHBvcnQgQVdTX1JFR0lPTj11cy1lYXN0LTEKCgoKCnN5c2N0bCAtdyBuZXQuaXB2NC50Y3Bfcm1lbT0nNDA5NiAxMjU4MjkxMiAxNjc3NzIxNicgfHwgdHJ1ZQoKCmZ1bmN0aW9uIGVuc3VyZS1pbnN0YWxsLWRpcigpIHsKICBJTlNUQUxMX0RJUj0iL29wdC9rb3BzIgogICMgT24gQ29udGFpbmVyT1MsIHdlIGluc3RhbGwgdW5kZXIgL3Zhci9saWIvdG9vbGJveDsgL29wdCBpcyBybyBhbmQgbm9leGVjCiAgaWYgW1sgLWQgL3Zhci9saWIvdG9vbGJveCBdXTsgdGhlbgogICAgSU5TVEFMTF9ESVI9Ii92YXIvbGliL3Rvb2xib3gva29wcyIKICBmaQogIG1rZGlyIC1wICR7SU5TVEFMTF9ESVJ9L2JpbgogIG1rZGlyIC1wICR7SU5TVEFMTF9ESVJ9L2NvbmYKICBjZCAke0lOU1RBTExfRElSfQp9CgojIFJldHJ5IGEgZG93bmxvYWQgdW50aWwgd2UgZ2V0IGl0LiBhcmdzOiBuYW1lLCBzaGEsIHVybDEsIHVybDIuLi4KZG93bmxvYWQtb3ItYnVzdCgpIHsKICBsb2NhbCAtciBmaWxlPSIkMSIKICBsb2NhbCAtciBoYXNoPSIkMiIKICBzaGlmdCAyCgogIHVybHM9KCAkKiApCiAgd2hpbGUgdHJ1ZTsgZG8KICAgIGZvciB1cmwgaW4gIiR7dXJsc1tAXX0iOyBkbwogICAgICBjb21tYW5kcz0oCiAgICAgICAgImN1cmwgLWYgLS1pcHY0IC0tY29tcHJlc3NlZCAtTG8gIiR7ZmlsZX0iIC0tY29ubmVjdC10aW1lb3V0IDIwIC0tcmV0cnkgNiAtLXJldHJ5LWRlbGF5IDEwIgogICAgICAgICJ3Z2V0IC0taW5ldDQtb25seSAtLWNvbXByZXNzaW9uPWF1dG8gLU8gIiR7ZmlsZX0iIC0tY29ubmVjdC10aW1lb3V0PTIwIC0tdHJpZXM9NiAtLXdhaXQ9MTAiCiAgICAgICAgImN1cmwgLWYgLS1pcHY0IC1MbyAiJHtmaWxlfSIgLS1jb25uZWN0LXRpbWVvdXQgMjAgLS1yZXRyeSA2IC0tcmV0cnktZGVsYXkgMTAiCiAgICAgICAgIndnZXQgLS1pbmV0NC1vbmx5IC1PICIke2ZpbGV9IiAtLWNvbm5lY3QtdGltZW91dD0yMCAtLXRyaWVzPTYgLS13YWl0PTEwIgogICAgICApCiAgICAgIGZvciBjbWQgaW4gIiR7Y29tbWFuZHNbQF19IjsgZG8KICAgICAgICBlY2hvICJBdHRlbXB0aW5nIGRvd25sb2FkIHdpdGg6ICR7Y21kfSB7dXJsfSIKICAgICAgICBpZiAhICgke2NtZH0gIiR7dXJsfSIpOyB0aGVuCiAgICAgICAgICBlY2hvICI9PSBEb3dubG9hZCBmYWlsZWQgd2l0aCAke2NtZH0gPT0iCiAgICAgICAgICBjb250aW51ZQogICAgICAgIGZpCiAgICAgICAgaWYgW1sgLW4gIiR7aGFzaH0iIF1dICYmICEgdmFsaWRhdGUtaGFzaCAiJHtmaWxlfSIgIiR7aGFzaH0iOyB0aGVuCiAgICAgICAgICBlY2hvICI9PSBIYXNoIHZhbGlkYXRpb24gb2YgJHt1cmx9IGZhaWxlZC4gUmV0cnlpbmcuID09IgogICAgICAgICAgcm0gLWYgIiR7ZmlsZX0iCiAgICAgICAgZWxzZQogICAgICAgICAgaWYgW1sgLW4gIiR7aGFzaH0iIF1dOyB0aGVuCiAgICAgICAgICAgIGVjaG8gIj09IERvd25sb2FkZWQgJHt1cmx9IChTSEExID0gJHtoYXNofSkgPT0iCiAgICAgICAgICBlbHNlCiAgICAgICAgICAgIGVjaG8gIj09IERvd25sb2FkZWQgJHt1cmx9ID09IgogICAgICAgICAgZmkKICAgICAgICAgIHJldHVybgogICAgICAgIGZpCiAgICAgIGRvbmUKICAgIGRvbmUKCiAgICBlY2hvICJBbGwgZG93bmxvYWRzIGZhaWxlZDsgc2xlZXBpbmcgYmVmb3JlIHJldHJ5aW5nIgogICAgc2xlZXAgNjAKICBkb25lCn0KCnZhbGlkYXRlLWhhc2goKSB7CiAgbG9jYWwgLXIgZmlsZT0iJDEiCiAgbG9jYWwgLXIgZXhwZWN0ZWQ9IiQyIgogIGxvY2FsIGFjdHVhbAoKICBhY3R1YWw9JChzaGEyNTZzdW0gJHtmaWxlfSB8IGF3ayAneyBwcmludCAkMSB9JykgfHwgdHJ1ZQogIGlmIFtbICIke2FjdHVhbH0iICE9ICIke2V4cGVjdGVkfSIgXV07IHRoZW4KICAgIGVjaG8gIj09ICR7ZmlsZX0gY29ycnVwdGVkLCBoYXNoICR7YWN0dWFsfSBkb2Vzbid0IG1hdGNoIGV4cGVjdGVkICR7ZXhwZWN0ZWR9ID09IgogICAgcmV0dXJuIDEKICBmaQp9CgpmdW5jdGlvbiBzcGxpdC1jb21tYXMoKSB7CiAgZWNobyAkMSB8IHRyICIsIiAiXG4iCn0KCmZ1bmN0aW9uIHRyeS1kb3dubG9hZC1yZWxlYXNlKCkgewogIGxvY2FsIC1yIG5vZGV1cF91cmxzPSggJChzcGxpdC1jb21tYXMgIiR7Tk9ERVVQX1VSTH0iKSApCiAgaWYgW1sgLW4gIiR7Tk9ERVVQX0hBU0g6LX0iIF1dOyB0aGVuCiAgICBsb2NhbCAtciBub2RldXBfaGFzaD0iJHtOT0RFVVBfSEFTSH0iCiAgZWxzZQogICMgVE9ETzogUmVtb3ZlPwogICAgZWNobyAiRG93bmxvYWRpbmcgc2hhMjU2IChub3QgZm91bmQgaW4gZW52KSIKICAgIGRvd25sb2FkLW9yLWJ1c3Qgbm9kZXVwLnNoYTI1NiAiIiAiJHtub2RldXBfdXJsc1tAXS8lLy5zaGEyNTZ9IgogICAgbG9jYWwgLXIgbm9kZXVwX2hhc2g9JChjYXQgbm9kZXVwLnNoYTI1NikKICBmaQoKICBlY2hvICJEb3dubG9hZGluZyBub2RldXAgKCR7bm9kZXVwX3VybHNbQF19KSIKICBkb3dubG9hZC1vci1idXN0IG5vZGV1cCAiJHtub2RldXBfaGFzaH0iICIke25vZGV1cF91cmxzW0BdfSIKCiAgY2htb2QgK3ggbm9kZXVwCn0KCmZ1bmN0aW9uIGRvd25sb2FkLXJlbGVhc2UoKSB7CiAgY2FzZSAiJCh1bmFtZSAtbSkiIGluCiAgeDg2XzY0KnxpPzg2XzY0KnxhbWQ2NCopCiAgICBOT0RFVVBfVVJMPSIke05PREVVUF9VUkxfQU1ENjR9IgogICAgTk9ERVVQX0hBU0g9IiR7Tk9ERVVQX0hBU0hfQU1ENjR9IgogICAgOzsKICBhYXJjaDY0Knxhcm02NCopCiAgICBOT0RFVVBfVVJMPSIke05PREVVUF9VUkxfQVJNNjR9IgogICAgTk9ERVVQX0hBU0g9IiR7Tk9ERVVQX0hBU0hfQVJNNjR9IgogICAgOzsKICAqKQogICAgZWNobyAiVW5zdXBwb3J0ZWQgaG9zdCBhcmNoOiAkKHVuYW1lIC1tKSIgPiYyCiAgICBleGl0IDEKICAgIDs7CiAgZXNhYwoKICAjIEluIGNhc2Ugb2YgZmFpbHVyZSBjaGVja2luZyBpbnRlZ3JpdHkgb2YgcmVsZWFzZSwgcmV0cnkuCiAgY2QgJHtJTlNUQUxMX0RJUn0vYmluCiAgdW50aWwgdHJ5LWRvd25sb2FkLXJlbGVhc2U7IGRvCiAgICBzbGVlcCAxNQogICAgZWNobyAiQ291bGRuJ3QgZG93bmxvYWQgcmVsZWFzZS4gUmV0cnlpbmcuLi4iCiAgZG9uZQoKICBlY2hvICJSdW5uaW5nIG5vZGV1cCIKICAjIFdlIGNhbid0IHJ1biBpbiB0aGUgZm9yZWdyb3VuZCBiZWNhdXNlIG9mIGh0dHBzOi8vZ2l0aHViLmNvbS9kb2NrZXIvZG9ja2VyL2lzc3Vlcy8yMzc5MwogICggY2QgJHtJTlNUQUxMX0RJUn0vYmluOyAuL25vZGV1cCAtLWluc3RhbGwtc3lzdGVtZC11bml0IC0tY29uZj0ke0lOU1RBTExfRElSfS9jb25mL2t1YmVfZW52LnlhbWwgLS12PTggICkKfQoKIyMjIyMjIyMjIyMjIyMjIyMjIyMjIyMjIyMjIyMjIyMjIyMjIyMjIyMjIyMjIyMjIyMjIyMjIyMjIyMjIyMjIyMjIyMjIyMjIyMjIyMjIyMjIyMjCgovYmluL3N5c3RlbWQtbWFjaGluZS1pZC1zZXR1cCB8fCBlY2hvICJmYWlsZWQgdG8gc2V0IHVwIGVuc3VyZSBtYWNoaW5lLWlkIGNvbmZpZ3VyZWQiCgplY2hvICI9PSBub2RldXAgbm9kZSBjb25maWcgc3RhcnRpbmcgPT0iCmVuc3VyZS1pbnN0YWxsLWRpcgoKY2F0ID4gY29uZi9jbHVzdGVyX3NwZWMueWFtbCA8PCAnX19FT0ZfQ0xVU1RFUl9TUEVDJwpjbG91ZENvbmZpZzoKICBtYW5hZ2VTdG9yYWdlQ2xhc3NlczogdHJ1ZQpjb250YWluZXJSdW50aW1lOiBjb250YWluZXJkCmNvbnRhaW5lcmQ6CiAgY29uZmlnT3ZlcnJpZGU6IHwKICAgIHZlcnNpb24gPSAyCgogICAgW3BsdWdpbnNdCgogICAgICBbcGx1Z2lucy4iaW8uY29udGFpbmVyZC5ncnBjLnYxLmNyaSJdCgogICAgICAgIFtwbHVnaW5zLiJpby5jb250YWluZXJkLmdycGMudjEuY3JpIi5jbmldCiAgICAgICAgICBjb25mX3RlbXBsYXRlID0gIi9ldGMvY29udGFpbmVyZC9jb25maWctY25pLnRlbXBsYXRlIgoKICAgICAgICBbcGx1Z2lucy4iaW8uY29udGFpbmVyZC5ncnBjLnYxLmNyaSIuY29udGFpbmVyZF0KCiAgICAgICAgICBbcGx1Z2lucy4iaW8uY29udGFpbmVyZC5ncnBjLnYxLmNyaSIuY29udGFpbmVyZC5ydW50aW1lc10KCiAgICAgICAgICAgIFtwbHVnaW5zLiJpby5jb250YWluZXJkLmdycGMudjEuY3JpIi5jb250YWluZXJkLnJ1bnRpbWVzLnJ1bmNdCiAgICAgICAgICAgICAgcnVudGltZV90eXBlID0gImlvLmNvbnRhaW5lcmQucnVuYy52MiIKCiAgICAgICAgICAgICAgW3BsdWdpbnMuImlvLmNvbnRhaW5lcmQuZ3JwYy52MS5jcmkiLmNvbnRhaW5lcmQucnVudGltZXMucnVuYy5vcHRpb25zXQogICAgICAgICAgICAgICAgU3lzdGVtZENncm91cCA9IHRydWUKICBsb2dMZXZlbDogaW5mbwogIHZlcnNpb246IDEuNC42CmRvY2tlcjoKICBza2lwSW5zdGFsbDogdHJ1ZQprdWJlUHJveHk6CiAgY2x1c3RlckNJRFI6IDEwMC45Ni4wLjAvMTEKICBjcHVSZXF1ZXN0OiAxMDBtCiAgaG9zdG5hbWVPdmVycmlkZTogJ0Bhd3MnCiAgaW1hZ2U6IGs4cy5nY3IuaW8va3ViZS1wcm94eTp2MS4yMC43CiAgbG9nTGV2ZWw6IDIKa3ViZWxldDoKICBhbm9ueW1vdXNBdXRoOiBmYWxzZQogIGNncm91cERyaXZlcjogc3lzdGVtZAogIGNncm91cFJvb3Q6IC8KICBjbG91ZFByb3ZpZGVyOiBhd3MKICBjbHVzdGVyRE5TOiAxMDAuNjQuMC4xMAogIGNsdXN0ZXJEb21haW46IGNsdXN0ZXIubG9jYWwKICBlbmFibGVEZWJ1Z2dpbmdIYW5kbGVyczogdHJ1ZQogIGV2aWN0aW9uSGFyZDogbWVtb3J5LmF2YWlsYWJsZTwxMDBNaSxub2RlZnMuYXZhaWxhYmxlPDEwJSxub2RlZnMuaW5vZGVzRnJlZTw1JSxpbWFnZWZzLmF2YWlsYWJsZTwxMCUsaW1hZ2Vmcy5pbm9kZXNGcmVlPDUlCiAgaG9zdG5hbWVPdmVycmlkZTogJ0Bhd3MnCiAga3ViZWNvbmZpZ1BhdGg6IC92YXIvbGliL2t1YmVsZXQva3ViZWNvbmZpZwogIGxvZ0xldmVsOiAyCiAgbm9uTWFzcXVlcmFkZUNJRFI6IDEwMC42NC4wLjAvMTAKICBwb2RNYW5pZmVzdFBhdGg6IC9ldGMva3ViZXJuZXRlcy9tYW5pZmVzdHMKCl9fRU9GX0NMVVNURVJfU1BFQwoKY2F0ID4gY29uZi9pZ19zcGVjLnlhbWwgPDwgJ19fRU9GX0lHX1NQRUMnCnt9CgpfX0VPRl9JR19TUEVDCgpjYXQgPiBjb25mL2t1YmVfZW52LnlhbWwgPDwgJ19fRU9GX0tVQkVfRU5WJwpBc3NldHM6CiAgYW1kNjQ6CiAgLSBmOTZlZGE4MTBlYzRjOGY0MGY2NDU1ZWFhYjliZTQ2YThkMDk1OGQ3MmY4NDMyYjQ4YThhMGQ3YzUyODY3YzVmQGh0dHBzOi8vc3RvcmFnZS5nb29nbGVhcGlzLmNvbS9rdWJlcm5ldGVzLXJlbGVhc2UvcmVsZWFzZS92MS4yMC43L2Jpbi9saW51eC9hbWQ2NC9rdWJlbGV0CiAgLSAyZWEzMDA2YTY0ZDQ4NjU3YWM3MjIyM2EwMWM2ZGYwZTViODI3NzAzMjYzZjI1ODZkYTI4MDQ0ZWE5ZTk3ZGFmQGh0dHBzOi8vc3RvcmFnZS5nb29nbGVhcGlzLmNvbS9rdWJlcm5ldGVzLXJlbGVhc2UvcmVsZWFzZS92MS4yMC43L2Jpbi9saW51eC9hbWQ2NC9rdWJlY3RsCiAgLSA5Nzc4MjQ5MzJkNTY2N2M3YTM3YWE2YTNjYmJhNDAxMDBhNjg3M2U3YmQ5N2U4M2U4YmU4MzdlM2U3YWZkMGE4QGh0dHBzOi8vc3RvcmFnZS5nb29nbGVhcGlzLmNvbS9rOHMtYXJ0aWZhY3RzLWNuaS9yZWxlYXNlL3YwLjguNy9jbmktcGx1Z2lucy1saW51eC1hbWQ2NC12MC44LjcudGd6CiAgLSA2YWU0NzYzNTk4Yzk1ODNmOGI1MDYwNWYxOWQ2YzdlOWVmOTNjMjE2NzA2NDY1ZTczZGZjODRlZTZiNjNhMjM4QGh0dHBzOi8vZ2l0aHViLmNvbS9jb250YWluZXJkL2NvbnRhaW5lcmQvcmVsZWFzZXMvZG93bmxvYWQvdjEuNC42L2NyaS1jb250YWluZXJkLWNuaS0xLjQuNi1saW51eC1hbWQ2NC50YXIuZ3oKICBhcm02NDoKICAtIDc5YTFkYjAwMWI1MTk3MzI5NzU3OGI5Y2MyYmE1YThkNjg2ZWVhMjE2ZGZiZDEyNjQ5YzdmMDQxYzYyNDY3NWVAaHR0cHM6Ly9zdG9yYWdlLmdvb2dsZWFwaXMuY29tL2t1YmVybmV0ZXMtcmVsZWFzZS9yZWxlYXNlL3YxLjIwLjcvYmluL2xpbnV4L2FybTY0L2t1YmVsZXQKICAtIGEzYzhjNjQ4ODE0NWJhM2JjOGIyZDhhOGQ0NmQ2NTk5ZTlkNmMyZDMzOWEwM2QyNTgyMmI2ZDhiMDZkNjE2NDZAaHR0cHM6Ly9zdG9yYWdlLmdvb2dsZWFwaXMuY29tL2t1YmVybmV0ZXMtcmVsZWFzZS9yZWxlYXNlL3YxLjIwLjcvYmluL2xpbnV4L2FybTY0L2t1YmVjdGwKICAtIGFlMTNkN2I1YzA1YmQxODBlYTliNWI2OGY0NGJkYWE3YmZiNDEwMzRhMmVmMWQ2OGZkOGUxMjU5Nzk3ZDY0MmZAaHR0cHM6Ly9zdG9yYWdlLmdvb2dsZWFwaXMuY29tL2s4cy1hcnRpZmFjdHMtY25pL3JlbGVhc2UvdjAuOC43L2NuaS1wbHVnaW5zLWxpbnV4LWFybTY0LXYwLjguNy50Z3oKICAtIGJlOGM5YTVhMDZlYmVjOGZiMWQzNmU4NjdjZDAwZmI1Nzc3NzQ2YTk4MTJhMGNhZTI5NjY3NzhmZjg5OWM1MjVAaHR0cHM6Ly9kb3dubG9hZC5kb2NrZXIuY29tL2xpbnV4L3N0YXRpYy9zdGFibGUvYWFyY2g2NC9kb2NrZXItMjAuMTAuNy50Z3oKQ2x1c3Rlck5hbWU6IGt1YmVybmV0ZXMuZHVzYW5zdG9qbmljLmNvbQpDb25maWdCYXNlOiBzMzovL2s4cy1jbHVzdGVyLXRlcnJhZm9ybS1zdGF0ZS1zdG9yZS9rdWJlcm5ldGVzLmR1c2Fuc3Rvam5pYy5jb20KSW5zdGFuY2VHcm91cE5hbWU6IG5vZGVzLXVzLWVhc3QtMWIKSW5zdGFuY2VHcm91cFJvbGU6IE5vZGUKS3ViZWxldENvbmZpZzoKICBhbm9ueW1vdXNBdXRoOiBmYWxzZQogIGNncm91cERyaXZlcjogc3lzdGVtZAogIGNncm91cFJvb3Q6IC8KICBjbG91ZFByb3ZpZGVyOiBhd3MKICBjbHVzdGVyRE5TOiAxMDAuNjQuMC4xMAogIGNsdXN0ZXJEb21haW46IGNsdXN0ZXIubG9jYWwKICBlbmFibGVEZWJ1Z2dpbmdIYW5kbGVyczogdHJ1ZQogIGV2aWN0aW9uSGFyZDogbWVtb3J5LmF2YWlsYWJsZTwxMDBNaSxub2RlZnMuYXZhaWxhYmxlPDEwJSxub2RlZnMuaW5vZGVzRnJlZTw1JSxpbWFnZWZzLmF2YWlsYWJsZTwxMCUsaW1hZ2Vmcy5pbm9kZXNGcmVlPDUlCiAgaG9zdG5hbWVPdmVycmlkZTogJ0Bhd3MnCiAga3ViZWNvbmZpZ1BhdGg6IC92YXIvbGliL2t1YmVsZXQva3ViZWNvbmZpZwogIGxvZ0xldmVsOiAyCiAgbm9kZUxhYmVsczoKICAgIGtvcHMuazhzLmlvL2luc3RhbmNlZ3JvdXA6IG5vZGVzLXVzLWVhc3QtMWIKICAgIGt1YmVybmV0ZXMuaW8vcm9sZTogbm9kZQogICAgbm9kZS1yb2xlLmt1YmVybmV0ZXMuaW8vbm9kZTogIiIKICBub25NYXNxdWVyYWRlQ0lEUjogMTAwLjY0LjAuMC8xMAogIHBvZE1hbmlmZXN0UGF0aDogL2V0Yy9rdWJlcm5ldGVzL21hbmlmZXN0cwpjaGFubmVsczoKLSBzMzovL2s4cy1jbHVzdGVyLXRlcnJhZm9ybS1zdGF0ZS1zdG9yZS9rdWJlcm5ldGVzLmR1c2Fuc3Rvam5pYy5jb20vYWRkb25zL2Jvb3RzdHJhcC1jaGFubmVsLnlhbWwKCl9fRU9GX0tVQkVfRU5WCgpkb3dubG9hZC1yZWxlYXNlCmVjaG8gIj09IG5vZGV1cCBub2RlIGNvbmZpZyBkb25lID09Igo=",
            "vpc_security_group_ids": null
          },
          "sensitive_attributes": [],
          "private": "bnVsbA==",
          "dependencies": [
            "aws_iam_instance_profile.nodes-kubernetes-dusanstojnic-com",
            "aws_iam_role.nodes-kubernetes-dusanstojnic-com",
            "aws_key_pair.kubernetes-kubernetes-dusanstojnic-com-96381a26fc28ca2580d55acd7537021c",
            "aws_security_group.nodes-kubernetes-dusanstojnic-com",
            "aws_vpc.kubernetes-dusanstojnic-com"
          ],
          "create_before_destroy": true
        }
      ]
    },
    {
      "mode": "managed",
      "type": "aws_launch_template",
      "name": "nodes-us-east-1c-kubernetes-dusanstojnic-com",
      "provider": "provider[\"registry.terraform.io/hashicorp/aws\"]",
      "instances": [
        {
          "schema_version": 0,
          "attributes": {
            "arn": "arn:aws:ec2:us-east-1:601397153077:launch-template/lt-06082647e3501f90a",
            "block_device_mappings": [
              {
                "device_name": "/dev/sda1",
                "ebs": [
                  {
                    "delete_on_termination": "true",
                    "encrypted": "true",
                    "iops": 3000,
                    "kms_key_id": "",
                    "snapshot_id": "",
                    "throughput": 125,
                    "volume_size": 128,
                    "volume_type": "gp3"
                  }
                ],
                "no_device": "",
                "virtual_name": ""
              }
            ],
            "capacity_reservation_specification": [],
            "cpu_options": [],
            "credit_specification": [],
            "default_version": 1,
            "description": "",
            "disable_api_termination": false,
            "ebs_optimized": "",
            "elastic_gpu_specifications": [],
            "elastic_inference_accelerator": [],
            "enclave_options": [],
            "hibernation_options": [],
            "iam_instance_profile": [
              {
                "arn": "",
                "name": "nodes.kubernetes.dusanstojnic.com"
              }
            ],
            "id": "lt-06082647e3501f90a",
            "image_id": "ami-0ddbdea833a8d2f0d",
            "instance_initiated_shutdown_behavior": "",
            "instance_market_options": [],
            "instance_type": "t2.medium",
            "kernel_id": "",
            "key_name": "kubernetes.kubernetes.dusanstojnic.com-96:38:1a:26:fc:28:ca:25:80:d5:5a:cd:75:37:02:1c",
            "latest_version": 1,
            "license_specification": [],
            "metadata_options": [
              {
                "http_endpoint": "enabled",
                "http_put_response_hop_limit": 1,
                "http_tokens": "optional"
              }
            ],
            "monitoring": [],
            "name": "nodes-us-east-1c.kubernetes.dusanstojnic.com",
            "name_prefix": "",
            "network_interfaces": [
              {
                "associate_carrier_ip_address": "",
                "associate_public_ip_address": "true",
                "delete_on_termination": "true",
                "description": "",
                "device_index": 0,
                "interface_type": "",
                "ipv4_address_count": 0,
                "ipv4_addresses": null,
                "ipv6_address_count": 0,
                "ipv6_addresses": null,
                "network_interface_id": "",
                "private_ip_address": "",
                "security_groups": [
                  "sg-08708a787e2b38a6a"
                ],
                "subnet_id": ""
              }
            ],
            "placement": [],
            "ram_disk_id": "",
            "security_group_names": null,
            "tag_specifications": [
              {
                "resource_type": "instance",
                "tags": {
                  "KubernetesCluster": "kubernetes.dusanstojnic.com",
                  "Name": "nodes-us-east-1c.kubernetes.dusanstojnic.com",
                  "k8s.io/cluster-autoscaler/node-template/label/kops.k8s.io/instancegroup": "nodes-us-east-1c",
                  "k8s.io/cluster-autoscaler/node-template/label/kubernetes.io/role": "node",
                  "k8s.io/cluster-autoscaler/node-template/label/node-role.kubernetes.io/node": "",
                  "k8s.io/role/node": "1",
                  "kops.k8s.io/instancegroup": "nodes-us-east-1c",
                  "kubernetes.io/cluster/kubernetes.dusanstojnic.com": "owned"
                }
              },
              {
                "resource_type": "volume",
                "tags": {
                  "KubernetesCluster": "kubernetes.dusanstojnic.com",
                  "Name": "nodes-us-east-1c.kubernetes.dusanstojnic.com",
                  "k8s.io/cluster-autoscaler/node-template/label/kops.k8s.io/instancegroup": "nodes-us-east-1c",
                  "k8s.io/cluster-autoscaler/node-template/label/kubernetes.io/role": "node",
                  "k8s.io/cluster-autoscaler/node-template/label/node-role.kubernetes.io/node": "",
                  "k8s.io/role/node": "1",
                  "kops.k8s.io/instancegroup": "nodes-us-east-1c",
                  "kubernetes.io/cluster/kubernetes.dusanstojnic.com": "owned"
                }
              }
            ],
            "tags": {
              "KubernetesCluster": "kubernetes.dusanstojnic.com",
              "Name": "nodes-us-east-1c.kubernetes.dusanstojnic.com",
              "k8s.io/cluster-autoscaler/node-template/label/kops.k8s.io/instancegroup": "nodes-us-east-1c",
              "k8s.io/cluster-autoscaler/node-template/label/kubernetes.io/role": "node",
              "k8s.io/cluster-autoscaler/node-template/label/node-role.kubernetes.io/node": "",
              "k8s.io/role/node": "1",
              "kops.k8s.io/instancegroup": "nodes-us-east-1c",
              "kubernetes.io/cluster/kubernetes.dusanstojnic.com": "owned"
            },
            "tags_all": {
              "KubernetesCluster": "kubernetes.dusanstojnic.com",
              "Name": "nodes-us-east-1c.kubernetes.dusanstojnic.com",
              "k8s.io/cluster-autoscaler/node-template/label/kops.k8s.io/instancegroup": "nodes-us-east-1c",
              "k8s.io/cluster-autoscaler/node-template/label/kubernetes.io/role": "node",
              "k8s.io/cluster-autoscaler/node-template/label/node-role.kubernetes.io/node": "",
              "k8s.io/role/node": "1",
              "kops.k8s.io/instancegroup": "nodes-us-east-1c",
              "kubernetes.io/cluster/kubernetes.dusanstojnic.com": "owned"
            },
            "update_default_version": null,
            "user_data": "IyEvYmluL2Jhc2gKc2V0IC1vIGVycmV4aXQKc2V0IC1vIG5vdW5zZXQKc2V0IC1vIHBpcGVmYWlsCgpOT0RFVVBfVVJMX0FNRDY0PWh0dHBzOi8vYXJ0aWZhY3RzLms4cy5pby9iaW5hcmllcy9rb3BzLzEuMjAuMi9saW51eC9hbWQ2NC9ub2RldXAsaHR0cHM6Ly9naXRodWIuY29tL2t1YmVybmV0ZXMva29wcy9yZWxlYXNlcy9kb3dubG9hZC92MS4yMC4yL25vZGV1cC1saW51eC1hbWQ2NCxodHRwczovL2t1YmV1cHYyLnMzLmFtYXpvbmF3cy5jb20va29wcy8xLjIwLjIvbGludXgvYW1kNjQvbm9kZXVwCk5PREVVUF9IQVNIX0FNRDY0PTdlODMwN2YwOTcxNGNjYzFmYmU4ZjUxNTA0OTJiMDgxZjAxOTYyMmI1YTEwYmI0YmI1NjcyZjkyMTg1MTI1MTkKTk9ERVVQX1VSTF9BUk02ND1odHRwczovL2FydGlmYWN0cy5rOHMuaW8vYmluYXJpZXMva29wcy8xLjIwLjIvbGludXgvYXJtNjQvbm9kZXVwLGh0dHBzOi8vZ2l0aHViLmNvbS9rdWJlcm5ldGVzL2tvcHMvcmVsZWFzZXMvZG93bmxvYWQvdjEuMjAuMi9ub2RldXAtbGludXgtYXJtNjQsaHR0cHM6Ly9rdWJldXB2Mi5zMy5hbWF6b25hd3MuY29tL2tvcHMvMS4yMC4yL2xpbnV4L2FybTY0L25vZGV1cApOT0RFVVBfSEFTSF9BUk02ND0wOTg2NTRmNjg4ODUxY2U4MDc4NTY1NzQ4ZjBhZjI0YjZkZWMzY2FmZjk2N2E5YzI4ODgzMTJhYzcyMDdjODhhCgpleHBvcnQgQVdTX1JFR0lPTj11cy1lYXN0LTEKCgoKCnN5c2N0bCAtdyBuZXQuaXB2NC50Y3Bfcm1lbT0nNDA5NiAxMjU4MjkxMiAxNjc3NzIxNicgfHwgdHJ1ZQoKCmZ1bmN0aW9uIGVuc3VyZS1pbnN0YWxsLWRpcigpIHsKICBJTlNUQUxMX0RJUj0iL29wdC9rb3BzIgogICMgT24gQ29udGFpbmVyT1MsIHdlIGluc3RhbGwgdW5kZXIgL3Zhci9saWIvdG9vbGJveDsgL29wdCBpcyBybyBhbmQgbm9leGVjCiAgaWYgW1sgLWQgL3Zhci9saWIvdG9vbGJveCBdXTsgdGhlbgogICAgSU5TVEFMTF9ESVI9Ii92YXIvbGliL3Rvb2xib3gva29wcyIKICBmaQogIG1rZGlyIC1wICR7SU5TVEFMTF9ESVJ9L2JpbgogIG1rZGlyIC1wICR7SU5TVEFMTF9ESVJ9L2NvbmYKICBjZCAke0lOU1RBTExfRElSfQp9CgojIFJldHJ5IGEgZG93bmxvYWQgdW50aWwgd2UgZ2V0IGl0LiBhcmdzOiBuYW1lLCBzaGEsIHVybDEsIHVybDIuLi4KZG93bmxvYWQtb3ItYnVzdCgpIHsKICBsb2NhbCAtciBmaWxlPSIkMSIKICBsb2NhbCAtciBoYXNoPSIkMiIKICBzaGlmdCAyCgogIHVybHM9KCAkKiApCiAgd2hpbGUgdHJ1ZTsgZG8KICAgIGZvciB1cmwgaW4gIiR7dXJsc1tAXX0iOyBkbwogICAgICBjb21tYW5kcz0oCiAgICAgICAgImN1cmwgLWYgLS1pcHY0IC0tY29tcHJlc3NlZCAtTG8gIiR7ZmlsZX0iIC0tY29ubmVjdC10aW1lb3V0IDIwIC0tcmV0cnkgNiAtLXJldHJ5LWRlbGF5IDEwIgogICAgICAgICJ3Z2V0IC0taW5ldDQtb25seSAtLWNvbXByZXNzaW9uPWF1dG8gLU8gIiR7ZmlsZX0iIC0tY29ubmVjdC10aW1lb3V0PTIwIC0tdHJpZXM9NiAtLXdhaXQ9MTAiCiAgICAgICAgImN1cmwgLWYgLS1pcHY0IC1MbyAiJHtmaWxlfSIgLS1jb25uZWN0LXRpbWVvdXQgMjAgLS1yZXRyeSA2IC0tcmV0cnktZGVsYXkgMTAiCiAgICAgICAgIndnZXQgLS1pbmV0NC1vbmx5IC1PICIke2ZpbGV9IiAtLWNvbm5lY3QtdGltZW91dD0yMCAtLXRyaWVzPTYgLS13YWl0PTEwIgogICAgICApCiAgICAgIGZvciBjbWQgaW4gIiR7Y29tbWFuZHNbQF19IjsgZG8KICAgICAgICBlY2hvICJBdHRlbXB0aW5nIGRvd25sb2FkIHdpdGg6ICR7Y21kfSB7dXJsfSIKICAgICAgICBpZiAhICgke2NtZH0gIiR7dXJsfSIpOyB0aGVuCiAgICAgICAgICBlY2hvICI9PSBEb3dubG9hZCBmYWlsZWQgd2l0aCAke2NtZH0gPT0iCiAgICAgICAgICBjb250aW51ZQogICAgICAgIGZpCiAgICAgICAgaWYgW1sgLW4gIiR7aGFzaH0iIF1dICYmICEgdmFsaWRhdGUtaGFzaCAiJHtmaWxlfSIgIiR7aGFzaH0iOyB0aGVuCiAgICAgICAgICBlY2hvICI9PSBIYXNoIHZhbGlkYXRpb24gb2YgJHt1cmx9IGZhaWxlZC4gUmV0cnlpbmcuID09IgogICAgICAgICAgcm0gLWYgIiR7ZmlsZX0iCiAgICAgICAgZWxzZQogICAgICAgICAgaWYgW1sgLW4gIiR7aGFzaH0iIF1dOyB0aGVuCiAgICAgICAgICAgIGVjaG8gIj09IERvd25sb2FkZWQgJHt1cmx9IChTSEExID0gJHtoYXNofSkgPT0iCiAgICAgICAgICBlbHNlCiAgICAgICAgICAgIGVjaG8gIj09IERvd25sb2FkZWQgJHt1cmx9ID09IgogICAgICAgICAgZmkKICAgICAgICAgIHJldHVybgogICAgICAgIGZpCiAgICAgIGRvbmUKICAgIGRvbmUKCiAgICBlY2hvICJBbGwgZG93bmxvYWRzIGZhaWxlZDsgc2xlZXBpbmcgYmVmb3JlIHJldHJ5aW5nIgogICAgc2xlZXAgNjAKICBkb25lCn0KCnZhbGlkYXRlLWhhc2goKSB7CiAgbG9jYWwgLXIgZmlsZT0iJDEiCiAgbG9jYWwgLXIgZXhwZWN0ZWQ9IiQyIgogIGxvY2FsIGFjdHVhbAoKICBhY3R1YWw9JChzaGEyNTZzdW0gJHtmaWxlfSB8IGF3ayAneyBwcmludCAkMSB9JykgfHwgdHJ1ZQogIGlmIFtbICIke2FjdHVhbH0iICE9ICIke2V4cGVjdGVkfSIgXV07IHRoZW4KICAgIGVjaG8gIj09ICR7ZmlsZX0gY29ycnVwdGVkLCBoYXNoICR7YWN0dWFsfSBkb2Vzbid0IG1hdGNoIGV4cGVjdGVkICR7ZXhwZWN0ZWR9ID09IgogICAgcmV0dXJuIDEKICBmaQp9CgpmdW5jdGlvbiBzcGxpdC1jb21tYXMoKSB7CiAgZWNobyAkMSB8IHRyICIsIiAiXG4iCn0KCmZ1bmN0aW9uIHRyeS1kb3dubG9hZC1yZWxlYXNlKCkgewogIGxvY2FsIC1yIG5vZGV1cF91cmxzPSggJChzcGxpdC1jb21tYXMgIiR7Tk9ERVVQX1VSTH0iKSApCiAgaWYgW1sgLW4gIiR7Tk9ERVVQX0hBU0g6LX0iIF1dOyB0aGVuCiAgICBsb2NhbCAtciBub2RldXBfaGFzaD0iJHtOT0RFVVBfSEFTSH0iCiAgZWxzZQogICMgVE9ETzogUmVtb3ZlPwogICAgZWNobyAiRG93bmxvYWRpbmcgc2hhMjU2IChub3QgZm91bmQgaW4gZW52KSIKICAgIGRvd25sb2FkLW9yLWJ1c3Qgbm9kZXVwLnNoYTI1NiAiIiAiJHtub2RldXBfdXJsc1tAXS8lLy5zaGEyNTZ9IgogICAgbG9jYWwgLXIgbm9kZXVwX2hhc2g9JChjYXQgbm9kZXVwLnNoYTI1NikKICBmaQoKICBlY2hvICJEb3dubG9hZGluZyBub2RldXAgKCR7bm9kZXVwX3VybHNbQF19KSIKICBkb3dubG9hZC1vci1idXN0IG5vZGV1cCAiJHtub2RldXBfaGFzaH0iICIke25vZGV1cF91cmxzW0BdfSIKCiAgY2htb2QgK3ggbm9kZXVwCn0KCmZ1bmN0aW9uIGRvd25sb2FkLXJlbGVhc2UoKSB7CiAgY2FzZSAiJCh1bmFtZSAtbSkiIGluCiAgeDg2XzY0KnxpPzg2XzY0KnxhbWQ2NCopCiAgICBOT0RFVVBfVVJMPSIke05PREVVUF9VUkxfQU1ENjR9IgogICAgTk9ERVVQX0hBU0g9IiR7Tk9ERVVQX0hBU0hfQU1ENjR9IgogICAgOzsKICBhYXJjaDY0Knxhcm02NCopCiAgICBOT0RFVVBfVVJMPSIke05PREVVUF9VUkxfQVJNNjR9IgogICAgTk9ERVVQX0hBU0g9IiR7Tk9ERVVQX0hBU0hfQVJNNjR9IgogICAgOzsKICAqKQogICAgZWNobyAiVW5zdXBwb3J0ZWQgaG9zdCBhcmNoOiAkKHVuYW1lIC1tKSIgPiYyCiAgICBleGl0IDEKICAgIDs7CiAgZXNhYwoKICAjIEluIGNhc2Ugb2YgZmFpbHVyZSBjaGVja2luZyBpbnRlZ3JpdHkgb2YgcmVsZWFzZSwgcmV0cnkuCiAgY2QgJHtJTlNUQUxMX0RJUn0vYmluCiAgdW50aWwgdHJ5LWRvd25sb2FkLXJlbGVhc2U7IGRvCiAgICBzbGVlcCAxNQogICAgZWNobyAiQ291bGRuJ3QgZG93bmxvYWQgcmVsZWFzZS4gUmV0cnlpbmcuLi4iCiAgZG9uZQoKICBlY2hvICJSdW5uaW5nIG5vZGV1cCIKICAjIFdlIGNhbid0IHJ1biBpbiB0aGUgZm9yZWdyb3VuZCBiZWNhdXNlIG9mIGh0dHBzOi8vZ2l0aHViLmNvbS9kb2NrZXIvZG9ja2VyL2lzc3Vlcy8yMzc5MwogICggY2QgJHtJTlNUQUxMX0RJUn0vYmluOyAuL25vZGV1cCAtLWluc3RhbGwtc3lzdGVtZC11bml0IC0tY29uZj0ke0lOU1RBTExfRElSfS9jb25mL2t1YmVfZW52LnlhbWwgLS12PTggICkKfQoKIyMjIyMjIyMjIyMjIyMjIyMjIyMjIyMjIyMjIyMjIyMjIyMjIyMjIyMjIyMjIyMjIyMjIyMjIyMjIyMjIyMjIyMjIyMjIyMjIyMjIyMjIyMjIyMjCgovYmluL3N5c3RlbWQtbWFjaGluZS1pZC1zZXR1cCB8fCBlY2hvICJmYWlsZWQgdG8gc2V0IHVwIGVuc3VyZSBtYWNoaW5lLWlkIGNvbmZpZ3VyZWQiCgplY2hvICI9PSBub2RldXAgbm9kZSBjb25maWcgc3RhcnRpbmcgPT0iCmVuc3VyZS1pbnN0YWxsLWRpcgoKY2F0ID4gY29uZi9jbHVzdGVyX3NwZWMueWFtbCA8PCAnX19FT0ZfQ0xVU1RFUl9TUEVDJwpjbG91ZENvbmZpZzoKICBtYW5hZ2VTdG9yYWdlQ2xhc3NlczogdHJ1ZQpjb250YWluZXJSdW50aW1lOiBjb250YWluZXJkCmNvbnRhaW5lcmQ6CiAgY29uZmlnT3ZlcnJpZGU6IHwKICAgIHZlcnNpb24gPSAyCgogICAgW3BsdWdpbnNdCgogICAgICBbcGx1Z2lucy4iaW8uY29udGFpbmVyZC5ncnBjLnYxLmNyaSJdCgogICAgICAgIFtwbHVnaW5zLiJpby5jb250YWluZXJkLmdycGMudjEuY3JpIi5jbmldCiAgICAgICAgICBjb25mX3RlbXBsYXRlID0gIi9ldGMvY29udGFpbmVyZC9jb25maWctY25pLnRlbXBsYXRlIgoKICAgICAgICBbcGx1Z2lucy4iaW8uY29udGFpbmVyZC5ncnBjLnYxLmNyaSIuY29udGFpbmVyZF0KCiAgICAgICAgICBbcGx1Z2lucy4iaW8uY29udGFpbmVyZC5ncnBjLnYxLmNyaSIuY29udGFpbmVyZC5ydW50aW1lc10KCiAgICAgICAgICAgIFtwbHVnaW5zLiJpby5jb250YWluZXJkLmdycGMudjEuY3JpIi5jb250YWluZXJkLnJ1bnRpbWVzLnJ1bmNdCiAgICAgICAgICAgICAgcnVudGltZV90eXBlID0gImlvLmNvbnRhaW5lcmQucnVuYy52MiIKCiAgICAgICAgICAgICAgW3BsdWdpbnMuImlvLmNvbnRhaW5lcmQuZ3JwYy52MS5jcmkiLmNvbnRhaW5lcmQucnVudGltZXMucnVuYy5vcHRpb25zXQogICAgICAgICAgICAgICAgU3lzdGVtZENncm91cCA9IHRydWUKICBsb2dMZXZlbDogaW5mbwogIHZlcnNpb246IDEuNC42CmRvY2tlcjoKICBza2lwSW5zdGFsbDogdHJ1ZQprdWJlUHJveHk6CiAgY2x1c3RlckNJRFI6IDEwMC45Ni4wLjAvMTEKICBjcHVSZXF1ZXN0OiAxMDBtCiAgaG9zdG5hbWVPdmVycmlkZTogJ0Bhd3MnCiAgaW1hZ2U6IGs4cy5nY3IuaW8va3ViZS1wcm94eTp2MS4yMC43CiAgbG9nTGV2ZWw6IDIKa3ViZWxldDoKICBhbm9ueW1vdXNBdXRoOiBmYWxzZQogIGNncm91cERyaXZlcjogc3lzdGVtZAogIGNncm91cFJvb3Q6IC8KICBjbG91ZFByb3ZpZGVyOiBhd3MKICBjbHVzdGVyRE5TOiAxMDAuNjQuMC4xMAogIGNsdXN0ZXJEb21haW46IGNsdXN0ZXIubG9jYWwKICBlbmFibGVEZWJ1Z2dpbmdIYW5kbGVyczogdHJ1ZQogIGV2aWN0aW9uSGFyZDogbWVtb3J5LmF2YWlsYWJsZTwxMDBNaSxub2RlZnMuYXZhaWxhYmxlPDEwJSxub2RlZnMuaW5vZGVzRnJlZTw1JSxpbWFnZWZzLmF2YWlsYWJsZTwxMCUsaW1hZ2Vmcy5pbm9kZXNGcmVlPDUlCiAgaG9zdG5hbWVPdmVycmlkZTogJ0Bhd3MnCiAga3ViZWNvbmZpZ1BhdGg6IC92YXIvbGliL2t1YmVsZXQva3ViZWNvbmZpZwogIGxvZ0xldmVsOiAyCiAgbm9uTWFzcXVlcmFkZUNJRFI6IDEwMC42NC4wLjAvMTAKICBwb2RNYW5pZmVzdFBhdGg6IC9ldGMva3ViZXJuZXRlcy9tYW5pZmVzdHMKCl9fRU9GX0NMVVNURVJfU1BFQwoKY2F0ID4gY29uZi9pZ19zcGVjLnlhbWwgPDwgJ19fRU9GX0lHX1NQRUMnCnt9CgpfX0VPRl9JR19TUEVDCgpjYXQgPiBjb25mL2t1YmVfZW52LnlhbWwgPDwgJ19fRU9GX0tVQkVfRU5WJwpBc3NldHM6CiAgYW1kNjQ6CiAgLSBmOTZlZGE4MTBlYzRjOGY0MGY2NDU1ZWFhYjliZTQ2YThkMDk1OGQ3MmY4NDMyYjQ4YThhMGQ3YzUyODY3YzVmQGh0dHBzOi8vc3RvcmFnZS5nb29nbGVhcGlzLmNvbS9rdWJlcm5ldGVzLXJlbGVhc2UvcmVsZWFzZS92MS4yMC43L2Jpbi9saW51eC9hbWQ2NC9rdWJlbGV0CiAgLSAyZWEzMDA2YTY0ZDQ4NjU3YWM3MjIyM2EwMWM2ZGYwZTViODI3NzAzMjYzZjI1ODZkYTI4MDQ0ZWE5ZTk3ZGFmQGh0dHBzOi8vc3RvcmFnZS5nb29nbGVhcGlzLmNvbS9rdWJlcm5ldGVzLXJlbGVhc2UvcmVsZWFzZS92MS4yMC43L2Jpbi9saW51eC9hbWQ2NC9rdWJlY3RsCiAgLSA5Nzc4MjQ5MzJkNTY2N2M3YTM3YWE2YTNjYmJhNDAxMDBhNjg3M2U3YmQ5N2U4M2U4YmU4MzdlM2U3YWZkMGE4QGh0dHBzOi8vc3RvcmFnZS5nb29nbGVhcGlzLmNvbS9rOHMtYXJ0aWZhY3RzLWNuaS9yZWxlYXNlL3YwLjguNy9jbmktcGx1Z2lucy1saW51eC1hbWQ2NC12MC44LjcudGd6CiAgLSA2YWU0NzYzNTk4Yzk1ODNmOGI1MDYwNWYxOWQ2YzdlOWVmOTNjMjE2NzA2NDY1ZTczZGZjODRlZTZiNjNhMjM4QGh0dHBzOi8vZ2l0aHViLmNvbS9jb250YWluZXJkL2NvbnRhaW5lcmQvcmVsZWFzZXMvZG93bmxvYWQvdjEuNC42L2NyaS1jb250YWluZXJkLWNuaS0xLjQuNi1saW51eC1hbWQ2NC50YXIuZ3oKICBhcm02NDoKICAtIDc5YTFkYjAwMWI1MTk3MzI5NzU3OGI5Y2MyYmE1YThkNjg2ZWVhMjE2ZGZiZDEyNjQ5YzdmMDQxYzYyNDY3NWVAaHR0cHM6Ly9zdG9yYWdlLmdvb2dsZWFwaXMuY29tL2t1YmVybmV0ZXMtcmVsZWFzZS9yZWxlYXNlL3YxLjIwLjcvYmluL2xpbnV4L2FybTY0L2t1YmVsZXQKICAtIGEzYzhjNjQ4ODE0NWJhM2JjOGIyZDhhOGQ0NmQ2NTk5ZTlkNmMyZDMzOWEwM2QyNTgyMmI2ZDhiMDZkNjE2NDZAaHR0cHM6Ly9zdG9yYWdlLmdvb2dsZWFwaXMuY29tL2t1YmVybmV0ZXMtcmVsZWFzZS9yZWxlYXNlL3YxLjIwLjcvYmluL2xpbnV4L2FybTY0L2t1YmVjdGwKICAtIGFlMTNkN2I1YzA1YmQxODBlYTliNWI2OGY0NGJkYWE3YmZiNDEwMzRhMmVmMWQ2OGZkOGUxMjU5Nzk3ZDY0MmZAaHR0cHM6Ly9zdG9yYWdlLmdvb2dsZWFwaXMuY29tL2s4cy1hcnRpZmFjdHMtY25pL3JlbGVhc2UvdjAuOC43L2NuaS1wbHVnaW5zLWxpbnV4LWFybTY0LXYwLjguNy50Z3oKICAtIGJlOGM5YTVhMDZlYmVjOGZiMWQzNmU4NjdjZDAwZmI1Nzc3NzQ2YTk4MTJhMGNhZTI5NjY3NzhmZjg5OWM1MjVAaHR0cHM6Ly9kb3dubG9hZC5kb2NrZXIuY29tL2xpbnV4L3N0YXRpYy9zdGFibGUvYWFyY2g2NC9kb2NrZXItMjAuMTAuNy50Z3oKQ2x1c3Rlck5hbWU6IGt1YmVybmV0ZXMuZHVzYW5zdG9qbmljLmNvbQpDb25maWdCYXNlOiBzMzovL2s4cy1jbHVzdGVyLXRlcnJhZm9ybS1zdGF0ZS1zdG9yZS9rdWJlcm5ldGVzLmR1c2Fuc3Rvam5pYy5jb20KSW5zdGFuY2VHcm91cE5hbWU6IG5vZGVzLXVzLWVhc3QtMWMKSW5zdGFuY2VHcm91cFJvbGU6IE5vZGUKS3ViZWxldENvbmZpZzoKICBhbm9ueW1vdXNBdXRoOiBmYWxzZQogIGNncm91cERyaXZlcjogc3lzdGVtZAogIGNncm91cFJvb3Q6IC8KICBjbG91ZFByb3ZpZGVyOiBhd3MKICBjbHVzdGVyRE5TOiAxMDAuNjQuMC4xMAogIGNsdXN0ZXJEb21haW46IGNsdXN0ZXIubG9jYWwKICBlbmFibGVEZWJ1Z2dpbmdIYW5kbGVyczogdHJ1ZQogIGV2aWN0aW9uSGFyZDogbWVtb3J5LmF2YWlsYWJsZTwxMDBNaSxub2RlZnMuYXZhaWxhYmxlPDEwJSxub2RlZnMuaW5vZGVzRnJlZTw1JSxpbWFnZWZzLmF2YWlsYWJsZTwxMCUsaW1hZ2Vmcy5pbm9kZXNGcmVlPDUlCiAgaG9zdG5hbWVPdmVycmlkZTogJ0Bhd3MnCiAga3ViZWNvbmZpZ1BhdGg6IC92YXIvbGliL2t1YmVsZXQva3ViZWNvbmZpZwogIGxvZ0xldmVsOiAyCiAgbm9kZUxhYmVsczoKICAgIGtvcHMuazhzLmlvL2luc3RhbmNlZ3JvdXA6IG5vZGVzLXVzLWVhc3QtMWMKICAgIGt1YmVybmV0ZXMuaW8vcm9sZTogbm9kZQogICAgbm9kZS1yb2xlLmt1YmVybmV0ZXMuaW8vbm9kZTogIiIKICBub25NYXNxdWVyYWRlQ0lEUjogMTAwLjY0LjAuMC8xMAogIHBvZE1hbmlmZXN0UGF0aDogL2V0Yy9rdWJlcm5ldGVzL21hbmlmZXN0cwpjaGFubmVsczoKLSBzMzovL2s4cy1jbHVzdGVyLXRlcnJhZm9ybS1zdGF0ZS1zdG9yZS9rdWJlcm5ldGVzLmR1c2Fuc3Rvam5pYy5jb20vYWRkb25zL2Jvb3RzdHJhcC1jaGFubmVsLnlhbWwKCl9fRU9GX0tVQkVfRU5WCgpkb3dubG9hZC1yZWxlYXNlCmVjaG8gIj09IG5vZGV1cCBub2RlIGNvbmZpZyBkb25lID09Igo=",
            "vpc_security_group_ids": null
          },
          "sensitive_attributes": [],
          "private": "bnVsbA==",
          "dependencies": [
            "aws_iam_instance_profile.nodes-kubernetes-dusanstojnic-com",
            "aws_iam_role.nodes-kubernetes-dusanstojnic-com",
            "aws_key_pair.kubernetes-kubernetes-dusanstojnic-com-96381a26fc28ca2580d55acd7537021c",
            "aws_security_group.nodes-kubernetes-dusanstojnic-com",
            "aws_vpc.kubernetes-dusanstojnic-com"
          ],
          "create_before_destroy": true
        }
      ]
    },
    {
      "mode": "managed",
      "type": "aws_route",
      "name": "route-0-0-0-0--0",
      "provider": "provider[\"registry.terraform.io/hashicorp/aws\"]",
      "instances": [
        {
          "schema_version": 0,
          "attributes": {
            "carrier_gateway_id": "",
            "destination_cidr_block": "0.0.0.0/0",
            "destination_ipv6_cidr_block": "",
            "destination_prefix_list_id": "",
            "egress_only_gateway_id": "",
            "gateway_id": "igw-02f517395d79951a3",
            "id": "r-rtb-05910204f86c91f8e1080289494",
            "instance_id": "",
            "instance_owner_id": "",
            "local_gateway_id": "",
            "nat_gateway_id": "",
            "network_interface_id": "",
            "origin": "CreateRoute",
            "route_table_id": "rtb-05910204f86c91f8e",
            "state": "active",
            "timeouts": null,
            "transit_gateway_id": "",
            "vpc_endpoint_id": "",
            "vpc_peering_connection_id": ""
          },
          "sensitive_attributes": [],
          "private": "eyJlMmJmYjczMC1lY2FhLTExZTYtOGY4OC0zNDM2M2JjN2M0YzAiOnsiY3JlYXRlIjoxMjAwMDAwMDAwMDAsImRlbGV0ZSI6MzAwMDAwMDAwMDAwfX0=",
          "dependencies": [
            "aws_internet_gateway.kubernetes-dusanstojnic-com",
            "aws_route_table.kubernetes-dusanstojnic-com",
            "aws_vpc.kubernetes-dusanstojnic-com"
          ]
        }
      ]
    },
    {
      "mode": "managed",
      "type": "aws_route_table",
      "name": "kubernetes-dusanstojnic-com",
      "provider": "provider[\"registry.terraform.io/hashicorp/aws\"]",
      "instances": [
        {
          "schema_version": 0,
          "attributes": {
            "arn": "arn:aws:ec2:us-east-1:601397153077:route-table/rtb-05910204f86c91f8e",
            "id": "rtb-05910204f86c91f8e",
            "owner_id": "601397153077",
            "propagating_vgws": [],
            "route": [],
            "tags": {
              "KubernetesCluster": "kubernetes.dusanstojnic.com",
              "Name": "kubernetes.dusanstojnic.com",
              "kubernetes.io/cluster/kubernetes.dusanstojnic.com": "owned",
              "kubernetes.io/kops/role": "public"
            },
            "tags_all": {
              "KubernetesCluster": "kubernetes.dusanstojnic.com",
              "Name": "kubernetes.dusanstojnic.com",
              "kubernetes.io/cluster/kubernetes.dusanstojnic.com": "owned",
              "kubernetes.io/kops/role": "public"
            },
            "vpc_id": "vpc-08e523136a07399e1"
          },
          "sensitive_attributes": [],
          "private": "bnVsbA==",
          "dependencies": [
            "aws_vpc.kubernetes-dusanstojnic-com"
          ]
        }
      ]
    },
    {
      "mode": "managed",
      "type": "aws_route_table_association",
      "name": "us-east-1a-kubernetes-dusanstojnic-com",
      "provider": "provider[\"registry.terraform.io/hashicorp/aws\"]",
      "instances": [
        {
          "schema_version": 0,
          "attributes": {
            "gateway_id": null,
            "id": "rtbassoc-096f9fd160dc41a61",
            "route_table_id": "rtb-05910204f86c91f8e",
            "subnet_id": "subnet-0cdcb864a6b2975fc"
          },
          "sensitive_attributes": [],
          "private": "bnVsbA==",
          "dependencies": [
            "aws_route_table.kubernetes-dusanstojnic-com",
            "aws_subnet.us-east-1a-kubernetes-dusanstojnic-com",
            "aws_vpc.kubernetes-dusanstojnic-com"
          ]
        }
      ]
    },
    {
      "mode": "managed",
      "type": "aws_route_table_association",
      "name": "us-east-1b-kubernetes-dusanstojnic-com",
      "provider": "provider[\"registry.terraform.io/hashicorp/aws\"]",
      "instances": [
        {
          "schema_version": 0,
          "attributes": {
            "gateway_id": null,
            "id": "rtbassoc-019b58ced3a9226e3",
            "route_table_id": "rtb-05910204f86c91f8e",
            "subnet_id": "subnet-047eaeb1690731820"
          },
          "sensitive_attributes": [],
          "private": "bnVsbA==",
          "dependencies": [
            "aws_route_table.kubernetes-dusanstojnic-com",
            "aws_subnet.us-east-1b-kubernetes-dusanstojnic-com",
            "aws_vpc.kubernetes-dusanstojnic-com"
          ]
        }
      ]
    },
    {
      "mode": "managed",
      "type": "aws_route_table_association",
      "name": "us-east-1c-kubernetes-dusanstojnic-com",
      "provider": "provider[\"registry.terraform.io/hashicorp/aws\"]",
      "instances": [
        {
          "schema_version": 0,
          "attributes": {
            "gateway_id": null,
            "id": "rtbassoc-07ffeb2c8bd8dccac",
            "route_table_id": "rtb-05910204f86c91f8e",
            "subnet_id": "subnet-05a68e55683c787e6"
          },
          "sensitive_attributes": [],
          "private": "bnVsbA==",
          "dependencies": [
            "aws_route_table.kubernetes-dusanstojnic-com",
            "aws_subnet.us-east-1c-kubernetes-dusanstojnic-com",
            "aws_vpc.kubernetes-dusanstojnic-com"
          ]
        }
      ]
    },
    {
      "mode": "managed",
      "type": "aws_security_group",
      "name": "masters-kubernetes-dusanstojnic-com",
      "provider": "provider[\"registry.terraform.io/hashicorp/aws\"]",
      "instances": [
        {
          "schema_version": 1,
          "attributes": {
            "arn": "arn:aws:ec2:us-east-1:601397153077:security-group/sg-0278482a11ff7410e",
            "description": "Security group for masters",
            "egress": [],
            "id": "sg-0278482a11ff7410e",
            "ingress": [],
            "name": "masters.kubernetes.dusanstojnic.com",
            "name_prefix": "",
            "owner_id": "601397153077",
            "revoke_rules_on_delete": false,
            "tags": {
              "KubernetesCluster": "kubernetes.dusanstojnic.com",
              "Name": "masters.kubernetes.dusanstojnic.com",
              "kubernetes.io/cluster/kubernetes.dusanstojnic.com": "owned"
            },
            "tags_all": {
              "KubernetesCluster": "kubernetes.dusanstojnic.com",
              "Name": "masters.kubernetes.dusanstojnic.com",
              "kubernetes.io/cluster/kubernetes.dusanstojnic.com": "owned"
            },
            "timeouts": null,
            "vpc_id": "vpc-08e523136a07399e1"
          },
          "sensitive_attributes": [],
          "private": "eyJlMmJmYjczMC1lY2FhLTExZTYtOGY4OC0zNDM2M2JjN2M0YzAiOnsiY3JlYXRlIjo2MDAwMDAwMDAwMDAsImRlbGV0ZSI6OTAwMDAwMDAwMDAwfSwic2NoZW1hX3ZlcnNpb24iOiIxIn0=",
          "dependencies": [
            "aws_vpc.kubernetes-dusanstojnic-com"
          ],
          "create_before_destroy": true
        }
      ]
    },
    {
      "mode": "managed",
      "type": "aws_security_group",
      "name": "nodes-kubernetes-dusanstojnic-com",
      "provider": "provider[\"registry.terraform.io/hashicorp/aws\"]",
      "instances": [
        {
          "schema_version": 1,
          "attributes": {
            "arn": "arn:aws:ec2:us-east-1:601397153077:security-group/sg-08708a787e2b38a6a",
            "description": "Security group for nodes",
            "egress": [],
            "id": "sg-08708a787e2b38a6a",
            "ingress": [],
            "name": "nodes.kubernetes.dusanstojnic.com",
            "name_prefix": "",
            "owner_id": "601397153077",
            "revoke_rules_on_delete": false,
            "tags": {
              "KubernetesCluster": "kubernetes.dusanstojnic.com",
              "Name": "nodes.kubernetes.dusanstojnic.com",
              "kubernetes.io/cluster/kubernetes.dusanstojnic.com": "owned"
            },
            "tags_all": {
              "KubernetesCluster": "kubernetes.dusanstojnic.com",
              "Name": "nodes.kubernetes.dusanstojnic.com",
              "kubernetes.io/cluster/kubernetes.dusanstojnic.com": "owned"
            },
            "timeouts": null,
            "vpc_id": "vpc-08e523136a07399e1"
          },
          "sensitive_attributes": [],
          "private": "eyJlMmJmYjczMC1lY2FhLTExZTYtOGY4OC0zNDM2M2JjN2M0YzAiOnsiY3JlYXRlIjo2MDAwMDAwMDAwMDAsImRlbGV0ZSI6OTAwMDAwMDAwMDAwfSwic2NoZW1hX3ZlcnNpb24iOiIxIn0=",
          "dependencies": [
            "aws_vpc.kubernetes-dusanstojnic-com"
          ],
          "create_before_destroy": true
        }
      ]
    },
    {
      "mode": "managed",
      "type": "aws_security_group_rule",
      "name": "from-0-0-0-0--0-ingress-tcp-22to22-masters-kubernetes-dusanstojnic-com",
      "provider": "provider[\"registry.terraform.io/hashicorp/aws\"]",
      "instances": [
        {
          "schema_version": 2,
          "attributes": {
            "cidr_blocks": [
              "0.0.0.0/0"
            ],
            "description": null,
            "from_port": 22,
            "id": "sgrule-667910505",
            "ipv6_cidr_blocks": null,
            "prefix_list_ids": null,
            "protocol": "tcp",
            "security_group_id": "sg-0278482a11ff7410e",
            "self": false,
            "source_security_group_id": null,
            "to_port": 22,
            "type": "ingress"
          },
          "sensitive_attributes": [],
          "private": "eyJzY2hlbWFfdmVyc2lvbiI6IjIifQ==",
          "dependencies": [
            "aws_security_group.masters-kubernetes-dusanstojnic-com",
            "aws_vpc.kubernetes-dusanstojnic-com"
          ]
        }
      ]
    },
    {
      "mode": "managed",
      "type": "aws_security_group_rule",
      "name": "from-0-0-0-0--0-ingress-tcp-22to22-nodes-kubernetes-dusanstojnic-com",
      "provider": "provider[\"registry.terraform.io/hashicorp/aws\"]",
      "instances": [
        {
          "schema_version": 2,
          "attributes": {
            "cidr_blocks": [
              "0.0.0.0/0"
            ],
            "description": null,
            "from_port": 22,
            "id": "sgrule-3571213572",
            "ipv6_cidr_blocks": null,
            "prefix_list_ids": null,
            "protocol": "tcp",
            "security_group_id": "sg-08708a787e2b38a6a",
            "self": false,
            "source_security_group_id": null,
            "to_port": 22,
            "type": "ingress"
          },
          "sensitive_attributes": [],
          "private": "eyJzY2hlbWFfdmVyc2lvbiI6IjIifQ==",
          "dependencies": [
            "aws_security_group.nodes-kubernetes-dusanstojnic-com",
            "aws_vpc.kubernetes-dusanstojnic-com"
          ]
        }
      ]
    },
    {
      "mode": "managed",
      "type": "aws_security_group_rule",
      "name": "from-0-0-0-0--0-ingress-tcp-443to443-masters-kubernetes-dusanstojnic-com",
      "provider": "provider[\"registry.terraform.io/hashicorp/aws\"]",
      "instances": [
        {
          "schema_version": 2,
          "attributes": {
            "cidr_blocks": [
              "0.0.0.0/0"
            ],
            "description": null,
            "from_port": 443,
            "id": "sgrule-80471899",
            "ipv6_cidr_blocks": null,
            "prefix_list_ids": null,
            "protocol": "tcp",
            "security_group_id": "sg-0278482a11ff7410e",
            "self": false,
            "source_security_group_id": null,
            "to_port": 443,
            "type": "ingress"
          },
          "sensitive_attributes": [],
          "private": "eyJzY2hlbWFfdmVyc2lvbiI6IjIifQ==",
          "dependencies": [
            "aws_security_group.masters-kubernetes-dusanstojnic-com",
            "aws_vpc.kubernetes-dusanstojnic-com"
          ]
        }
      ]
    },
    {
      "mode": "managed",
      "type": "aws_security_group_rule",
      "name": "from-masters-kubernetes-dusanstojnic-com-egress-all-0to0-0-0-0-0--0",
      "provider": "provider[\"registry.terraform.io/hashicorp/aws\"]",
      "instances": [
        {
          "schema_version": 2,
          "attributes": {
            "cidr_blocks": [
              "0.0.0.0/0"
            ],
            "description": null,
            "from_port": 0,
            "id": "sgrule-4016414411",
            "ipv6_cidr_blocks": null,
            "prefix_list_ids": null,
            "protocol": "-1",
            "security_group_id": "sg-0278482a11ff7410e",
            "self": false,
            "source_security_group_id": null,
            "to_port": 0,
            "type": "egress"
          },
          "sensitive_attributes": [],
          "private": "eyJzY2hlbWFfdmVyc2lvbiI6IjIifQ==",
          "dependencies": [
            "aws_security_group.masters-kubernetes-dusanstojnic-com",
            "aws_vpc.kubernetes-dusanstojnic-com"
          ]
        }
      ]
    },
    {
      "mode": "managed",
      "type": "aws_security_group_rule",
      "name": "from-masters-kubernetes-dusanstojnic-com-ingress-all-0to0-masters-kubernetes-dusanstojnic-com",
      "provider": "provider[\"registry.terraform.io/hashicorp/aws\"]",
      "instances": [
        {
          "schema_version": 2,
          "attributes": {
            "cidr_blocks": null,
            "description": null,
            "from_port": 0,
            "id": "sgrule-2291548197",
            "ipv6_cidr_blocks": null,
            "prefix_list_ids": null,
            "protocol": "-1",
            "security_group_id": "sg-0278482a11ff7410e",
            "self": false,
            "source_security_group_id": "sg-0278482a11ff7410e",
            "to_port": 0,
            "type": "ingress"
          },
          "sensitive_attributes": [],
          "private": "eyJzY2hlbWFfdmVyc2lvbiI6IjIifQ==",
          "dependencies": [
            "aws_security_group.masters-kubernetes-dusanstojnic-com",
            "aws_vpc.kubernetes-dusanstojnic-com"
          ]
        }
      ]
    },
    {
      "mode": "managed",
      "type": "aws_security_group_rule",
      "name": "from-masters-kubernetes-dusanstojnic-com-ingress-all-0to0-nodes-kubernetes-dusanstojnic-com",
      "provider": "provider[\"registry.terraform.io/hashicorp/aws\"]",
      "instances": [
        {
          "schema_version": 2,
          "attributes": {
            "cidr_blocks": null,
            "description": null,
            "from_port": 0,
            "id": "sgrule-2446887649",
            "ipv6_cidr_blocks": null,
            "prefix_list_ids": null,
            "protocol": "-1",
            "security_group_id": "sg-08708a787e2b38a6a",
            "self": false,
            "source_security_group_id": "sg-0278482a11ff7410e",
            "to_port": 0,
            "type": "ingress"
          },
          "sensitive_attributes": [],
          "private": "eyJzY2hlbWFfdmVyc2lvbiI6IjIifQ==",
          "dependencies": [
            "aws_security_group.masters-kubernetes-dusanstojnic-com",
            "aws_security_group.nodes-kubernetes-dusanstojnic-com",
            "aws_vpc.kubernetes-dusanstojnic-com"
          ]
        }
      ]
    },
    {
      "mode": "managed",
      "type": "aws_security_group_rule",
      "name": "from-nodes-kubernetes-dusanstojnic-com-egress-all-0to0-0-0-0-0--0",
      "provider": "provider[\"registry.terraform.io/hashicorp/aws\"]",
      "instances": [
        {
          "schema_version": 2,
          "attributes": {
            "cidr_blocks": [
              "0.0.0.0/0"
            ],
            "description": null,
            "from_port": 0,
            "id": "sgrule-782032077",
            "ipv6_cidr_blocks": null,
            "prefix_list_ids": null,
            "protocol": "-1",
            "security_group_id": "sg-08708a787e2b38a6a",
            "self": false,
            "source_security_group_id": null,
            "to_port": 0,
            "type": "egress"
          },
          "sensitive_attributes": [],
          "private": "eyJzY2hlbWFfdmVyc2lvbiI6IjIifQ==",
          "dependencies": [
            "aws_security_group.nodes-kubernetes-dusanstojnic-com",
            "aws_vpc.kubernetes-dusanstojnic-com"
          ]
        }
      ]
    },
    {
      "mode": "managed",
      "type": "aws_security_group_rule",
      "name": "from-nodes-kubernetes-dusanstojnic-com-ingress-all-0to0-nodes-kubernetes-dusanstojnic-com",
      "provider": "provider[\"registry.terraform.io/hashicorp/aws\"]",
      "instances": [
        {
          "schema_version": 2,
          "attributes": {
            "cidr_blocks": null,
            "description": null,
            "from_port": 0,
            "id": "sgrule-3931746500",
            "ipv6_cidr_blocks": null,
            "prefix_list_ids": null,
            "protocol": "-1",
            "security_group_id": "sg-08708a787e2b38a6a",
            "self": false,
            "source_security_group_id": "sg-08708a787e2b38a6a",
            "to_port": 0,
            "type": "ingress"
          },
          "sensitive_attributes": [],
          "private": "eyJzY2hlbWFfdmVyc2lvbiI6IjIifQ==",
          "dependencies": [
            "aws_security_group.nodes-kubernetes-dusanstojnic-com",
            "aws_vpc.kubernetes-dusanstojnic-com"
          ]
        }
      ]
    },
    {
      "mode": "managed",
      "type": "aws_security_group_rule",
      "name": "from-nodes-kubernetes-dusanstojnic-com-ingress-tcp-1to2379-masters-kubernetes-dusanstojnic-com",
      "provider": "provider[\"registry.terraform.io/hashicorp/aws\"]",
      "instances": [
        {
          "schema_version": 2,
          "attributes": {
            "cidr_blocks": null,
            "description": null,
            "from_port": 1,
            "id": "sgrule-107238440",
            "ipv6_cidr_blocks": null,
            "prefix_list_ids": null,
            "protocol": "tcp",
            "security_group_id": "sg-0278482a11ff7410e",
            "self": false,
            "source_security_group_id": "sg-08708a787e2b38a6a",
            "to_port": 2379,
            "type": "ingress"
          },
          "sensitive_attributes": [],
          "private": "eyJzY2hlbWFfdmVyc2lvbiI6IjIifQ==",
          "dependencies": [
            "aws_security_group.masters-kubernetes-dusanstojnic-com",
            "aws_security_group.nodes-kubernetes-dusanstojnic-com",
            "aws_vpc.kubernetes-dusanstojnic-com"
          ]
        }
      ]
    },
    {
      "mode": "managed",
      "type": "aws_security_group_rule",
      "name": "from-nodes-kubernetes-dusanstojnic-com-ingress-tcp-2382to4000-masters-kubernetes-dusanstojnic-com",
      "provider": "provider[\"registry.terraform.io/hashicorp/aws\"]",
      "instances": [
        {
          "schema_version": 2,
          "attributes": {
            "cidr_blocks": null,
            "description": null,
            "from_port": 2382,
            "id": "sgrule-1942773698",
            "ipv6_cidr_blocks": null,
            "prefix_list_ids": null,
            "protocol": "tcp",
            "security_group_id": "sg-0278482a11ff7410e",
            "self": false,
            "source_security_group_id": "sg-08708a787e2b38a6a",
            "to_port": 4000,
            "type": "ingress"
          },
          "sensitive_attributes": [],
          "private": "eyJzY2hlbWFfdmVyc2lvbiI6IjIifQ==",
          "dependencies": [
            "aws_security_group.masters-kubernetes-dusanstojnic-com",
            "aws_security_group.nodes-kubernetes-dusanstojnic-com",
            "aws_vpc.kubernetes-dusanstojnic-com"
          ]
        }
      ]
    },
    {
      "mode": "managed",
      "type": "aws_security_group_rule",
      "name": "from-nodes-kubernetes-dusanstojnic-com-ingress-tcp-4003to65535-masters-kubernetes-dusanstojnic-com",
      "provider": "provider[\"registry.terraform.io/hashicorp/aws\"]",
      "instances": [
        {
          "schema_version": 2,
          "attributes": {
            "cidr_blocks": null,
            "description": null,
            "from_port": 4003,
            "id": "sgrule-304162528",
            "ipv6_cidr_blocks": null,
            "prefix_list_ids": null,
            "protocol": "tcp",
            "security_group_id": "sg-0278482a11ff7410e",
            "self": false,
            "source_security_group_id": "sg-08708a787e2b38a6a",
            "to_port": 65535,
            "type": "ingress"
          },
          "sensitive_attributes": [],
          "private": "eyJzY2hlbWFfdmVyc2lvbiI6IjIifQ==",
          "dependencies": [
            "aws_security_group.masters-kubernetes-dusanstojnic-com",
            "aws_security_group.nodes-kubernetes-dusanstojnic-com",
            "aws_vpc.kubernetes-dusanstojnic-com"
          ]
        }
      ]
    },
    {
      "mode": "managed",
      "type": "aws_security_group_rule",
      "name": "from-nodes-kubernetes-dusanstojnic-com-ingress-udp-1to65535-masters-kubernetes-dusanstojnic-com",
      "provider": "provider[\"registry.terraform.io/hashicorp/aws\"]",
      "instances": [
        {
          "schema_version": 2,
          "attributes": {
            "cidr_blocks": null,
            "description": null,
            "from_port": 1,
            "id": "sgrule-3487797437",
            "ipv6_cidr_blocks": null,
            "prefix_list_ids": null,
            "protocol": "udp",
            "security_group_id": "sg-0278482a11ff7410e",
            "self": false,
            "source_security_group_id": "sg-08708a787e2b38a6a",
            "to_port": 65535,
            "type": "ingress"
          },
          "sensitive_attributes": [],
          "private": "eyJzY2hlbWFfdmVyc2lvbiI6IjIifQ==",
          "dependencies": [
            "aws_security_group.masters-kubernetes-dusanstojnic-com",
            "aws_security_group.nodes-kubernetes-dusanstojnic-com",
            "aws_vpc.kubernetes-dusanstojnic-com"
          ]
        }
      ]
    },
    {
      "mode": "managed",
      "type": "aws_subnet",
      "name": "us-east-1a-kubernetes-dusanstojnic-com",
      "provider": "provider[\"registry.terraform.io/hashicorp/aws\"]",
      "instances": [
        {
          "schema_version": 1,
          "attributes": {
            "arn": "arn:aws:ec2:us-east-1:601397153077:subnet/subnet-0cdcb864a6b2975fc",
            "assign_ipv6_address_on_creation": false,
            "availability_zone": "us-east-1a",
            "availability_zone_id": "use1-az6",
            "cidr_block": "172.20.32.0/19",
            "customer_owned_ipv4_pool": "",
            "id": "subnet-0cdcb864a6b2975fc",
            "ipv6_cidr_block": "",
            "ipv6_cidr_block_association_id": "",
            "map_customer_owned_ip_on_launch": false,
            "map_public_ip_on_launch": false,
            "outpost_arn": "",
            "owner_id": "601397153077",
            "tags": {
              "KubernetesCluster": "kubernetes.dusanstojnic.com",
              "Name": "us-east-1a.kubernetes.dusanstojnic.com",
              "SubnetType": "Public",
              "kubernetes.io/cluster/kubernetes.dusanstojnic.com": "owned",
              "kubernetes.io/role/elb": "1"
            },
            "tags_all": {
              "KubernetesCluster": "kubernetes.dusanstojnic.com",
              "Name": "us-east-1a.kubernetes.dusanstojnic.com",
              "SubnetType": "Public",
              "kubernetes.io/cluster/kubernetes.dusanstojnic.com": "owned",
              "kubernetes.io/role/elb": "1"
            },
            "timeouts": null,
            "vpc_id": "vpc-08e523136a07399e1"
          },
          "sensitive_attributes": [],
          "private": "eyJlMmJmYjczMC1lY2FhLTExZTYtOGY4OC0zNDM2M2JjN2M0YzAiOnsiY3JlYXRlIjo2MDAwMDAwMDAwMDAsImRlbGV0ZSI6MTIwMDAwMDAwMDAwMH0sInNjaGVtYV92ZXJzaW9uIjoiMSJ9",
          "dependencies": [
            "aws_vpc.kubernetes-dusanstojnic-com"
          ]
        }
      ]
    },
    {
      "mode": "managed",
      "type": "aws_subnet",
      "name": "us-east-1b-kubernetes-dusanstojnic-com",
      "provider": "provider[\"registry.terraform.io/hashicorp/aws\"]",
      "instances": [
        {
          "schema_version": 1,
          "attributes": {
            "arn": "arn:aws:ec2:us-east-1:601397153077:subnet/subnet-047eaeb1690731820",
            "assign_ipv6_address_on_creation": false,
            "availability_zone": "us-east-1b",
            "availability_zone_id": "use1-az1",
            "cidr_block": "172.20.64.0/19",
            "customer_owned_ipv4_pool": "",
            "id": "subnet-047eaeb1690731820",
            "ipv6_cidr_block": "",
            "ipv6_cidr_block_association_id": "",
            "map_customer_owned_ip_on_launch": false,
            "map_public_ip_on_launch": false,
            "outpost_arn": "",
            "owner_id": "601397153077",
            "tags": {
              "KubernetesCluster": "kubernetes.dusanstojnic.com",
              "Name": "us-east-1b.kubernetes.dusanstojnic.com",
              "SubnetType": "Public",
              "kubernetes.io/cluster/kubernetes.dusanstojnic.com": "owned",
              "kubernetes.io/role/elb": "1"
            },
            "tags_all": {
              "KubernetesCluster": "kubernetes.dusanstojnic.com",
              "Name": "us-east-1b.kubernetes.dusanstojnic.com",
              "SubnetType": "Public",
              "kubernetes.io/cluster/kubernetes.dusanstojnic.com": "owned",
              "kubernetes.io/role/elb": "1"
            },
            "timeouts": null,
            "vpc_id": "vpc-08e523136a07399e1"
          },
          "sensitive_attributes": [],
          "private": "eyJlMmJmYjczMC1lY2FhLTExZTYtOGY4OC0zNDM2M2JjN2M0YzAiOnsiY3JlYXRlIjo2MDAwMDAwMDAwMDAsImRlbGV0ZSI6MTIwMDAwMDAwMDAwMH0sInNjaGVtYV92ZXJzaW9uIjoiMSJ9",
          "dependencies": [
            "aws_vpc.kubernetes-dusanstojnic-com"
          ]
        }
      ]
    },
    {
      "mode": "managed",
      "type": "aws_subnet",
      "name": "us-east-1c-kubernetes-dusanstojnic-com",
      "provider": "provider[\"registry.terraform.io/hashicorp/aws\"]",
      "instances": [
        {
          "schema_version": 1,
          "attributes": {
            "arn": "arn:aws:ec2:us-east-1:601397153077:subnet/subnet-05a68e55683c787e6",
            "assign_ipv6_address_on_creation": false,
            "availability_zone": "us-east-1c",
            "availability_zone_id": "use1-az2",
            "cidr_block": "172.20.96.0/19",
            "customer_owned_ipv4_pool": "",
            "id": "subnet-05a68e55683c787e6",
            "ipv6_cidr_block": "",
            "ipv6_cidr_block_association_id": "",
            "map_customer_owned_ip_on_launch": false,
            "map_public_ip_on_launch": false,
            "outpost_arn": "",
            "owner_id": "601397153077",
            "tags": {
              "KubernetesCluster": "kubernetes.dusanstojnic.com",
              "Name": "us-east-1c.kubernetes.dusanstojnic.com",
              "SubnetType": "Public",
              "kubernetes.io/cluster/kubernetes.dusanstojnic.com": "owned",
              "kubernetes.io/role/elb": "1"
            },
            "tags_all": {
              "KubernetesCluster": "kubernetes.dusanstojnic.com",
              "Name": "us-east-1c.kubernetes.dusanstojnic.com",
              "SubnetType": "Public",
              "kubernetes.io/cluster/kubernetes.dusanstojnic.com": "owned",
              "kubernetes.io/role/elb": "1"
            },
            "timeouts": null,
            "vpc_id": "vpc-08e523136a07399e1"
          },
          "sensitive_attributes": [],
          "private": "eyJlMmJmYjczMC1lY2FhLTExZTYtOGY4OC0zNDM2M2JjN2M0YzAiOnsiY3JlYXRlIjo2MDAwMDAwMDAwMDAsImRlbGV0ZSI6MTIwMDAwMDAwMDAwMH0sInNjaGVtYV92ZXJzaW9uIjoiMSJ9",
          "dependencies": [
            "aws_vpc.kubernetes-dusanstojnic-com"
          ]
        }
      ]
    },
    {
      "mode": "managed",
      "type": "aws_vpc",
      "name": "kubernetes-dusanstojnic-com",
      "provider": "provider[\"registry.terraform.io/hashicorp/aws\"]",
      "instances": [
        {
          "schema_version": 1,
          "attributes": {
            "arn": "arn:aws:ec2:us-east-1:601397153077:vpc/vpc-08e523136a07399e1",
            "assign_generated_ipv6_cidr_block": false,
            "cidr_block": "172.20.0.0/16",
            "default_network_acl_id": "acl-0eb4b88e48177e407",
            "default_route_table_id": "rtb-0fa568c9178e64289",
            "default_security_group_id": "sg-0965e282a6ca0c558",
            "dhcp_options_id": "dopt-19e79562",
            "enable_classiclink": false,
            "enable_classiclink_dns_support": false,
            "enable_dns_hostnames": true,
            "enable_dns_support": true,
            "id": "vpc-08e523136a07399e1",
            "instance_tenancy": "default",
            "ipv6_association_id": "",
            "ipv6_cidr_block": "",
            "main_route_table_id": "rtb-0fa568c9178e64289",
            "owner_id": "601397153077",
            "tags": {
              "KubernetesCluster": "kubernetes.dusanstojnic.com",
              "Name": "kubernetes.dusanstojnic.com",
              "kubernetes.io/cluster/kubernetes.dusanstojnic.com": "owned"
            },
            "tags_all": {
              "KubernetesCluster": "kubernetes.dusanstojnic.com",
              "Name": "kubernetes.dusanstojnic.com",
              "kubernetes.io/cluster/kubernetes.dusanstojnic.com": "owned"
            }
          },
          "sensitive_attributes": [],
          "private": "eyJzY2hlbWFfdmVyc2lvbiI6IjEifQ==",
          "create_before_destroy": true
        }
      ]
    },
    {
      "mode": "managed",
      "type": "aws_vpc_dhcp_options",
      "name": "kubernetes-dusanstojnic-com",
      "provider": "provider[\"registry.terraform.io/hashicorp/aws\"]",
      "instances": [
        {
          "schema_version": 0,
          "attributes": {
            "arn": "arn:aws:ec2:us-east-1:601397153077:dhcp-options/dopt-062fa35c6da943583",
            "domain_name": "ec2.internal",
            "domain_name_servers": [
              "AmazonProvidedDNS"
            ],
            "id": "dopt-062fa35c6da943583",
            "netbios_name_servers": null,
            "netbios_node_type": null,
            "ntp_servers": null,
            "owner_id": "601397153077",
            "tags": {
              "KubernetesCluster": "kubernetes.dusanstojnic.com",
              "Name": "kubernetes.dusanstojnic.com",
              "kubernetes.io/cluster/kubernetes.dusanstojnic.com": "owned"
            },
            "tags_all": {
              "KubernetesCluster": "kubernetes.dusanstojnic.com",
              "Name": "kubernetes.dusanstojnic.com",
              "kubernetes.io/cluster/kubernetes.dusanstojnic.com": "owned"
            }
          },
          "sensitive_attributes": [],
          "private": "bnVsbA=="
        }
      ]
    },
    {
      "mode": "managed",
      "type": "aws_vpc_dhcp_options_association",
      "name": "kubernetes-dusanstojnic-com",
      "provider": "provider[\"registry.terraform.io/hashicorp/aws\"]",
      "instances": [
        {
          "schema_version": 0,
          "attributes": {
            "dhcp_options_id": "dopt-062fa35c6da943583",
            "id": "dopt-062fa35c6da943583-vpc-08e523136a07399e1",
            "vpc_id": "vpc-08e523136a07399e1"
          },
          "sensitive_attributes": [],
          "private": "bnVsbA==",
          "dependencies": [
            "aws_vpc.kubernetes-dusanstojnic-com",
            "aws_vpc_dhcp_options.kubernetes-dusanstojnic-com"
          ]
        }
      ]
    }
  ]
}
